// !$*UTF8*$!
{
	archiveVersion = 1;
	classes = {
	};
	objectVersion = 50;
	objects = {

/* Begin PBXBuildFile section */
		3E6C3786983A85000A39A1E0 /* Pods_MusicshotApp.framework in Frameworks */ = {isa = PBXBuildFile; fileRef = E45F86A6A408717E86AD9D90 /* Pods_MusicshotApp.framework */; };
		3EA6825EE1991DE9BED72FCE /* Pods_Musicshot_MusicshotUtility.framework in Frameworks */ = {isa = PBXBuildFile; fileRef = EAFEDE891F6DA53FF776ED14 /* Pods_Musicshot_MusicshotUtility.framework */; };
		8C066693C86DFCAC8106501C /* Pods_MusicshotCore.framework in Frameworks */ = {isa = PBXBuildFile; fileRef = C0D64BF149B30BC50E20046C /* Pods_MusicshotCore.framework */; };
		D901FE3020A0A86300A1AE6F /* Timeline+Realm.swift in Sources */ = {isa = PBXBuildFile; fileRef = D901FE2F20A0A86300A1AE6F /* Timeline+Realm.swift */; };
		D9103696208CB5EB00760CE4 /* GoogleService-Info.plist in Resources */ = {isa = PBXBuildFile; fileRef = D9103695208CB5D700760CE4 /* GoogleService-Info.plist */; };
		D9103699208CE68600760CE4 /* Logger.swift in Sources */ = {isa = PBXBuildFile; fileRef = D9103698208CE68600760CE4 /* Logger.swift */; };
		D97CCFDB208D69C90064776A /* Tagged.swift in Sources */ = {isa = PBXBuildFile; fileRef = D97CCFDA208D69C80064776A /* Tagged.swift */; };
		D97CCFDF208F6AF60064776A /* Constraint.framework in Frameworks */ = {isa = PBXBuildFile; fileRef = D97CCFDE208F6ABC0064776A /* Constraint.framework */; };
		D97CCFE0208F6AF60064776A /* Constraint.framework in Embed Frameworks */ = {isa = PBXBuildFile; fileRef = D97CCFDE208F6ABC0064776A /* Constraint.framework */; settings = {ATTRIBUTES = (CodeSignOnCopy, RemoveHeadersOnCopy, ); }; };
		D97CCFE22090CC870064776A /* RankingViewController.swift in Sources */ = {isa = PBXBuildFile; fileRef = D97CCFE12090CC870064776A /* RankingViewController.swift */; };
		D97CCFE52090D7E70064776A /* ListRankingRss.swift in Sources */ = {isa = PBXBuildFile; fileRef = D97CCFE42090D7E70064776A /* ListRankingRss.swift */; };
		D986C9C5208CAB0B0039A7F8 /* Assets.xcassets in Resources */ = {isa = PBXBuildFile; fileRef = D986C9C4208CAB0B0039A7F8 /* Assets.xcassets */; };
		D986C9D6208CAB300039A7F8 /* MusicshotCore.h in Headers */ = {isa = PBXBuildFile; fileRef = D986C9D4208CAB300039A7F8 /* MusicshotCore.h */; settings = {ATTRIBUTES = (Public, ); }; };
		D986C9E3208CAB410039A7F8 /* MusicshotPlayer.h in Headers */ = {isa = PBXBuildFile; fileRef = D986C9E1208CAB410039A7F8 /* MusicshotPlayer.h */; settings = {ATTRIBUTES = (Public, ); }; };
		D986C9F0208CAB510039A7F8 /* MusicshotUI.h in Headers */ = {isa = PBXBuildFile; fileRef = D986C9EE208CAB510039A7F8 /* MusicshotUI.h */; settings = {ATTRIBUTES = (Public, ); }; };
		D986C9FD208CAB600039A7F8 /* MusicshotUtility.h in Headers */ = {isa = PBXBuildFile; fileRef = D986C9FB208CAB600039A7F8 /* MusicshotUtility.h */; settings = {ATTRIBUTES = (Public, ); }; };
		D986CA18208CAC1A0039A7F8 /* UIKit+Realm.swift in Sources */ = {isa = PBXBuildFile; fileRef = D986CA03208CAC1A0039A7F8 /* UIKit+Realm.swift */; };
		D986CA19208CAC1A0039A7F8 /* Routers.swift in Sources */ = {isa = PBXBuildFile; fileRef = D986CA05208CAC1A0039A7F8 /* Routers.swift */; };
		D986CA1A208CAC1A0039A7F8 /* AppDelegate.swift in Sources */ = {isa = PBXBuildFile; fileRef = D986CA06208CAC1A0039A7F8 /* AppDelegate.swift */; };
		D986CA1B208CAC1A0039A7F8 /* RankingGenresViewController.swift in Sources */ = {isa = PBXBuildFile; fileRef = D986CA09208CAC1A0039A7F8 /* RankingGenresViewController.swift */; };
		D986CA1C208CAC1A0039A7F8 /* HistoryViewController.swift in Sources */ = {isa = PBXBuildFile; fileRef = D986CA0B208CAC1A0039A7F8 /* HistoryViewController.swift */; };
		D986CA1D208CAC1A0039A7F8 /* StorefrontSelectViewController.swift in Sources */ = {isa = PBXBuildFile; fileRef = D986CA0D208CAC1A0039A7F8 /* StorefrontSelectViewController.swift */; };
		D986CA1E208CAC1A0039A7F8 /* ChartsViewController.swift in Sources */ = {isa = PBXBuildFile; fileRef = D986CA0F208CAC1A0039A7F8 /* ChartsViewController.swift */; };
		D986CA1F208CAC1A0039A7F8 /* SearchViewController.swift in Sources */ = {isa = PBXBuildFile; fileRef = D986CA11208CAC1A0039A7F8 /* SearchViewController.swift */; };
		D986CA20208CAC1A0039A7F8 /* MainViewController.swift in Sources */ = {isa = PBXBuildFile; fileRef = D986CA13208CAC1A0039A7F8 /* MainViewController.swift */; };
		D986CA21208CAC1A0039A7F8 /* LoginViewController.swift in Sources */ = {isa = PBXBuildFile; fileRef = D986CA15208CAC1A0039A7F8 /* LoginViewController.swift */; };
		D986CA22208CAC1A0039A7F8 /* SimpleListViewController.swift in Sources */ = {isa = PBXBuildFile; fileRef = D986CA17208CAC1A0039A7F8 /* SimpleListViewController.swift */; };
		D986CA8F208CAC900039A7F8 /* Repository+Charts.swift in Sources */ = {isa = PBXBuildFile; fileRef = D986CA6A208CAC900039A7F8 /* Repository+Charts.swift */; };
		D986CA90208CAC900039A7F8 /* Repository+Search.swift in Sources */ = {isa = PBXBuildFile; fileRef = D986CA6B208CAC900039A7F8 /* Repository+Search.swift */; };
		D986CA91208CAC900039A7F8 /* Repository.swift in Sources */ = {isa = PBXBuildFile; fileRef = D986CA6C208CAC900039A7F8 /* Repository.swift */; };
		D986CA92208CAC900039A7F8 /* Repository+Preview.swift in Sources */ = {isa = PBXBuildFile; fileRef = D986CA6D208CAC900039A7F8 /* Repository+Preview.swift */; };
		D986CA93208CAC900039A7F8 /* Repository+Storefront.swift in Sources */ = {isa = PBXBuildFile; fileRef = D986CA6E208CAC900039A7F8 /* Repository+Storefront.swift */; };
		D986CA94208CAC900039A7F8 /* Repository+History.swift in Sources */ = {isa = PBXBuildFile; fileRef = D986CA6F208CAC900039A7F8 /* Repository+History.swift */; };
		D986CA95208CAC900039A7F8 /* OAuth+GitHub.swift in Sources */ = {isa = PBXBuildFile; fileRef = D986CA71208CAC900039A7F8 /* OAuth+GitHub.swift */; };
		D986CA96208CAC900039A7F8 /* OAuth.swift in Sources */ = {isa = PBXBuildFile; fileRef = D986CA72208CAC900039A7F8 /* OAuth.swift */; };
		D986CA97208CAC900039A7F8 /* Entity+Artist.swift in Sources */ = {isa = PBXBuildFile; fileRef = D986CA74208CAC900039A7F8 /* Entity+Artist.swift */; };
		D986CA98208CAC900039A7F8 /* Entity+Ranking.swift in Sources */ = {isa = PBXBuildFile; fileRef = D986CA75208CAC900039A7F8 /* Entity+Ranking.swift */; };
		D986CA99208CAC900039A7F8 /* Entity.swift in Sources */ = {isa = PBXBuildFile; fileRef = D986CA76208CAC900039A7F8 /* Entity.swift */; };
		D986CA9A208CAC900039A7F8 /* Entity+History.swift in Sources */ = {isa = PBXBuildFile; fileRef = D986CA77208CAC900039A7F8 /* Entity+History.swift */; };
		D986CA9B208CAC900039A7F8 /* Entity+Song.swift in Sources */ = {isa = PBXBuildFile; fileRef = D986CA78208CAC900039A7F8 /* Entity+Song.swift */; };
		D986CA9C208CAC900039A7F8 /* Entity+Album.swift in Sources */ = {isa = PBXBuildFile; fileRef = D986CA79208CAC900039A7F8 /* Entity+Album.swift */; };
		D986CA9D208CAC900039A7F8 /* Entity+MusicVideo.swift in Sources */ = {isa = PBXBuildFile; fileRef = D986CA7A208CAC900039A7F8 /* Entity+MusicVideo.swift */; };
		D986CA9E208CAC900039A7F8 /* Entity+Storefront.swift in Sources */ = {isa = PBXBuildFile; fileRef = D986CA7B208CAC900039A7F8 /* Entity+Storefront.swift */; };
		D986CA9F208CAC900039A7F8 /* Entity+Genre.swift in Sources */ = {isa = PBXBuildFile; fileRef = D986CA7C208CAC900039A7F8 /* Entity+Genre.swift */; };
		D986CAA0208CAC900039A7F8 /* MusicshotCore.swift in Sources */ = {isa = PBXBuildFile; fileRef = D986CA7D208CAC900039A7F8 /* MusicshotCore.swift */; };
		D986CAA1208CAC900039A7F8 /* AppleMusicKit.swift in Sources */ = {isa = PBXBuildFile; fileRef = D986CA7F208CAC900039A7F8 /* AppleMusicKit.swift */; };
		D986CAA2208CAC900039A7F8 /* Session.swift in Sources */ = {isa = PBXBuildFile; fileRef = D986CA80208CAC900039A7F8 /* Session.swift */; };
		D986CAA3208CAC900039A7F8 /* GetPreviewURL.swift in Sources */ = {isa = PBXBuildFile; fileRef = D986CA82208CAC900039A7F8 /* GetPreviewURL.swift */; };
		D986CAA4208CAC900039A7F8 /* ListRankingGenres.swift in Sources */ = {isa = PBXBuildFile; fileRef = D986CA83208CAC900039A7F8 /* ListRankingGenres.swift */; };
		D986CAA5208CAC900039A7F8 /* String.swift in Sources */ = {isa = PBXBuildFile; fileRef = D986CA85208CAC900039A7F8 /* String.swift */; };
		D986CAA6208CAC900039A7F8 /* ReactiveX.swift in Sources */ = {isa = PBXBuildFile; fileRef = D986CA86208CAC900039A7F8 /* ReactiveX.swift */; };
		D986CAA7208CAC900039A7F8 /* Coeffects.swift in Sources */ = {isa = PBXBuildFile; fileRef = D986CA87208CAC900039A7F8 /* Coeffects.swift */; };
		D986CAA8208CAC900039A7F8 /* Resource+Ranking.swift in Sources */ = {isa = PBXBuildFile; fileRef = D986CA89208CAC900039A7F8 /* Resource+Ranking.swift */; };
		D986CAA9208CAC900039A7F8 /* Resource.swift in Sources */ = {isa = PBXBuildFile; fileRef = D986CA8A208CAC900039A7F8 /* Resource.swift */; };
		D986CAAA208CAC900039A7F8 /* Resource+Search.swift in Sources */ = {isa = PBXBuildFile; fileRef = D986CA8B208CAC900039A7F8 /* Resource+Search.swift */; };
		D986CAAB208CAC900039A7F8 /* Resource+Charts.swift in Sources */ = {isa = PBXBuildFile; fileRef = D986CA8C208CAC900039A7F8 /* Resource+Charts.swift */; };
		D986CAAC208CAC900039A7F8 /* Player.swift in Sources */ = {isa = PBXBuildFile; fileRef = D986CA8E208CAC900039A7F8 /* Player.swift */; };
		D986CAB9208CACA80039A7F8 /* DisposeBag.swift in Sources */ = {isa = PBXBuildFile; fileRef = D986CAB6208CACA80039A7F8 /* DisposeBag.swift */; };
		D986CABA208CACA80039A7F8 /* RxQueue.swift in Sources */ = {isa = PBXBuildFile; fileRef = D986CAB7208CACA80039A7F8 /* RxQueue.swift */; };
		D986CABB208CACA80039A7F8 /* ReactiveX.swift in Sources */ = {isa = PBXBuildFile; fileRef = D986CAB8208CACA80039A7F8 /* ReactiveX.swift */; };
		D986CABF208CAD6E0039A7F8 /* Player.swift in Sources */ = {isa = PBXBuildFile; fileRef = D986CABE208CAD6E0039A7F8 /* Player.swift */; };
		D986CADD208CAEDA0039A7F8 /* Alamofire.framework in Frameworks */ = {isa = PBXBuildFile; fileRef = D986CACD208CAEC40039A7F8 /* Alamofire.framework */; };
		D986CADE208CAEDA0039A7F8 /* Alamofire.framework in Embed Frameworks */ = {isa = PBXBuildFile; fileRef = D986CACD208CAEC40039A7F8 /* Alamofire.framework */; settings = {ATTRIBUTES = (CodeSignOnCopy, RemoveHeadersOnCopy, ); }; };
		D986CADF208CAEDA0039A7F8 /* APIKit.framework in Frameworks */ = {isa = PBXBuildFile; fileRef = D986CAD5208CAEC50039A7F8 /* APIKit.framework */; };
		D986CAE0208CAEDA0039A7F8 /* APIKit.framework in Embed Frameworks */ = {isa = PBXBuildFile; fileRef = D986CAD5208CAEC50039A7F8 /* APIKit.framework */; settings = {ATTRIBUTES = (CodeSignOnCopy, RemoveHeadersOnCopy, ); }; };
		D986CAE1208CAEDA0039A7F8 /* AppleMusicKit.framework in Frameworks */ = {isa = PBXBuildFile; fileRef = D986CADC208CAEC60039A7F8 /* AppleMusicKit.framework */; };
		D986CAE2208CAEDA0039A7F8 /* AppleMusicKit.framework in Embed Frameworks */ = {isa = PBXBuildFile; fileRef = D986CADC208CAEC60039A7F8 /* AppleMusicKit.framework */; settings = {ATTRIBUTES = (CodeSignOnCopy, RemoveHeadersOnCopy, ); }; };
		D986CAE5208CAEDA0039A7F8 /* Compass.framework in Frameworks */ = {isa = PBXBuildFile; fileRef = D986CACE208CAEC50039A7F8 /* Compass.framework */; };
		D986CAE6208CAEDA0039A7F8 /* Compass.framework in Embed Frameworks */ = {isa = PBXBuildFile; fileRef = D986CACE208CAEC50039A7F8 /* Compass.framework */; settings = {ATTRIBUTES = (CodeSignOnCopy, RemoveHeadersOnCopy, ); }; };
		D986CAE7208CAEDA0039A7F8 /* DeepLinkKit.framework in Frameworks */ = {isa = PBXBuildFile; fileRef = D986CAD1208CAEC50039A7F8 /* DeepLinkKit.framework */; };
		D986CAE8208CAEDA0039A7F8 /* DeepLinkKit.framework in Embed Frameworks */ = {isa = PBXBuildFile; fileRef = D986CAD1208CAEC50039A7F8 /* DeepLinkKit.framework */; settings = {ATTRIBUTES = (CodeSignOnCopy, RemoveHeadersOnCopy, ); }; };
		D986CAE9208CAEDA0039A7F8 /* FontAwesome.framework in Frameworks */ = {isa = PBXBuildFile; fileRef = D986CAD6208CAEC60039A7F8 /* FontAwesome.framework */; };
		D986CAEA208CAEDA0039A7F8 /* FontAwesome.framework in Embed Frameworks */ = {isa = PBXBuildFile; fileRef = D986CAD6208CAEC60039A7F8 /* FontAwesome.framework */; settings = {ATTRIBUTES = (CodeSignOnCopy, RemoveHeadersOnCopy, ); }; };
		D986CAEB208CAEDA0039A7F8 /* FoundationSupport.framework in Frameworks */ = {isa = PBXBuildFile; fileRef = D986CADA208CAEC60039A7F8 /* FoundationSupport.framework */; };
		D986CAEC208CAEDA0039A7F8 /* FoundationSupport.framework in Embed Frameworks */ = {isa = PBXBuildFile; fileRef = D986CADA208CAEC60039A7F8 /* FoundationSupport.framework */; settings = {ATTRIBUTES = (CodeSignOnCopy, RemoveHeadersOnCopy, ); }; };
		D986CAED208CAEDA0039A7F8 /* Nuke.framework in Frameworks */ = {isa = PBXBuildFile; fileRef = D986CAD2208CAEC50039A7F8 /* Nuke.framework */; };
		D986CAEE208CAEDA0039A7F8 /* Nuke.framework in Embed Frameworks */ = {isa = PBXBuildFile; fileRef = D986CAD2208CAEC50039A7F8 /* Nuke.framework */; settings = {ATTRIBUTES = (CodeSignOnCopy, RemoveHeadersOnCopy, ); }; };
		D986CAEF208CAEDA0039A7F8 /* Realm.framework in Frameworks */ = {isa = PBXBuildFile; fileRef = D986CACF208CAEC50039A7F8 /* Realm.framework */; };
		D986CAF0208CAEDA0039A7F8 /* Realm.framework in Embed Frameworks */ = {isa = PBXBuildFile; fileRef = D986CACF208CAEC50039A7F8 /* Realm.framework */; settings = {ATTRIBUTES = (CodeSignOnCopy, RemoveHeadersOnCopy, ); }; };
		D986CAF1208CAEDA0039A7F8 /* RealmSwift.framework in Frameworks */ = {isa = PBXBuildFile; fileRef = D986CAD4208CAEC50039A7F8 /* RealmSwift.framework */; };
		D986CAF2208CAEDA0039A7F8 /* RealmSwift.framework in Embed Frameworks */ = {isa = PBXBuildFile; fileRef = D986CAD4208CAEC50039A7F8 /* RealmSwift.framework */; settings = {ATTRIBUTES = (CodeSignOnCopy, RemoveHeadersOnCopy, ); }; };
		D986CAF3208CAEDA0039A7F8 /* Result.framework in Frameworks */ = {isa = PBXBuildFile; fileRef = D986CAD8208CAEC60039A7F8 /* Result.framework */; };
		D986CAF4208CAEDA0039A7F8 /* Result.framework in Embed Frameworks */ = {isa = PBXBuildFile; fileRef = D986CAD8208CAEC60039A7F8 /* Result.framework */; settings = {ATTRIBUTES = (CodeSignOnCopy, RemoveHeadersOnCopy, ); }; };
		D986CAF5208CAEDA0039A7F8 /* RxCocoa.framework in Frameworks */ = {isa = PBXBuildFile; fileRef = D986CAD0208CAEC50039A7F8 /* RxCocoa.framework */; };
		D986CAF6208CAEDA0039A7F8 /* RxCocoa.framework in Embed Frameworks */ = {isa = PBXBuildFile; fileRef = D986CAD0208CAEC50039A7F8 /* RxCocoa.framework */; settings = {ATTRIBUTES = (CodeSignOnCopy, RemoveHeadersOnCopy, ); }; };
		D986CAF7208CAEDA0039A7F8 /* RxSwift.framework in Frameworks */ = {isa = PBXBuildFile; fileRef = D986CAD9208CAEC60039A7F8 /* RxSwift.framework */; };
		D986CAF8208CAEDA0039A7F8 /* RxSwift.framework in Embed Frameworks */ = {isa = PBXBuildFile; fileRef = D986CAD9208CAEC60039A7F8 /* RxSwift.framework */; settings = {ATTRIBUTES = (CodeSignOnCopy, RemoveHeadersOnCopy, ); }; };
		D986CAF9208CAEDA0039A7F8 /* SwiftDate.framework in Frameworks */ = {isa = PBXBuildFile; fileRef = D986CAD3208CAEC50039A7F8 /* SwiftDate.framework */; };
		D986CAFA208CAEDA0039A7F8 /* SwiftDate.framework in Embed Frameworks */ = {isa = PBXBuildFile; fileRef = D986CAD3208CAEC50039A7F8 /* SwiftDate.framework */; settings = {ATTRIBUTES = (CodeSignOnCopy, RemoveHeadersOnCopy, ); }; };
		D986CAFB208CAEDA0039A7F8 /* UIKitSupport.framework in Frameworks */ = {isa = PBXBuildFile; fileRef = D986CADB208CAEC60039A7F8 /* UIKitSupport.framework */; };
		D986CAFC208CAEDA0039A7F8 /* UIKitSupport.framework in Embed Frameworks */ = {isa = PBXBuildFile; fileRef = D986CADB208CAEC60039A7F8 /* UIKitSupport.framework */; settings = {ATTRIBUTES = (CodeSignOnCopy, RemoveHeadersOnCopy, ); }; };
		D986CAFD208CAEDA0039A7F8 /* WindowKit.framework in Frameworks */ = {isa = PBXBuildFile; fileRef = D986CACC208CAEC40039A7F8 /* WindowKit.framework */; };
		D986CAFE208CAEDA0039A7F8 /* WindowKit.framework in Embed Frameworks */ = {isa = PBXBuildFile; fileRef = D986CACC208CAEC40039A7F8 /* WindowKit.framework */; settings = {ATTRIBUTES = (CodeSignOnCopy, RemoveHeadersOnCopy, ); }; };
		D986CB00208CAEEC0039A7F8 /* RxSwift.framework in Frameworks */ = {isa = PBXBuildFile; fileRef = D986CAD9208CAEC60039A7F8 /* RxSwift.framework */; };
		D986CB01208CAEFC0039A7F8 /* RxSwift.framework in Frameworks */ = {isa = PBXBuildFile; fileRef = D986CAD9208CAEC60039A7F8 /* RxSwift.framework */; };
		D986CB02208CAF2D0039A7F8 /* Alamofire.framework in Frameworks */ = {isa = PBXBuildFile; fileRef = D986CACD208CAEC40039A7F8 /* Alamofire.framework */; };
		D986CB03208CAF2D0039A7F8 /* APIKit.framework in Frameworks */ = {isa = PBXBuildFile; fileRef = D986CAD5208CAEC50039A7F8 /* APIKit.framework */; };
		D986CB04208CAF2D0039A7F8 /* AppleMusicKit.framework in Frameworks */ = {isa = PBXBuildFile; fileRef = D986CADC208CAEC60039A7F8 /* AppleMusicKit.framework */; };
		D986CB05208CAF2D0039A7F8 /* DeepLinkKit.framework in Frameworks */ = {isa = PBXBuildFile; fileRef = D986CAD1208CAEC50039A7F8 /* DeepLinkKit.framework */; };
		D986CB06208CAF2D0039A7F8 /* FoundationSupport.framework in Frameworks */ = {isa = PBXBuildFile; fileRef = D986CADA208CAEC60039A7F8 /* FoundationSupport.framework */; };
		D986CB07208CAF2D0039A7F8 /* Realm.framework in Frameworks */ = {isa = PBXBuildFile; fileRef = D986CACF208CAEC50039A7F8 /* Realm.framework */; };
		D986CB08208CAF2D0039A7F8 /* RealmSwift.framework in Frameworks */ = {isa = PBXBuildFile; fileRef = D986CAD4208CAEC50039A7F8 /* RealmSwift.framework */; };
		D986CB09208CAF2D0039A7F8 /* Result.framework in Frameworks */ = {isa = PBXBuildFile; fileRef = D986CAD8208CAEC60039A7F8 /* Result.framework */; };
		D986CB0A208CAF2D0039A7F8 /* RxSwift.framework in Frameworks */ = {isa = PBXBuildFile; fileRef = D986CAD9208CAEC60039A7F8 /* RxSwift.framework */; };
		D986CB0B208CB1540039A7F8 /* MusicshotCore.framework in Frameworks */ = {isa = PBXBuildFile; fileRef = D986C9D2208CAB300039A7F8 /* MusicshotCore.framework */; };
		D986CB0C208CB1540039A7F8 /* MusicshotCore.framework in Embed Frameworks */ = {isa = PBXBuildFile; fileRef = D986C9D2208CAB300039A7F8 /* MusicshotCore.framework */; settings = {ATTRIBUTES = (CodeSignOnCopy, RemoveHeadersOnCopy, ); }; };
		D986CB0D208CB1540039A7F8 /* MusicshotPlayer.framework in Frameworks */ = {isa = PBXBuildFile; fileRef = D986C9DF208CAB400039A7F8 /* MusicshotPlayer.framework */; };
		D986CB0E208CB1540039A7F8 /* MusicshotPlayer.framework in Embed Frameworks */ = {isa = PBXBuildFile; fileRef = D986C9DF208CAB400039A7F8 /* MusicshotPlayer.framework */; settings = {ATTRIBUTES = (CodeSignOnCopy, RemoveHeadersOnCopy, ); }; };
		D986CB11208CB1540039A7F8 /* MusicshotUI.framework in Frameworks */ = {isa = PBXBuildFile; fileRef = D986C9EC208CAB510039A7F8 /* MusicshotUI.framework */; };
		D986CB12208CB1540039A7F8 /* MusicshotUI.framework in Embed Frameworks */ = {isa = PBXBuildFile; fileRef = D986C9EC208CAB510039A7F8 /* MusicshotUI.framework */; settings = {ATTRIBUTES = (CodeSignOnCopy, RemoveHeadersOnCopy, ); }; };
		D986CB13208CB1540039A7F8 /* MusicshotUtility.framework in Frameworks */ = {isa = PBXBuildFile; fileRef = D986C9F9208CAB600039A7F8 /* MusicshotUtility.framework */; };
		D986CB14208CB1540039A7F8 /* MusicshotUtility.framework in Embed Frameworks */ = {isa = PBXBuildFile; fileRef = D986C9F9208CAB600039A7F8 /* MusicshotUtility.framework */; settings = {ATTRIBUTES = (CodeSignOnCopy, RemoveHeadersOnCopy, ); }; };
		D9FA56AE2098B2BB0086010A /* Timeline.swift in Sources */ = {isa = PBXBuildFile; fileRef = D9FA56AD2098B2BB0086010A /* Timeline.swift */; };
/* End PBXBuildFile section */

/* Begin PBXContainerItemProxy section */
		D986CAC0208CAE3A0039A7F8 /* PBXContainerItemProxy */ = {
			isa = PBXContainerItemProxy;
			containerPortal = D986C99A208CAAF70039A7F8 /* Project object */;
			proxyType = 1;
			remoteGlobalIDString = D986C9D1208CAB300039A7F8;
			remoteInfo = MusicshotCore;
		};
		D986CAC2208CAE3D0039A7F8 /* PBXContainerItemProxy */ = {
			isa = PBXContainerItemProxy;
			containerPortal = D986C99A208CAAF70039A7F8 /* Project object */;
			proxyType = 1;
			remoteGlobalIDString = D986C9EB208CAB510039A7F8;
			remoteInfo = MusicshotUI;
		};
		D986CAC4208CAE400039A7F8 /* PBXContainerItemProxy */ = {
			isa = PBXContainerItemProxy;
			containerPortal = D986C99A208CAAF70039A7F8 /* Project object */;
			proxyType = 1;
			remoteGlobalIDString = D986C9F8208CAB600039A7F8;
			remoteInfo = MusicshotUtility;
		};
		D986CAC6208CAE460039A7F8 /* PBXContainerItemProxy */ = {
			isa = PBXContainerItemProxy;
			containerPortal = D986C99A208CAAF70039A7F8 /* Project object */;
			proxyType = 1;
			remoteGlobalIDString = D986C9DE208CAB400039A7F8;
			remoteInfo = MusicshotPlayer;
		};
		D986CAC8208CAE480039A7F8 /* PBXContainerItemProxy */ = {
			isa = PBXContainerItemProxy;
			containerPortal = D986C99A208CAAF70039A7F8 /* Project object */;
			proxyType = 1;
			remoteGlobalIDString = D986C9F8208CAB600039A7F8;
			remoteInfo = MusicshotUtility;
		};
		D986CACA208CAE4F0039A7F8 /* PBXContainerItemProxy */ = {
			isa = PBXContainerItemProxy;
			containerPortal = D986C99A208CAAF70039A7F8 /* Project object */;
			proxyType = 1;
			remoteGlobalIDString = D986C9F8208CAB600039A7F8;
			remoteInfo = MusicshotUtility;
		};
		D986CB0F208CB1540039A7F8 /* PBXContainerItemProxy */ = {
			isa = PBXContainerItemProxy;
			containerPortal = D986C99A208CAAF70039A7F8 /* Project object */;
			proxyType = 1;
			remoteGlobalIDString = D986C9DE208CAB400039A7F8;
			remoteInfo = MusicshotPlayer;
		};
/* End PBXContainerItemProxy section */

/* Begin PBXCopyFilesBuildPhase section */
		D986CAFF208CAEDB0039A7F8 /* Embed Frameworks */ = {
			isa = PBXCopyFilesBuildPhase;
			buildActionMask = 2147483647;
			dstPath = "";
			dstSubfolderSpec = 10;
			files = (
				D986CAEE208CAEDA0039A7F8 /* Nuke.framework in Embed Frameworks */,
				D986CAFE208CAEDA0039A7F8 /* WindowKit.framework in Embed Frameworks */,
				D986CAFA208CAEDA0039A7F8 /* SwiftDate.framework in Embed Frameworks */,
				D986CB14208CB1540039A7F8 /* MusicshotUtility.framework in Embed Frameworks */,
				D97CCFE0208F6AF60064776A /* Constraint.framework in Embed Frameworks */,
				D986CAE2208CAEDA0039A7F8 /* AppleMusicKit.framework in Embed Frameworks */,
				D986CAF8208CAEDA0039A7F8 /* RxSwift.framework in Embed Frameworks */,
				D986CAF6208CAEDA0039A7F8 /* RxCocoa.framework in Embed Frameworks */,
				D986CB12208CB1540039A7F8 /* MusicshotUI.framework in Embed Frameworks */,
				D986CAFC208CAEDA0039A7F8 /* UIKitSupport.framework in Embed Frameworks */,
				D986CAE0208CAEDA0039A7F8 /* APIKit.framework in Embed Frameworks */,
				D986CAF4208CAEDA0039A7F8 /* Result.framework in Embed Frameworks */,
				D986CB0C208CB1540039A7F8 /* MusicshotCore.framework in Embed Frameworks */,
				D986CAEA208CAEDA0039A7F8 /* FontAwesome.framework in Embed Frameworks */,
				D986CAF0208CAEDA0039A7F8 /* Realm.framework in Embed Frameworks */,
				D986CAEC208CAEDA0039A7F8 /* FoundationSupport.framework in Embed Frameworks */,
				D986CB0E208CB1540039A7F8 /* MusicshotPlayer.framework in Embed Frameworks */,
				D986CAF2208CAEDA0039A7F8 /* RealmSwift.framework in Embed Frameworks */,
				D986CADE208CAEDA0039A7F8 /* Alamofire.framework in Embed Frameworks */,
				D986CAE6208CAEDA0039A7F8 /* Compass.framework in Embed Frameworks */,
				D986CAE8208CAEDA0039A7F8 /* DeepLinkKit.framework in Embed Frameworks */,
			);
			name = "Embed Frameworks";
			runOnlyForDeploymentPostprocessing = 0;
		};
/* End PBXCopyFilesBuildPhase section */

/* Begin PBXFileReference section */
		0CA5745CB38E93FE00625711 /* Pods-Musicshot-MusicshotUtility.debug.xcconfig */ = {isa = PBXFileReference; includeInIndex = 1; lastKnownFileType = text.xcconfig; name = "Pods-Musicshot-MusicshotUtility.debug.xcconfig"; path = "Pods/Target Support Files/Pods-Musicshot-MusicshotUtility/Pods-Musicshot-MusicshotUtility.debug.xcconfig"; sourceTree = "<group>"; };
		405C2A6CCF0753E99E87C87F /* Pods-MusicshotCore.release.xcconfig */ = {isa = PBXFileReference; includeInIndex = 1; lastKnownFileType = text.xcconfig; name = "Pods-MusicshotCore.release.xcconfig"; path = "Pods/Target Support Files/Pods-MusicshotCore/Pods-MusicshotCore.release.xcconfig"; sourceTree = "<group>"; };
		6F58B092F81E851069D8DC67 /* Pods-MusicshotApp.release.xcconfig */ = {isa = PBXFileReference; includeInIndex = 1; lastKnownFileType = text.xcconfig; name = "Pods-MusicshotApp.release.xcconfig"; path = "Pods/Target Support Files/Pods-MusicshotApp/Pods-MusicshotApp.release.xcconfig"; sourceTree = "<group>"; };
		8CA133BD68EFC067B1C3350F /* Pods-MusicshotApp.debug.xcconfig */ = {isa = PBXFileReference; includeInIndex = 1; lastKnownFileType = text.xcconfig; name = "Pods-MusicshotApp.debug.xcconfig"; path = "Pods/Target Support Files/Pods-MusicshotApp/Pods-MusicshotApp.debug.xcconfig"; sourceTree = "<group>"; };
		982FA390633A859C50A514A9 /* Pods-MusicshotCore.debug.xcconfig */ = {isa = PBXFileReference; includeInIndex = 1; lastKnownFileType = text.xcconfig; name = "Pods-MusicshotCore.debug.xcconfig"; path = "Pods/Target Support Files/Pods-MusicshotCore/Pods-MusicshotCore.debug.xcconfig"; sourceTree = "<group>"; };
		BB54AA6D89E407E1CC7A4EA2 /* Pods-Musicshot-MusicshotUtility.release.xcconfig */ = {isa = PBXFileReference; includeInIndex = 1; lastKnownFileType = text.xcconfig; name = "Pods-Musicshot-MusicshotUtility.release.xcconfig"; path = "Pods/Target Support Files/Pods-Musicshot-MusicshotUtility/Pods-Musicshot-MusicshotUtility.release.xcconfig"; sourceTree = "<group>"; };
		C0D64BF149B30BC50E20046C /* Pods_MusicshotCore.framework */ = {isa = PBXFileReference; explicitFileType = wrapper.framework; includeInIndex = 0; path = Pods_MusicshotCore.framework; sourceTree = BUILT_PRODUCTS_DIR; };
		D901FE2F20A0A86300A1AE6F /* Timeline+Realm.swift */ = {isa = PBXFileReference; lastKnownFileType = sourcecode.swift; path = "Timeline+Realm.swift"; sourceTree = "<group>"; };
		D901FE3220A1CBB400A1AE6F /* Storybook.playground */ = {isa = PBXFileReference; lastKnownFileType = file.playground; path = Storybook.playground; sourceTree = "<group>"; xcLanguageSpecificationIdentifier = xcode.lang.swift; };
		D9103695208CB5D700760CE4 /* GoogleService-Info.plist */ = {isa = PBXFileReference; lastKnownFileType = text.plist.xml; path = "GoogleService-Info.plist"; sourceTree = "<group>"; };
		D9103698208CE68600760CE4 /* Logger.swift */ = {isa = PBXFileReference; lastKnownFileType = sourcecode.swift; path = Logger.swift; sourceTree = "<group>"; };
		D97CCFDA208D69C80064776A /* Tagged.swift */ = {isa = PBXFileReference; fileEncoding = 4; lastKnownFileType = sourcecode.swift; path = Tagged.swift; sourceTree = "<group>"; };
		D97CCFDE208F6ABC0064776A /* Constraint.framework */ = {isa = PBXFileReference; lastKnownFileType = wrapper.framework; name = Constraint.framework; path = Carthage/Build/iOS/Constraint.framework; sourceTree = "<group>"; };
		D97CCFE12090CC870064776A /* RankingViewController.swift */ = {isa = PBXFileReference; lastKnownFileType = sourcecode.swift; path = RankingViewController.swift; sourceTree = "<group>"; };
		D97CCFE42090D7E70064776A /* ListRankingRss.swift */ = {isa = PBXFileReference; lastKnownFileType = sourcecode.swift; path = ListRankingRss.swift; sourceTree = "<group>"; };
		D986C9BB208CAB0A0039A7F8 /* MusicshotApp.app */ = {isa = PBXFileReference; explicitFileType = wrapper.application; includeInIndex = 0; path = MusicshotApp.app; sourceTree = BUILT_PRODUCTS_DIR; };
		D986C9C4208CAB0B0039A7F8 /* Assets.xcassets */ = {isa = PBXFileReference; lastKnownFileType = folder.assetcatalog; path = Assets.xcassets; sourceTree = "<group>"; };
		D986C9C9208CAB0B0039A7F8 /* Info.plist */ = {isa = PBXFileReference; lastKnownFileType = text.plist.xml; path = Info.plist; sourceTree = "<group>"; };
		D986C9D2208CAB300039A7F8 /* MusicshotCore.framework */ = {isa = PBXFileReference; explicitFileType = wrapper.framework; includeInIndex = 0; path = MusicshotCore.framework; sourceTree = BUILT_PRODUCTS_DIR; };
		D986C9D4208CAB300039A7F8 /* MusicshotCore.h */ = {isa = PBXFileReference; lastKnownFileType = sourcecode.c.h; path = MusicshotCore.h; sourceTree = "<group>"; };
		D986C9D5208CAB300039A7F8 /* Info.plist */ = {isa = PBXFileReference; lastKnownFileType = text.plist.xml; path = Info.plist; sourceTree = "<group>"; };
		D986C9DF208CAB400039A7F8 /* MusicshotPlayer.framework */ = {isa = PBXFileReference; explicitFileType = wrapper.framework; includeInIndex = 0; path = MusicshotPlayer.framework; sourceTree = BUILT_PRODUCTS_DIR; };
		D986C9E1208CAB410039A7F8 /* MusicshotPlayer.h */ = {isa = PBXFileReference; lastKnownFileType = sourcecode.c.h; path = MusicshotPlayer.h; sourceTree = "<group>"; };
		D986C9E2208CAB410039A7F8 /* Info.plist */ = {isa = PBXFileReference; lastKnownFileType = text.plist.xml; path = Info.plist; sourceTree = "<group>"; };
		D986C9EC208CAB510039A7F8 /* MusicshotUI.framework */ = {isa = PBXFileReference; explicitFileType = wrapper.framework; includeInIndex = 0; path = MusicshotUI.framework; sourceTree = BUILT_PRODUCTS_DIR; };
		D986C9EE208CAB510039A7F8 /* MusicshotUI.h */ = {isa = PBXFileReference; lastKnownFileType = sourcecode.c.h; path = MusicshotUI.h; sourceTree = "<group>"; };
		D986C9EF208CAB510039A7F8 /* Info.plist */ = {isa = PBXFileReference; lastKnownFileType = text.plist.xml; path = Info.plist; sourceTree = "<group>"; };
		D986C9F9208CAB600039A7F8 /* MusicshotUtility.framework */ = {isa = PBXFileReference; explicitFileType = wrapper.framework; includeInIndex = 0; path = MusicshotUtility.framework; sourceTree = BUILT_PRODUCTS_DIR; };
		D986C9FB208CAB600039A7F8 /* MusicshotUtility.h */ = {isa = PBXFileReference; lastKnownFileType = sourcecode.c.h; path = MusicshotUtility.h; sourceTree = "<group>"; };
		D986C9FC208CAB600039A7F8 /* Info.plist */ = {isa = PBXFileReference; lastKnownFileType = text.plist.xml; path = Info.plist; sourceTree = "<group>"; };
		D986CA03208CAC1A0039A7F8 /* UIKit+Realm.swift */ = {isa = PBXFileReference; fileEncoding = 4; lastKnownFileType = sourcecode.swift; path = "UIKit+Realm.swift"; sourceTree = "<group>"; };
		D986CA05208CAC1A0039A7F8 /* Routers.swift */ = {isa = PBXFileReference; fileEncoding = 4; lastKnownFileType = sourcecode.swift; path = Routers.swift; sourceTree = "<group>"; };
		D986CA06208CAC1A0039A7F8 /* AppDelegate.swift */ = {isa = PBXFileReference; fileEncoding = 4; lastKnownFileType = sourcecode.swift; path = AppDelegate.swift; sourceTree = "<group>"; };
		D986CA09208CAC1A0039A7F8 /* RankingGenresViewController.swift */ = {isa = PBXFileReference; fileEncoding = 4; lastKnownFileType = sourcecode.swift; path = RankingGenresViewController.swift; sourceTree = "<group>"; };
		D986CA0B208CAC1A0039A7F8 /* HistoryViewController.swift */ = {isa = PBXFileReference; fileEncoding = 4; lastKnownFileType = sourcecode.swift; path = HistoryViewController.swift; sourceTree = "<group>"; };
		D986CA0D208CAC1A0039A7F8 /* StorefrontSelectViewController.swift */ = {isa = PBXFileReference; fileEncoding = 4; lastKnownFileType = sourcecode.swift; path = StorefrontSelectViewController.swift; sourceTree = "<group>"; };
		D986CA0F208CAC1A0039A7F8 /* ChartsViewController.swift */ = {isa = PBXFileReference; fileEncoding = 4; lastKnownFileType = sourcecode.swift; path = ChartsViewController.swift; sourceTree = "<group>"; };
		D986CA11208CAC1A0039A7F8 /* SearchViewController.swift */ = {isa = PBXFileReference; fileEncoding = 4; lastKnownFileType = sourcecode.swift; path = SearchViewController.swift; sourceTree = "<group>"; };
		D986CA13208CAC1A0039A7F8 /* MainViewController.swift */ = {isa = PBXFileReference; fileEncoding = 4; lastKnownFileType = sourcecode.swift; path = MainViewController.swift; sourceTree = "<group>"; };
		D986CA15208CAC1A0039A7F8 /* LoginViewController.swift */ = {isa = PBXFileReference; fileEncoding = 4; lastKnownFileType = sourcecode.swift; path = LoginViewController.swift; sourceTree = "<group>"; };
		D986CA17208CAC1A0039A7F8 /* SimpleListViewController.swift */ = {isa = PBXFileReference; fileEncoding = 4; lastKnownFileType = sourcecode.swift; path = SimpleListViewController.swift; sourceTree = "<group>"; };
		D986CA6A208CAC900039A7F8 /* Repository+Charts.swift */ = {isa = PBXFileReference; fileEncoding = 4; lastKnownFileType = sourcecode.swift; path = "Repository+Charts.swift"; sourceTree = "<group>"; };
		D986CA6B208CAC900039A7F8 /* Repository+Search.swift */ = {isa = PBXFileReference; fileEncoding = 4; lastKnownFileType = sourcecode.swift; path = "Repository+Search.swift"; sourceTree = "<group>"; };
		D986CA6C208CAC900039A7F8 /* Repository.swift */ = {isa = PBXFileReference; fileEncoding = 4; lastKnownFileType = sourcecode.swift; path = Repository.swift; sourceTree = "<group>"; };
		D986CA6D208CAC900039A7F8 /* Repository+Preview.swift */ = {isa = PBXFileReference; fileEncoding = 4; lastKnownFileType = sourcecode.swift; path = "Repository+Preview.swift"; sourceTree = "<group>"; };
		D986CA6E208CAC900039A7F8 /* Repository+Storefront.swift */ = {isa = PBXFileReference; fileEncoding = 4; lastKnownFileType = sourcecode.swift; path = "Repository+Storefront.swift"; sourceTree = "<group>"; };
		D986CA6F208CAC900039A7F8 /* Repository+History.swift */ = {isa = PBXFileReference; fileEncoding = 4; lastKnownFileType = sourcecode.swift; path = "Repository+History.swift"; sourceTree = "<group>"; };
		D986CA71208CAC900039A7F8 /* OAuth+GitHub.swift */ = {isa = PBXFileReference; fileEncoding = 4; lastKnownFileType = sourcecode.swift; path = "OAuth+GitHub.swift"; sourceTree = "<group>"; };
		D986CA72208CAC900039A7F8 /* OAuth.swift */ = {isa = PBXFileReference; fileEncoding = 4; lastKnownFileType = sourcecode.swift; path = OAuth.swift; sourceTree = "<group>"; };
		D986CA74208CAC900039A7F8 /* Entity+Artist.swift */ = {isa = PBXFileReference; fileEncoding = 4; lastKnownFileType = sourcecode.swift; path = "Entity+Artist.swift"; sourceTree = "<group>"; };
		D986CA75208CAC900039A7F8 /* Entity+Ranking.swift */ = {isa = PBXFileReference; fileEncoding = 4; lastKnownFileType = sourcecode.swift; path = "Entity+Ranking.swift"; sourceTree = "<group>"; };
		D986CA76208CAC900039A7F8 /* Entity.swift */ = {isa = PBXFileReference; fileEncoding = 4; lastKnownFileType = sourcecode.swift; path = Entity.swift; sourceTree = "<group>"; };
		D986CA77208CAC900039A7F8 /* Entity+History.swift */ = {isa = PBXFileReference; fileEncoding = 4; lastKnownFileType = sourcecode.swift; path = "Entity+History.swift"; sourceTree = "<group>"; };
		D986CA78208CAC900039A7F8 /* Entity+Song.swift */ = {isa = PBXFileReference; fileEncoding = 4; lastKnownFileType = sourcecode.swift; path = "Entity+Song.swift"; sourceTree = "<group>"; };
		D986CA79208CAC900039A7F8 /* Entity+Album.swift */ = {isa = PBXFileReference; fileEncoding = 4; lastKnownFileType = sourcecode.swift; path = "Entity+Album.swift"; sourceTree = "<group>"; };
		D986CA7A208CAC900039A7F8 /* Entity+MusicVideo.swift */ = {isa = PBXFileReference; fileEncoding = 4; lastKnownFileType = sourcecode.swift; path = "Entity+MusicVideo.swift"; sourceTree = "<group>"; };
		D986CA7B208CAC900039A7F8 /* Entity+Storefront.swift */ = {isa = PBXFileReference; fileEncoding = 4; lastKnownFileType = sourcecode.swift; path = "Entity+Storefront.swift"; sourceTree = "<group>"; };
		D986CA7C208CAC900039A7F8 /* Entity+Genre.swift */ = {isa = PBXFileReference; fileEncoding = 4; lastKnownFileType = sourcecode.swift; path = "Entity+Genre.swift"; sourceTree = "<group>"; };
		D986CA7D208CAC900039A7F8 /* MusicshotCore.swift */ = {isa = PBXFileReference; fileEncoding = 4; lastKnownFileType = sourcecode.swift; path = MusicshotCore.swift; sourceTree = "<group>"; };
		D986CA7F208CAC900039A7F8 /* AppleMusicKit.swift */ = {isa = PBXFileReference; fileEncoding = 4; lastKnownFileType = sourcecode.swift; path = AppleMusicKit.swift; sourceTree = "<group>"; };
		D986CA80208CAC900039A7F8 /* Session.swift */ = {isa = PBXFileReference; fileEncoding = 4; lastKnownFileType = sourcecode.swift; path = Session.swift; sourceTree = "<group>"; };
		D986CA82208CAC900039A7F8 /* GetPreviewURL.swift */ = {isa = PBXFileReference; fileEncoding = 4; lastKnownFileType = sourcecode.swift; path = GetPreviewURL.swift; sourceTree = "<group>"; };
		D986CA83208CAC900039A7F8 /* ListRankingGenres.swift */ = {isa = PBXFileReference; fileEncoding = 4; lastKnownFileType = sourcecode.swift; path = ListRankingGenres.swift; sourceTree = "<group>"; };
		D986CA85208CAC900039A7F8 /* String.swift */ = {isa = PBXFileReference; fileEncoding = 4; lastKnownFileType = sourcecode.swift; path = String.swift; sourceTree = "<group>"; };
		D986CA86208CAC900039A7F8 /* ReactiveX.swift */ = {isa = PBXFileReference; fileEncoding = 4; lastKnownFileType = sourcecode.swift; path = ReactiveX.swift; sourceTree = "<group>"; };
		D986CA87208CAC900039A7F8 /* Coeffects.swift */ = {isa = PBXFileReference; fileEncoding = 4; lastKnownFileType = sourcecode.swift; path = Coeffects.swift; sourceTree = "<group>"; };
		D986CA89208CAC900039A7F8 /* Resource+Ranking.swift */ = {isa = PBXFileReference; fileEncoding = 4; lastKnownFileType = sourcecode.swift; path = "Resource+Ranking.swift"; sourceTree = "<group>"; };
		D986CA8A208CAC900039A7F8 /* Resource.swift */ = {isa = PBXFileReference; fileEncoding = 4; lastKnownFileType = sourcecode.swift; path = Resource.swift; sourceTree = "<group>"; };
		D986CA8B208CAC900039A7F8 /* Resource+Search.swift */ = {isa = PBXFileReference; fileEncoding = 4; lastKnownFileType = sourcecode.swift; path = "Resource+Search.swift"; sourceTree = "<group>"; };
		D986CA8C208CAC900039A7F8 /* Resource+Charts.swift */ = {isa = PBXFileReference; fileEncoding = 4; lastKnownFileType = sourcecode.swift; path = "Resource+Charts.swift"; sourceTree = "<group>"; };
		D986CA8E208CAC900039A7F8 /* Player.swift */ = {isa = PBXFileReference; fileEncoding = 4; lastKnownFileType = sourcecode.swift; path = Player.swift; sourceTree = "<group>"; };
		D986CAB6208CACA80039A7F8 /* DisposeBag.swift */ = {isa = PBXFileReference; fileEncoding = 4; lastKnownFileType = sourcecode.swift; path = DisposeBag.swift; sourceTree = "<group>"; };
		D986CAB7208CACA80039A7F8 /* RxQueue.swift */ = {isa = PBXFileReference; fileEncoding = 4; lastKnownFileType = sourcecode.swift; path = RxQueue.swift; sourceTree = "<group>"; };
		D986CAB8208CACA80039A7F8 /* ReactiveX.swift */ = {isa = PBXFileReference; fileEncoding = 4; lastKnownFileType = sourcecode.swift; path = ReactiveX.swift; sourceTree = "<group>"; };
		D986CABE208CAD6E0039A7F8 /* Player.swift */ = {isa = PBXFileReference; fileEncoding = 4; lastKnownFileType = sourcecode.swift; path = Player.swift; sourceTree = "<group>"; };
		D986CACC208CAEC40039A7F8 /* WindowKit.framework */ = {isa = PBXFileReference; lastKnownFileType = wrapper.framework; name = WindowKit.framework; path = Carthage/Build/iOS/WindowKit.framework; sourceTree = "<group>"; };
		D986CACD208CAEC40039A7F8 /* Alamofire.framework */ = {isa = PBXFileReference; lastKnownFileType = wrapper.framework; name = Alamofire.framework; path = Carthage/Build/iOS/Alamofire.framework; sourceTree = "<group>"; };
		D986CACE208CAEC50039A7F8 /* Compass.framework */ = {isa = PBXFileReference; lastKnownFileType = wrapper.framework; name = Compass.framework; path = Carthage/Build/iOS/Compass.framework; sourceTree = "<group>"; };
		D986CACF208CAEC50039A7F8 /* Realm.framework */ = {isa = PBXFileReference; lastKnownFileType = wrapper.framework; name = Realm.framework; path = Carthage/Build/iOS/Realm.framework; sourceTree = "<group>"; };
		D986CAD0208CAEC50039A7F8 /* RxCocoa.framework */ = {isa = PBXFileReference; lastKnownFileType = wrapper.framework; name = RxCocoa.framework; path = Carthage/Build/iOS/RxCocoa.framework; sourceTree = "<group>"; };
		D986CAD1208CAEC50039A7F8 /* DeepLinkKit.framework */ = {isa = PBXFileReference; lastKnownFileType = wrapper.framework; name = DeepLinkKit.framework; path = Carthage/Build/iOS/DeepLinkKit.framework; sourceTree = "<group>"; };
		D986CAD2208CAEC50039A7F8 /* Nuke.framework */ = {isa = PBXFileReference; lastKnownFileType = wrapper.framework; name = Nuke.framework; path = Carthage/Build/iOS/Nuke.framework; sourceTree = "<group>"; };
		D986CAD3208CAEC50039A7F8 /* SwiftDate.framework */ = {isa = PBXFileReference; lastKnownFileType = wrapper.framework; name = SwiftDate.framework; path = Carthage/Build/iOS/SwiftDate.framework; sourceTree = "<group>"; };
		D986CAD4208CAEC50039A7F8 /* RealmSwift.framework */ = {isa = PBXFileReference; lastKnownFileType = wrapper.framework; name = RealmSwift.framework; path = Carthage/Build/iOS/RealmSwift.framework; sourceTree = "<group>"; };
		D986CAD5208CAEC50039A7F8 /* APIKit.framework */ = {isa = PBXFileReference; lastKnownFileType = wrapper.framework; name = APIKit.framework; path = Carthage/Build/iOS/APIKit.framework; sourceTree = "<group>"; };
		D986CAD6208CAEC60039A7F8 /* FontAwesome.framework */ = {isa = PBXFileReference; lastKnownFileType = wrapper.framework; name = FontAwesome.framework; path = Carthage/Build/iOS/FontAwesome.framework; sourceTree = "<group>"; };
		D986CAD8208CAEC60039A7F8 /* Result.framework */ = {isa = PBXFileReference; lastKnownFileType = wrapper.framework; name = Result.framework; path = Carthage/Build/iOS/Result.framework; sourceTree = "<group>"; };
		D986CAD9208CAEC60039A7F8 /* RxSwift.framework */ = {isa = PBXFileReference; lastKnownFileType = wrapper.framework; name = RxSwift.framework; path = Carthage/Build/iOS/RxSwift.framework; sourceTree = "<group>"; };
		D986CADA208CAEC60039A7F8 /* FoundationSupport.framework */ = {isa = PBXFileReference; lastKnownFileType = wrapper.framework; name = FoundationSupport.framework; path = Carthage/Build/iOS/FoundationSupport.framework; sourceTree = "<group>"; };
		D986CADB208CAEC60039A7F8 /* UIKitSupport.framework */ = {isa = PBXFileReference; lastKnownFileType = wrapper.framework; name = UIKitSupport.framework; path = Carthage/Build/iOS/UIKitSupport.framework; sourceTree = "<group>"; };
		D986CADC208CAEC60039A7F8 /* AppleMusicKit.framework */ = {isa = PBXFileReference; lastKnownFileType = wrapper.framework; name = AppleMusicKit.framework; path = Carthage/Build/iOS/AppleMusicKit.framework; sourceTree = "<group>"; };
		D9FA56AD2098B2BB0086010A /* Timeline.swift */ = {isa = PBXFileReference; lastKnownFileType = sourcecode.swift; path = Timeline.swift; sourceTree = "<group>"; };
		E45F86A6A408717E86AD9D90 /* Pods_MusicshotApp.framework */ = {isa = PBXFileReference; explicitFileType = wrapper.framework; includeInIndex = 0; path = Pods_MusicshotApp.framework; sourceTree = BUILT_PRODUCTS_DIR; };
		EAFEDE891F6DA53FF776ED14 /* Pods_Musicshot_MusicshotUtility.framework */ = {isa = PBXFileReference; explicitFileType = wrapper.framework; includeInIndex = 0; path = Pods_Musicshot_MusicshotUtility.framework; sourceTree = BUILT_PRODUCTS_DIR; };
/* End PBXFileReference section */

/* Begin PBXFrameworksBuildPhase section */
		D986C9B8208CAB0A0039A7F8 /* Frameworks */ = {
			isa = PBXFrameworksBuildPhase;
			buildActionMask = 2147483647;
			files = (
				D986CAF1208CAEDA0039A7F8 /* RealmSwift.framework in Frameworks */,
				D986CAF3208CAEDA0039A7F8 /* Result.framework in Frameworks */,
				D986CAEF208CAEDA0039A7F8 /* Realm.framework in Frameworks */,
				D986CB13208CB1540039A7F8 /* MusicshotUtility.framework in Frameworks */,
				D986CAF5208CAEDA0039A7F8 /* RxCocoa.framework in Frameworks */,
				D986CAF7208CAEDA0039A7F8 /* RxSwift.framework in Frameworks */,
				D986CB0D208CB1540039A7F8 /* MusicshotPlayer.framework in Frameworks */,
				D986CAF9208CAEDA0039A7F8 /* SwiftDate.framework in Frameworks */,
				D986CADD208CAEDA0039A7F8 /* Alamofire.framework in Frameworks */,
				D97CCFDF208F6AF60064776A /* Constraint.framework in Frameworks */,
				D986CAE5208CAEDA0039A7F8 /* Compass.framework in Frameworks */,
				D986CAFB208CAEDA0039A7F8 /* UIKitSupport.framework in Frameworks */,
				D986CADF208CAEDA0039A7F8 /* APIKit.framework in Frameworks */,
				D986CAE9208CAEDA0039A7F8 /* FontAwesome.framework in Frameworks */,
				D986CAE7208CAEDA0039A7F8 /* DeepLinkKit.framework in Frameworks */,
				D986CAEB208CAEDA0039A7F8 /* FoundationSupport.framework in Frameworks */,
				D986CAFD208CAEDA0039A7F8 /* WindowKit.framework in Frameworks */,
				D986CAED208CAEDA0039A7F8 /* Nuke.framework in Frameworks */,
				D986CB11208CB1540039A7F8 /* MusicshotUI.framework in Frameworks */,
				D986CAE1208CAEDA0039A7F8 /* AppleMusicKit.framework in Frameworks */,
				D986CB0B208CB1540039A7F8 /* MusicshotCore.framework in Frameworks */,
				3E6C3786983A85000A39A1E0 /* Pods_MusicshotApp.framework in Frameworks */,
			);
			runOnlyForDeploymentPostprocessing = 0;
		};
		D986C9CE208CAB300039A7F8 /* Frameworks */ = {
			isa = PBXFrameworksBuildPhase;
			buildActionMask = 2147483647;
			files = (
				D986CB02208CAF2D0039A7F8 /* Alamofire.framework in Frameworks */,
				D986CB03208CAF2D0039A7F8 /* APIKit.framework in Frameworks */,
				D986CB04208CAF2D0039A7F8 /* AppleMusicKit.framework in Frameworks */,
				D986CB05208CAF2D0039A7F8 /* DeepLinkKit.framework in Frameworks */,
				D986CB06208CAF2D0039A7F8 /* FoundationSupport.framework in Frameworks */,
				D986CB07208CAF2D0039A7F8 /* Realm.framework in Frameworks */,
				D986CB08208CAF2D0039A7F8 /* RealmSwift.framework in Frameworks */,
				D986CB09208CAF2D0039A7F8 /* Result.framework in Frameworks */,
				D986CB0A208CAF2D0039A7F8 /* RxSwift.framework in Frameworks */,
				8C066693C86DFCAC8106501C /* Pods_MusicshotCore.framework in Frameworks */,
			);
			runOnlyForDeploymentPostprocessing = 0;
		};
		D986C9DB208CAB400039A7F8 /* Frameworks */ = {
			isa = PBXFrameworksBuildPhase;
			buildActionMask = 2147483647;
			files = (
				D986CB01208CAEFC0039A7F8 /* RxSwift.framework in Frameworks */,
			);
			runOnlyForDeploymentPostprocessing = 0;
		};
		D986C9E8208CAB510039A7F8 /* Frameworks */ = {
			isa = PBXFrameworksBuildPhase;
			buildActionMask = 2147483647;
			files = (
			);
			runOnlyForDeploymentPostprocessing = 0;
		};
		D986C9F5208CAB600039A7F8 /* Frameworks */ = {
			isa = PBXFrameworksBuildPhase;
			buildActionMask = 2147483647;
			files = (
				D986CB00208CAEEC0039A7F8 /* RxSwift.framework in Frameworks */,
				3EA6825EE1991DE9BED72FCE /* Pods_Musicshot_MusicshotUtility.framework in Frameworks */,
			);
			runOnlyForDeploymentPostprocessing = 0;
		};
/* End PBXFrameworksBuildPhase section */

/* Begin PBXGroup section */
		5C3C267DA7E448E9E99A6C96 /* Frameworks */ = {
			isa = PBXGroup;
			children = (
				D986CACD208CAEC40039A7F8 /* Alamofire.framework */,
				D986CAD5208CAEC50039A7F8 /* APIKit.framework */,
				D986CADC208CAEC60039A7F8 /* AppleMusicKit.framework */,
				D97CCFDE208F6ABC0064776A /* Constraint.framework */,
				D986CACE208CAEC50039A7F8 /* Compass.framework */,
				D986CAD1208CAEC50039A7F8 /* DeepLinkKit.framework */,
				D986CAD6208CAEC60039A7F8 /* FontAwesome.framework */,
				D986CADA208CAEC60039A7F8 /* FoundationSupport.framework */,
				D986CAD2208CAEC50039A7F8 /* Nuke.framework */,
				D986CACF208CAEC50039A7F8 /* Realm.framework */,
				D986CAD4208CAEC50039A7F8 /* RealmSwift.framework */,
				D986CAD8208CAEC60039A7F8 /* Result.framework */,
				D986CAD0208CAEC50039A7F8 /* RxCocoa.framework */,
				D986CAD9208CAEC60039A7F8 /* RxSwift.framework */,
				D986CAD3208CAEC50039A7F8 /* SwiftDate.framework */,
				D986CADB208CAEC60039A7F8 /* UIKitSupport.framework */,
				D986CACC208CAEC40039A7F8 /* WindowKit.framework */,
				EAFEDE891F6DA53FF776ED14 /* Pods_Musicshot_MusicshotUtility.framework */,
				E45F86A6A408717E86AD9D90 /* Pods_MusicshotApp.framework */,
				C0D64BF149B30BC50E20046C /* Pods_MusicshotCore.framework */,
			);
			name = Frameworks;
			sourceTree = "<group>";
		};
		67AEB906B03535C4D064CB80 /* Pods */ = {
			isa = PBXGroup;
			children = (
				0CA5745CB38E93FE00625711 /* Pods-Musicshot-MusicshotUtility.debug.xcconfig */,
				BB54AA6D89E407E1CC7A4EA2 /* Pods-Musicshot-MusicshotUtility.release.xcconfig */,
				8CA133BD68EFC067B1C3350F /* Pods-MusicshotApp.debug.xcconfig */,
				6F58B092F81E851069D8DC67 /* Pods-MusicshotApp.release.xcconfig */,
				982FA390633A859C50A514A9 /* Pods-MusicshotCore.debug.xcconfig */,
				405C2A6CCF0753E99E87C87F /* Pods-MusicshotCore.release.xcconfig */,
			);
			name = Pods;
			sourceTree = "<group>";
		};
		D901FE3120A1CAFF00A1AE6F /* Source */ = {
			isa = PBXGroup;
			children = (
			);
			path = Source;
			sourceTree = "<group>";
		};
		D986C999208CAAF70039A7F8 = {
			isa = PBXGroup;
			children = (
				D986C9BC208CAB0A0039A7F8 /* MusicshotApp */,
				D986C9D3208CAB300039A7F8 /* MusicshotCore */,
				D986C9E0208CAB400039A7F8 /* MusicshotPlayer */,
				D986C9ED208CAB510039A7F8 /* MusicshotUI */,
				D986C9FA208CAB600039A7F8 /* MusicshotUtility */,
				D986C9A3208CAAF70039A7F8 /* Products */,
				5C3C267DA7E448E9E99A6C96 /* Frameworks */,
				67AEB906B03535C4D064CB80 /* Pods */,
			);
			sourceTree = "<group>";
		};
		D986C9A3208CAAF70039A7F8 /* Products */ = {
			isa = PBXGroup;
			children = (
				D986C9BB208CAB0A0039A7F8 /* MusicshotApp.app */,
				D986C9D2208CAB300039A7F8 /* MusicshotCore.framework */,
				D986C9DF208CAB400039A7F8 /* MusicshotPlayer.framework */,
				D986C9EC208CAB510039A7F8 /* MusicshotUI.framework */,
				D986C9F9208CAB600039A7F8 /* MusicshotUtility.framework */,
			);
			name = Products;
			sourceTree = "<group>";
		};
		D986C9BC208CAB0A0039A7F8 /* MusicshotApp */ = {
			isa = PBXGroup;
			children = (
				D986CA01208CAC1A0039A7F8 /* Sources */,
				D986C9C4208CAB0B0039A7F8 /* Assets.xcassets */,
				D986C9C9208CAB0B0039A7F8 /* Info.plist */,
				D9103695208CB5D700760CE4 /* GoogleService-Info.plist */,
			);
			path = MusicshotApp;
			sourceTree = "<group>";
		};
		D986C9D3208CAB300039A7F8 /* MusicshotCore */ = {
			isa = PBXGroup;
			children = (
				D986CA68208CAC900039A7F8 /* Sources */,
				D986C9D4208CAB300039A7F8 /* MusicshotCore.h */,
				D986C9D5208CAB300039A7F8 /* Info.plist */,
			);
			path = MusicshotCore;
			sourceTree = "<group>";
		};
		D986C9E0208CAB400039A7F8 /* MusicshotPlayer */ = {
			isa = PBXGroup;
			children = (
				D986CABD208CAD6E0039A7F8 /* Sources */,
				D986C9E1208CAB410039A7F8 /* MusicshotPlayer.h */,
				D986C9E2208CAB410039A7F8 /* Info.plist */,
			);
			path = MusicshotPlayer;
			sourceTree = "<group>";
		};
		D986C9ED208CAB510039A7F8 /* MusicshotUI */ = {
			isa = PBXGroup;
			children = (
				D901FE3220A1CBB400A1AE6F /* Storybook.playground */,
				D901FE3120A1CAFF00A1AE6F /* Source */,
				D986C9EE208CAB510039A7F8 /* MusicshotUI.h */,
				D986C9EF208CAB510039A7F8 /* Info.plist */,
			);
			path = MusicshotUI;
			sourceTree = "<group>";
		};
		D986C9FA208CAB600039A7F8 /* MusicshotUtility */ = {
			isa = PBXGroup;
			children = (
				D986CAB5208CACA80039A7F8 /* Sources */,
				D986C9FB208CAB600039A7F8 /* MusicshotUtility.h */,
				D986C9FC208CAB600039A7F8 /* Info.plist */,
			);
			path = MusicshotUtility;
			sourceTree = "<group>";
		};
		D986CA01208CAC1A0039A7F8 /* Sources */ = {
			isa = PBXGroup;
			children = (
				D986CA06208CAC1A0039A7F8 /* AppDelegate.swift */,
				D986CA04208CAC1A0039A7F8 /* Routing */,
				D986CA07208CAC1A0039A7F8 /* Views */,
				D986CA02208CAC1A0039A7F8 /* Utils */,
			);
			path = Sources;
			sourceTree = "<group>";
		};
		D986CA02208CAC1A0039A7F8 /* Utils */ = {
			isa = PBXGroup;
			children = (
				D986CA03208CAC1A0039A7F8 /* UIKit+Realm.swift */,
			);
			path = Utils;
			sourceTree = "<group>";
		};
		D986CA04208CAC1A0039A7F8 /* Routing */ = {
			isa = PBXGroup;
			children = (
				D986CA05208CAC1A0039A7F8 /* Routers.swift */,
			);
			path = Routing;
			sourceTree = "<group>";
		};
		D986CA07208CAC1A0039A7F8 /* Views */ = {
			isa = PBXGroup;
			children = (
				D986CA12208CAC1A0039A7F8 /* MainView */,
				D986CA14208CAC1A0039A7F8 /* LoginView */,
				D986CA0E208CAC1A0039A7F8 /* ChartsView */,
				D986CA10208CAC1A0039A7F8 /* SearchView */,
				D986CA0A208CAC1A0039A7F8 /* HistoryView */,
				D986CA08208CAC1A0039A7F8 /* RankingGenreView */,
				D986CA0C208CAC1A0039A7F8 /* StorefrontSelectView */,
				D986CA16208CAC1A0039A7F8 /* Debug */,
			);
			path = Views;
			sourceTree = "<group>";
		};
		D986CA08208CAC1A0039A7F8 /* RankingGenreView */ = {
			isa = PBXGroup;
			children = (
				D986CA09208CAC1A0039A7F8 /* RankingGenresViewController.swift */,
				D97CCFE12090CC870064776A /* RankingViewController.swift */,
			);
			path = RankingGenreView;
			sourceTree = "<group>";
		};
		D986CA0A208CAC1A0039A7F8 /* HistoryView */ = {
			isa = PBXGroup;
			children = (
				D986CA0B208CAC1A0039A7F8 /* HistoryViewController.swift */,
			);
			path = HistoryView;
			sourceTree = "<group>";
		};
		D986CA0C208CAC1A0039A7F8 /* StorefrontSelectView */ = {
			isa = PBXGroup;
			children = (
				D986CA0D208CAC1A0039A7F8 /* StorefrontSelectViewController.swift */,
			);
			path = StorefrontSelectView;
			sourceTree = "<group>";
		};
		D986CA0E208CAC1A0039A7F8 /* ChartsView */ = {
			isa = PBXGroup;
			children = (
				D986CA0F208CAC1A0039A7F8 /* ChartsViewController.swift */,
			);
			path = ChartsView;
			sourceTree = "<group>";
		};
		D986CA10208CAC1A0039A7F8 /* SearchView */ = {
			isa = PBXGroup;
			children = (
				D986CA11208CAC1A0039A7F8 /* SearchViewController.swift */,
			);
			path = SearchView;
			sourceTree = "<group>";
		};
		D986CA12208CAC1A0039A7F8 /* MainView */ = {
			isa = PBXGroup;
			children = (
				D986CA13208CAC1A0039A7F8 /* MainViewController.swift */,
			);
			path = MainView;
			sourceTree = "<group>";
		};
		D986CA14208CAC1A0039A7F8 /* LoginView */ = {
			isa = PBXGroup;
			children = (
				D986CA15208CAC1A0039A7F8 /* LoginViewController.swift */,
			);
			path = LoginView;
			sourceTree = "<group>";
		};
		D986CA16208CAC1A0039A7F8 /* Debug */ = {
			isa = PBXGroup;
			children = (
				D986CA17208CAC1A0039A7F8 /* SimpleListViewController.swift */,
			);
			path = Debug;
			sourceTree = "<group>";
		};
		D986CA68208CAC900039A7F8 /* Sources */ = {
			isa = PBXGroup;
			children = (
				D986CA73208CAC900039A7F8 /* Entity */,
				D986CA88208CAC900039A7F8 /* Resource */,
				D986CA7E208CAC900039A7F8 /* Network */,
				D986CA81208CAC900039A7F8 /* iTunes */,
				D986CA8D208CAC900039A7F8 /* Player */,
				D986CA70208CAC900039A7F8 /* OAuth */,
				D986CA69208CAC900039A7F8 /* Repository */,
				D9FA56AF2099B7EF0086010A /* Model */,
				D986CA84208CAC900039A7F8 /* Utils */,
				D986CA7D208CAC900039A7F8 /* MusicshotCore.swift */,
				D97CCFDA208D69C80064776A /* Tagged.swift */,
				D986CA87208CAC900039A7F8 /* Coeffects.swift */,
			);
			path = Sources;
			sourceTree = "<group>";
		};
		D986CA69208CAC900039A7F8 /* Repository */ = {
			isa = PBXGroup;
			children = (
				D986CA6C208CAC900039A7F8 /* Repository.swift */,
				D986CA6A208CAC900039A7F8 /* Repository+Charts.swift */,
				D986CA6B208CAC900039A7F8 /* Repository+Search.swift */,
				D986CA6D208CAC900039A7F8 /* Repository+Preview.swift */,
				D986CA6E208CAC900039A7F8 /* Repository+Storefront.swift */,
				D986CA6F208CAC900039A7F8 /* Repository+History.swift */,
			);
			path = Repository;
			sourceTree = "<group>";
		};
		D986CA70208CAC900039A7F8 /* OAuth */ = {
			isa = PBXGroup;
			children = (
				D986CA72208CAC900039A7F8 /* OAuth.swift */,
				D986CA71208CAC900039A7F8 /* OAuth+GitHub.swift */,
			);
			path = OAuth;
			sourceTree = "<group>";
		};
		D986CA73208CAC900039A7F8 /* Entity */ = {
			isa = PBXGroup;
			children = (
				D986CA76208CAC900039A7F8 /* Entity.swift */,
				D986CA74208CAC900039A7F8 /* Entity+Artist.swift */,
				D986CA75208CAC900039A7F8 /* Entity+Ranking.swift */,
				D986CA77208CAC900039A7F8 /* Entity+History.swift */,
				D986CA78208CAC900039A7F8 /* Entity+Song.swift */,
				D986CA79208CAC900039A7F8 /* Entity+Album.swift */,
				D986CA7A208CAC900039A7F8 /* Entity+MusicVideo.swift */,
				D986CA7B208CAC900039A7F8 /* Entity+Storefront.swift */,
				D986CA7C208CAC900039A7F8 /* Entity+Genre.swift */,
			);
			path = Entity;
			sourceTree = "<group>";
		};
		D986CA7E208CAC900039A7F8 /* Network */ = {
			isa = PBXGroup;
			children = (
				D986CA7F208CAC900039A7F8 /* AppleMusicKit.swift */,
				D986CA80208CAC900039A7F8 /* Session.swift */,
			);
			path = Network;
			sourceTree = "<group>";
		};
		D986CA81208CAC900039A7F8 /* iTunes */ = {
			isa = PBXGroup;
			children = (
				D986CA82208CAC900039A7F8 /* GetPreviewURL.swift */,
				D986CA83208CAC900039A7F8 /* ListRankingGenres.swift */,
				D97CCFE42090D7E70064776A /* ListRankingRss.swift */,
			);
			path = iTunes;
			sourceTree = "<group>";
		};
		D986CA84208CAC900039A7F8 /* Utils */ = {
			isa = PBXGroup;
			children = (
				D986CA85208CAC900039A7F8 /* String.swift */,
				D986CA86208CAC900039A7F8 /* ReactiveX.swift */,
			);
			path = Utils;
			sourceTree = "<group>";
		};
		D986CA88208CAC900039A7F8 /* Resource */ = {
			isa = PBXGroup;
			children = (
				D986CA8A208CAC900039A7F8 /* Resource.swift */,
				D986CA89208CAC900039A7F8 /* Resource+Ranking.swift */,
				D986CA8B208CAC900039A7F8 /* Resource+Search.swift */,
				D986CA8C208CAC900039A7F8 /* Resource+Charts.swift */,
			);
			path = Resource;
			sourceTree = "<group>";
		};
		D986CA8D208CAC900039A7F8 /* Player */ = {
			isa = PBXGroup;
			children = (
				D986CA8E208CAC900039A7F8 /* Player.swift */,
			);
			path = Player;
			sourceTree = "<group>";
		};
		D986CAB5208CACA80039A7F8 /* Sources */ = {
			isa = PBXGroup;
			children = (
				D986CAB6208CACA80039A7F8 /* DisposeBag.swift */,
				D986CAB7208CACA80039A7F8 /* RxQueue.swift */,
				D986CAB8208CACA80039A7F8 /* ReactiveX.swift */,
				D9103698208CE68600760CE4 /* Logger.swift */,
			);
			path = Sources;
			sourceTree = "<group>";
		};
		D986CABD208CAD6E0039A7F8 /* Sources */ = {
			isa = PBXGroup;
			children = (
				D986CABE208CAD6E0039A7F8 /* Player.swift */,
			);
			path = Sources;
			sourceTree = "<group>";
		};
		D9FA56AF2099B7EF0086010A /* Model */ = {
			isa = PBXGroup;
			children = (
				D9FA56AD2098B2BB0086010A /* Timeline.swift */,
				D901FE2F20A0A86300A1AE6F /* Timeline+Realm.swift */,
			);
			path = Model;
			sourceTree = "<group>";
		};
/* End PBXGroup section */

/* Begin PBXHeadersBuildPhase section */
		D986C9CF208CAB300039A7F8 /* Headers */ = {
			isa = PBXHeadersBuildPhase;
			buildActionMask = 2147483647;
			files = (
				D986C9D6208CAB300039A7F8 /* MusicshotCore.h in Headers */,
			);
			runOnlyForDeploymentPostprocessing = 0;
		};
		D986C9DC208CAB400039A7F8 /* Headers */ = {
			isa = PBXHeadersBuildPhase;
			buildActionMask = 2147483647;
			files = (
				D986C9E3208CAB410039A7F8 /* MusicshotPlayer.h in Headers */,
			);
			runOnlyForDeploymentPostprocessing = 0;
		};
		D986C9E9208CAB510039A7F8 /* Headers */ = {
			isa = PBXHeadersBuildPhase;
			buildActionMask = 2147483647;
			files = (
				D986C9F0208CAB510039A7F8 /* MusicshotUI.h in Headers */,
			);
			runOnlyForDeploymentPostprocessing = 0;
		};
		D986C9F6208CAB600039A7F8 /* Headers */ = {
			isa = PBXHeadersBuildPhase;
			buildActionMask = 2147483647;
			files = (
				D986C9FD208CAB600039A7F8 /* MusicshotUtility.h in Headers */,
			);
			runOnlyForDeploymentPostprocessing = 0;
		};
/* End PBXHeadersBuildPhase section */

/* Begin PBXNativeTarget section */
		D986C9BA208CAB0A0039A7F8 /* MusicshotApp */ = {
			isa = PBXNativeTarget;
			buildConfigurationList = D986C9CA208CAB0B0039A7F8 /* Build configuration list for PBXNativeTarget "MusicshotApp" */;
			buildPhases = (
				DA8977EBA54606CA33B27E2D /* [CP] Check Pods Manifest.lock */,
				D986C9B7208CAB0A0039A7F8 /* Sources */,
				D986C9B8208CAB0A0039A7F8 /* Frameworks */,
				D986C9B9208CAB0A0039A7F8 /* Resources */,
				D986CAFF208CAEDB0039A7F8 /* Embed Frameworks */,
				D986CABC208CACE20039A7F8 /* Run Fabric */,
				C13912A29CA80E52DCD60560 /* [CP] Embed Pods Frameworks */,
			);
			buildRules = (
			);
			dependencies = (
				D986CAC5208CAE400039A7F8 /* PBXTargetDependency */,
				D986CAC3208CAE3D0039A7F8 /* PBXTargetDependency */,
				D986CAC1208CAE3A0039A7F8 /* PBXTargetDependency */,
				D986CB10208CB1540039A7F8 /* PBXTargetDependency */,
			);
			name = MusicshotApp;
			productName = MusicshotApp;
			productReference = D986C9BB208CAB0A0039A7F8 /* MusicshotApp.app */;
			productType = "com.apple.product-type.application";
		};
		D986C9D1208CAB300039A7F8 /* MusicshotCore */ = {
			isa = PBXNativeTarget;
			buildConfigurationList = D986C9D7208CAB300039A7F8 /* Build configuration list for PBXNativeTarget "MusicshotCore" */;
			buildPhases = (
				E75B9AD08EEE3738D27A1E8D /* [CP] Check Pods Manifest.lock */,
				D986C9CD208CAB300039A7F8 /* Sources */,
				D986C9CE208CAB300039A7F8 /* Frameworks */,
				D986C9CF208CAB300039A7F8 /* Headers */,
				D986C9D0208CAB300039A7F8 /* Resources */,
			);
			buildRules = (
			);
			dependencies = (
				D986CAC9208CAE480039A7F8 /* PBXTargetDependency */,
				D986CAC7208CAE460039A7F8 /* PBXTargetDependency */,
			);
			name = MusicshotCore;
			productName = MusicshotCore;
			productReference = D986C9D2208CAB300039A7F8 /* MusicshotCore.framework */;
			productType = "com.apple.product-type.framework";
		};
		D986C9DE208CAB400039A7F8 /* MusicshotPlayer */ = {
			isa = PBXNativeTarget;
			buildConfigurationList = D986C9E4208CAB410039A7F8 /* Build configuration list for PBXNativeTarget "MusicshotPlayer" */;
			buildPhases = (
				D986C9DA208CAB400039A7F8 /* Sources */,
				D986C9DB208CAB400039A7F8 /* Frameworks */,
				D986C9DC208CAB400039A7F8 /* Headers */,
				D986C9DD208CAB400039A7F8 /* Resources */,
			);
			buildRules = (
			);
			dependencies = (
				D986CACB208CAE4F0039A7F8 /* PBXTargetDependency */,
			);
			name = MusicshotPlayer;
			productName = MusicshotPlayer;
			productReference = D986C9DF208CAB400039A7F8 /* MusicshotPlayer.framework */;
			productType = "com.apple.product-type.framework";
		};
		D986C9EB208CAB510039A7F8 /* MusicshotUI */ = {
			isa = PBXNativeTarget;
			buildConfigurationList = D986C9F1208CAB510039A7F8 /* Build configuration list for PBXNativeTarget "MusicshotUI" */;
			buildPhases = (
				D986C9E7208CAB510039A7F8 /* Sources */,
				D986C9E8208CAB510039A7F8 /* Frameworks */,
				D986C9E9208CAB510039A7F8 /* Headers */,
				D986C9EA208CAB510039A7F8 /* Resources */,
			);
			buildRules = (
			);
			dependencies = (
			);
			name = MusicshotUI;
			productName = MusicshotUI;
			productReference = D986C9EC208CAB510039A7F8 /* MusicshotUI.framework */;
			productType = "com.apple.product-type.framework";
		};
		D986C9F8208CAB600039A7F8 /* MusicshotUtility */ = {
			isa = PBXNativeTarget;
			buildConfigurationList = D986C9FE208CAB600039A7F8 /* Build configuration list for PBXNativeTarget "MusicshotUtility" */;
			buildPhases = (
				AF79825BFC88265BE4DECE8D /* [CP] Check Pods Manifest.lock */,
				D986C9F4208CAB600039A7F8 /* Sources */,
				D986C9F5208CAB600039A7F8 /* Frameworks */,
				D986C9F6208CAB600039A7F8 /* Headers */,
				D986C9F7208CAB600039A7F8 /* Resources */,
			);
			buildRules = (
			);
			dependencies = (
			);
			name = MusicshotUtility;
			productName = MusicshotUtility;
			productReference = D986C9F9208CAB600039A7F8 /* MusicshotUtility.framework */;
			productType = "com.apple.product-type.framework";
		};
/* End PBXNativeTarget section */

/* Begin PBXProject section */
		D986C99A208CAAF70039A7F8 /* Project object */ = {
			isa = PBXProject;
			attributes = {
				LastSwiftUpdateCheck = 0930;
				LastUpgradeCheck = 0930;
				ORGANIZATIONNAME = "林達也";
				TargetAttributes = {
					D986C9BA208CAB0A0039A7F8 = {
						CreatedOnToolsVersion = 9.3;
					};
					D986C9D1208CAB300039A7F8 = {
						CreatedOnToolsVersion = 9.3;
					};
					D986C9DE208CAB400039A7F8 = {
						CreatedOnToolsVersion = 9.3;
					};
					D986C9EB208CAB510039A7F8 = {
						CreatedOnToolsVersion = 9.3;
					};
					D986C9F8208CAB600039A7F8 = {
						CreatedOnToolsVersion = 9.3;
					};
				};
			};
			buildConfigurationList = D986C99D208CAAF70039A7F8 /* Build configuration list for PBXProject "musicshot" */;
			compatibilityVersion = "Xcode 9.3";
			developmentRegion = en;
			hasScannedForEncodings = 0;
			knownRegions = (
				en,
				Base,
			);
			mainGroup = D986C999208CAAF70039A7F8;
			productRefGroup = D986C9A3208CAAF70039A7F8 /* Products */;
			projectDirPath = "";
			projectRoot = "";
			targets = (
				D986C9BA208CAB0A0039A7F8 /* MusicshotApp */,
				D986C9D1208CAB300039A7F8 /* MusicshotCore */,
				D986C9DE208CAB400039A7F8 /* MusicshotPlayer */,
				D986C9EB208CAB510039A7F8 /* MusicshotUI */,
				D986C9F8208CAB600039A7F8 /* MusicshotUtility */,
			);
		};
/* End PBXProject section */

/* Begin PBXResourcesBuildPhase section */
		D986C9B9208CAB0A0039A7F8 /* Resources */ = {
			isa = PBXResourcesBuildPhase;
			buildActionMask = 2147483647;
			files = (
				D986C9C5208CAB0B0039A7F8 /* Assets.xcassets in Resources */,
				D9103696208CB5EB00760CE4 /* GoogleService-Info.plist in Resources */,
			);
			runOnlyForDeploymentPostprocessing = 0;
		};
		D986C9D0208CAB300039A7F8 /* Resources */ = {
			isa = PBXResourcesBuildPhase;
			buildActionMask = 2147483647;
			files = (
			);
			runOnlyForDeploymentPostprocessing = 0;
		};
		D986C9DD208CAB400039A7F8 /* Resources */ = {
			isa = PBXResourcesBuildPhase;
			buildActionMask = 2147483647;
			files = (
			);
			runOnlyForDeploymentPostprocessing = 0;
		};
		D986C9EA208CAB510039A7F8 /* Resources */ = {
			isa = PBXResourcesBuildPhase;
			buildActionMask = 2147483647;
			files = (
			);
			runOnlyForDeploymentPostprocessing = 0;
		};
		D986C9F7208CAB600039A7F8 /* Resources */ = {
			isa = PBXResourcesBuildPhase;
			buildActionMask = 2147483647;
			files = (
			);
			runOnlyForDeploymentPostprocessing = 0;
		};
/* End PBXResourcesBuildPhase section */

/* Begin PBXShellScriptBuildPhase section */
		AF79825BFC88265BE4DECE8D /* [CP] Check Pods Manifest.lock */ = {
			isa = PBXShellScriptBuildPhase;
			buildActionMask = 2147483647;
			files = (
			);
			inputPaths = (
				"${PODS_PODFILE_DIR_PATH}/Podfile.lock",
				"${PODS_ROOT}/Manifest.lock",
			);
			name = "[CP] Check Pods Manifest.lock";
			outputPaths = (
				"$(DERIVED_FILE_DIR)/Pods-Musicshot-MusicshotUtility-checkManifestLockResult.txt",
			);
			runOnlyForDeploymentPostprocessing = 0;
			shellPath = /bin/sh;
			shellScript = "diff \"${PODS_PODFILE_DIR_PATH}/Podfile.lock\" \"${PODS_ROOT}/Manifest.lock\" > /dev/null\nif [ $? != 0 ] ; then\n    # print error to STDERR\n    echo \"error: The sandbox is not in sync with the Podfile.lock. Run 'pod install' or update your CocoaPods installation.\" >&2\n    exit 1\nfi\n# This output is used by Xcode 'outputs' to avoid re-running this script phase.\necho \"SUCCESS\" > \"${SCRIPT_OUTPUT_FILE_0}\"\n";
			showEnvVarsInLog = 0;
		};
		C13912A29CA80E52DCD60560 /* [CP] Embed Pods Frameworks */ = {
			isa = PBXShellScriptBuildPhase;
			buildActionMask = 2147483647;
			files = (
			);
			inputPaths = (
				"${SRCROOT}/Pods/Target Support Files/Pods-MusicshotApp/Pods-MusicshotApp-frameworks.sh",
				"${BUILT_PRODUCTS_DIR}/Keys/Keys.framework",
				"${BUILT_PRODUCTS_DIR}/BoringSSL/openssl.framework",
				"${BUILT_PRODUCTS_DIR}/GTMSessionFetcher/GTMSessionFetcher.framework",
				"${BUILT_PRODUCTS_DIR}/GoogleToolboxForMac/GoogleToolboxForMac.framework",
				"${BUILT_PRODUCTS_DIR}/Protobuf/Protobuf.framework",
				"${BUILT_PRODUCTS_DIR}/gRPC/GRPCClient.framework",
				"${BUILT_PRODUCTS_DIR}/gRPC-Core/grpc.framework",
				"${BUILT_PRODUCTS_DIR}/gRPC-ProtoRPC/ProtoRPC.framework",
				"${BUILT_PRODUCTS_DIR}/gRPC-RxLibrary/RxLibrary.framework",
				"${BUILT_PRODUCTS_DIR}/leveldb-library/leveldb.framework",
				"${BUILT_PRODUCTS_DIR}/nanopb/nanopb.framework",
			);
			name = "[CP] Embed Pods Frameworks";
			outputPaths = (
				"${TARGET_BUILD_DIR}/${FRAMEWORKS_FOLDER_PATH}/Keys.framework",
				"${TARGET_BUILD_DIR}/${FRAMEWORKS_FOLDER_PATH}/openssl.framework",
				"${TARGET_BUILD_DIR}/${FRAMEWORKS_FOLDER_PATH}/GTMSessionFetcher.framework",
				"${TARGET_BUILD_DIR}/${FRAMEWORKS_FOLDER_PATH}/GoogleToolboxForMac.framework",
				"${TARGET_BUILD_DIR}/${FRAMEWORKS_FOLDER_PATH}/Protobuf.framework",
				"${TARGET_BUILD_DIR}/${FRAMEWORKS_FOLDER_PATH}/GRPCClient.framework",
				"${TARGET_BUILD_DIR}/${FRAMEWORKS_FOLDER_PATH}/grpc.framework",
				"${TARGET_BUILD_DIR}/${FRAMEWORKS_FOLDER_PATH}/ProtoRPC.framework",
				"${TARGET_BUILD_DIR}/${FRAMEWORKS_FOLDER_PATH}/RxLibrary.framework",
				"${TARGET_BUILD_DIR}/${FRAMEWORKS_FOLDER_PATH}/leveldb.framework",
				"${TARGET_BUILD_DIR}/${FRAMEWORKS_FOLDER_PATH}/nanopb.framework",
			);
			runOnlyForDeploymentPostprocessing = 0;
			shellPath = /bin/sh;
			shellScript = "\"${SRCROOT}/Pods/Target Support Files/Pods-MusicshotApp/Pods-MusicshotApp-frameworks.sh\"\n";
			showEnvVarsInLog = 0;
		};
		D986CABC208CACE20039A7F8 /* Run Fabric */ = {
			isa = PBXShellScriptBuildPhase;
			buildActionMask = 2147483647;
			files = (
			);
			inputPaths = (
			);
			name = "Run Fabric";
			outputPaths = (
			);
			runOnlyForDeploymentPostprocessing = 0;
			shellPath = /bin/sh;
			shellScript = "\"${PODS_ROOT}/Fabric/run\"";
		};
		DA8977EBA54606CA33B27E2D /* [CP] Check Pods Manifest.lock */ = {
			isa = PBXShellScriptBuildPhase;
			buildActionMask = 2147483647;
			files = (
			);
			inputPaths = (
				"${PODS_PODFILE_DIR_PATH}/Podfile.lock",
				"${PODS_ROOT}/Manifest.lock",
			);
			name = "[CP] Check Pods Manifest.lock";
			outputPaths = (
				"$(DERIVED_FILE_DIR)/Pods-MusicshotApp-checkManifestLockResult.txt",
			);
			runOnlyForDeploymentPostprocessing = 0;
			shellPath = /bin/sh;
			shellScript = "diff \"${PODS_PODFILE_DIR_PATH}/Podfile.lock\" \"${PODS_ROOT}/Manifest.lock\" > /dev/null\nif [ $? != 0 ] ; then\n    # print error to STDERR\n    echo \"error: The sandbox is not in sync with the Podfile.lock. Run 'pod install' or update your CocoaPods installation.\" >&2\n    exit 1\nfi\n# This output is used by Xcode 'outputs' to avoid re-running this script phase.\necho \"SUCCESS\" > \"${SCRIPT_OUTPUT_FILE_0}\"\n";
			showEnvVarsInLog = 0;
		};
		E75B9AD08EEE3738D27A1E8D /* [CP] Check Pods Manifest.lock */ = {
			isa = PBXShellScriptBuildPhase;
			buildActionMask = 2147483647;
			files = (
			);
			inputPaths = (
				"${PODS_PODFILE_DIR_PATH}/Podfile.lock",
				"${PODS_ROOT}/Manifest.lock",
			);
			name = "[CP] Check Pods Manifest.lock";
			outputPaths = (
				"$(DERIVED_FILE_DIR)/Pods-MusicshotCore-checkManifestLockResult.txt",
			);
			runOnlyForDeploymentPostprocessing = 0;
			shellPath = /bin/sh;
			shellScript = "diff \"${PODS_PODFILE_DIR_PATH}/Podfile.lock\" \"${PODS_ROOT}/Manifest.lock\" > /dev/null\nif [ $? != 0 ] ; then\n    # print error to STDERR\n    echo \"error: The sandbox is not in sync with the Podfile.lock. Run 'pod install' or update your CocoaPods installation.\" >&2\n    exit 1\nfi\n# This output is used by Xcode 'outputs' to avoid re-running this script phase.\necho \"SUCCESS\" > \"${SCRIPT_OUTPUT_FILE_0}\"\n";
			showEnvVarsInLog = 0;
		};
/* End PBXShellScriptBuildPhase section */

/* Begin PBXSourcesBuildPhase section */
		D986C9B7208CAB0A0039A7F8 /* Sources */ = {
			isa = PBXSourcesBuildPhase;
			buildActionMask = 2147483647;
			files = (
				D986CA21208CAC1A0039A7F8 /* LoginViewController.swift in Sources */,
				D986CA1F208CAC1A0039A7F8 /* SearchViewController.swift in Sources */,
				D986CA20208CAC1A0039A7F8 /* MainViewController.swift in Sources */,
				D986CA19208CAC1A0039A7F8 /* Routers.swift in Sources */,
				D986CA18208CAC1A0039A7F8 /* UIKit+Realm.swift in Sources */,
				D986CA1E208CAC1A0039A7F8 /* ChartsViewController.swift in Sources */,
				D986CA1B208CAC1A0039A7F8 /* RankingGenresViewController.swift in Sources */,
				D986CA1D208CAC1A0039A7F8 /* StorefrontSelectViewController.swift in Sources */,
				D986CA1A208CAC1A0039A7F8 /* AppDelegate.swift in Sources */,
				D986CA22208CAC1A0039A7F8 /* SimpleListViewController.swift in Sources */,
				D986CA1C208CAC1A0039A7F8 /* HistoryViewController.swift in Sources */,
				D97CCFE22090CC870064776A /* RankingViewController.swift in Sources */,
			);
			runOnlyForDeploymentPostprocessing = 0;
		};
		D986C9CD208CAB300039A7F8 /* Sources */ = {
			isa = PBXSourcesBuildPhase;
			buildActionMask = 2147483647;
			files = (
				D901FE3020A0A86300A1AE6F /* Timeline+Realm.swift in Sources */,
				D986CAA2208CAC900039A7F8 /* Session.swift in Sources */,
				D986CA9E208CAC900039A7F8 /* Entity+Storefront.swift in Sources */,
				D986CAA5208CAC900039A7F8 /* String.swift in Sources */,
				D986CAA4208CAC900039A7F8 /* ListRankingGenres.swift in Sources */,
				D986CA92208CAC900039A7F8 /* Repository+Preview.swift in Sources */,
				D986CAAA208CAC900039A7F8 /* Resource+Search.swift in Sources */,
				D986CA95208CAC900039A7F8 /* OAuth+GitHub.swift in Sources */,
				D986CA8F208CAC900039A7F8 /* Repository+Charts.swift in Sources */,
				D986CAA1208CAC900039A7F8 /* AppleMusicKit.swift in Sources */,
				D986CA98208CAC900039A7F8 /* Entity+Ranking.swift in Sources */,
				D986CA9F208CAC900039A7F8 /* Entity+Genre.swift in Sources */,
				D986CA94208CAC900039A7F8 /* Repository+History.swift in Sources */,
				D97CCFDB208D69C90064776A /* Tagged.swift in Sources */,
				D97CCFE52090D7E70064776A /* ListRankingRss.swift in Sources */,
				D986CA90208CAC900039A7F8 /* Repository+Search.swift in Sources */,
				D986CAA0208CAC900039A7F8 /* MusicshotCore.swift in Sources */,
				D986CA91208CAC900039A7F8 /* Repository.swift in Sources */,
				D986CAA8208CAC900039A7F8 /* Resource+Ranking.swift in Sources */,
				D986CA9D208CAC900039A7F8 /* Entity+MusicVideo.swift in Sources */,
				D986CA99208CAC900039A7F8 /* Entity.swift in Sources */,
				D986CA93208CAC900039A7F8 /* Repository+Storefront.swift in Sources */,
				D9FA56AE2098B2BB0086010A /* Timeline.swift in Sources */,
				D986CAA9208CAC900039A7F8 /* Resource.swift in Sources */,
				D986CA9B208CAC900039A7F8 /* Entity+Song.swift in Sources */,
				D986CAA3208CAC900039A7F8 /* GetPreviewURL.swift in Sources */,
				D986CA9A208CAC900039A7F8 /* Entity+History.swift in Sources */,
				D986CA96208CAC900039A7F8 /* OAuth.swift in Sources */,
				D986CAA7208CAC900039A7F8 /* Coeffects.swift in Sources */,
				D986CAA6208CAC900039A7F8 /* ReactiveX.swift in Sources */,
				D986CA9C208CAC900039A7F8 /* Entity+Album.swift in Sources */,
				D986CA97208CAC900039A7F8 /* Entity+Artist.swift in Sources */,
				D986CAAC208CAC900039A7F8 /* Player.swift in Sources */,
				D986CAAB208CAC900039A7F8 /* Resource+Charts.swift in Sources */,
			);
			runOnlyForDeploymentPostprocessing = 0;
		};
		D986C9DA208CAB400039A7F8 /* Sources */ = {
			isa = PBXSourcesBuildPhase;
			buildActionMask = 2147483647;
			files = (
				D986CABF208CAD6E0039A7F8 /* Player.swift in Sources */,
			);
			runOnlyForDeploymentPostprocessing = 0;
		};
		D986C9E7208CAB510039A7F8 /* Sources */ = {
			isa = PBXSourcesBuildPhase;
			buildActionMask = 2147483647;
			files = (
			);
			runOnlyForDeploymentPostprocessing = 0;
		};
		D986C9F4208CAB600039A7F8 /* Sources */ = {
			isa = PBXSourcesBuildPhase;
			buildActionMask = 2147483647;
			files = (
				D986CABB208CACA80039A7F8 /* ReactiveX.swift in Sources */,
				D986CAB9208CACA80039A7F8 /* DisposeBag.swift in Sources */,
				D986CABA208CACA80039A7F8 /* RxQueue.swift in Sources */,
				D9103699208CE68600760CE4 /* Logger.swift in Sources */,
			);
			runOnlyForDeploymentPostprocessing = 0;
		};
/* End PBXSourcesBuildPhase section */

/* Begin PBXTargetDependency section */
		D986CAC1208CAE3A0039A7F8 /* PBXTargetDependency */ = {
			isa = PBXTargetDependency;
			target = D986C9D1208CAB300039A7F8 /* MusicshotCore */;
			targetProxy = D986CAC0208CAE3A0039A7F8 /* PBXContainerItemProxy */;
		};
		D986CAC3208CAE3D0039A7F8 /* PBXTargetDependency */ = {
			isa = PBXTargetDependency;
			target = D986C9EB208CAB510039A7F8 /* MusicshotUI */;
			targetProxy = D986CAC2208CAE3D0039A7F8 /* PBXContainerItemProxy */;
		};
		D986CAC5208CAE400039A7F8 /* PBXTargetDependency */ = {
			isa = PBXTargetDependency;
			target = D986C9F8208CAB600039A7F8 /* MusicshotUtility */;
			targetProxy = D986CAC4208CAE400039A7F8 /* PBXContainerItemProxy */;
		};
		D986CAC7208CAE460039A7F8 /* PBXTargetDependency */ = {
			isa = PBXTargetDependency;
			target = D986C9DE208CAB400039A7F8 /* MusicshotPlayer */;
			targetProxy = D986CAC6208CAE460039A7F8 /* PBXContainerItemProxy */;
		};
		D986CAC9208CAE480039A7F8 /* PBXTargetDependency */ = {
			isa = PBXTargetDependency;
			target = D986C9F8208CAB600039A7F8 /* MusicshotUtility */;
			targetProxy = D986CAC8208CAE480039A7F8 /* PBXContainerItemProxy */;
		};
		D986CACB208CAE4F0039A7F8 /* PBXTargetDependency */ = {
			isa = PBXTargetDependency;
			target = D986C9F8208CAB600039A7F8 /* MusicshotUtility */;
			targetProxy = D986CACA208CAE4F0039A7F8 /* PBXContainerItemProxy */;
		};
		D986CB10208CB1540039A7F8 /* PBXTargetDependency */ = {
			isa = PBXTargetDependency;
			target = D986C9DE208CAB400039A7F8 /* MusicshotPlayer */;
			targetProxy = D986CB0F208CB1540039A7F8 /* PBXContainerItemProxy */;
		};
/* End PBXTargetDependency section */

/* Begin XCBuildConfiguration section */
		D986C9B2208CAAF70039A7F8 /* Debug */ = {
			isa = XCBuildConfiguration;
			buildSettings = {
				ALWAYS_SEARCH_USER_PATHS = NO;
				CLANG_ANALYZER_NONNULL = YES;
				CLANG_ANALYZER_NUMBER_OBJECT_CONVERSION = YES_AGGRESSIVE;
				CLANG_CXX_LANGUAGE_STANDARD = "gnu++14";
				CLANG_CXX_LIBRARY = "libc++";
				CLANG_ENABLE_MODULES = YES;
				CLANG_ENABLE_OBJC_ARC = YES;
				CLANG_ENABLE_OBJC_WEAK = YES;
				CLANG_WARN_BLOCK_CAPTURE_AUTORELEASING = YES;
				CLANG_WARN_BOOL_CONVERSION = YES;
				CLANG_WARN_COMMA = YES;
				CLANG_WARN_CONSTANT_CONVERSION = YES;
				CLANG_WARN_DEPRECATED_OBJC_IMPLEMENTATIONS = YES;
				CLANG_WARN_DIRECT_OBJC_ISA_USAGE = YES_ERROR;
				CLANG_WARN_DOCUMENTATION_COMMENTS = YES;
				CLANG_WARN_EMPTY_BODY = YES;
				CLANG_WARN_ENUM_CONVERSION = YES;
				CLANG_WARN_INFINITE_RECURSION = YES;
				CLANG_WARN_INT_CONVERSION = YES;
				CLANG_WARN_NON_LITERAL_NULL_CONVERSION = YES;
				CLANG_WARN_OBJC_IMPLICIT_RETAIN_SELF = YES;
				CLANG_WARN_OBJC_LITERAL_CONVERSION = YES;
				CLANG_WARN_OBJC_ROOT_CLASS = YES_ERROR;
				CLANG_WARN_RANGE_LOOP_ANALYSIS = YES;
				CLANG_WARN_STRICT_PROTOTYPES = YES;
				CLANG_WARN_SUSPICIOUS_MOVE = YES;
				CLANG_WARN_UNGUARDED_AVAILABILITY = YES_AGGRESSIVE;
				CLANG_WARN_UNREACHABLE_CODE = YES;
				CLANG_WARN__DUPLICATE_METHOD_MATCH = YES;
				CODE_SIGN_IDENTITY = "iPhone Developer";
				COPY_PHASE_STRIP = NO;
				DEBUG_INFORMATION_FORMAT = dwarf;
				ENABLE_STRICT_OBJC_MSGSEND = YES;
				ENABLE_TESTABILITY = YES;
				GCC_C_LANGUAGE_STANDARD = gnu11;
				GCC_DYNAMIC_NO_PIC = NO;
				GCC_NO_COMMON_BLOCKS = YES;
				GCC_OPTIMIZATION_LEVEL = 0;
				GCC_PREPROCESSOR_DEFINITIONS = (
					"DEBUG=1",
					"$(inherited)",
				);
				GCC_WARN_64_TO_32_BIT_CONVERSION = YES;
				GCC_WARN_ABOUT_RETURN_TYPE = YES_ERROR;
				GCC_WARN_UNDECLARED_SELECTOR = YES;
				GCC_WARN_UNINITIALIZED_AUTOS = YES_AGGRESSIVE;
				GCC_WARN_UNUSED_FUNCTION = YES;
				GCC_WARN_UNUSED_VARIABLE = YES;
				IPHONEOS_DEPLOYMENT_TARGET = 11.3;
				MTL_ENABLE_DEBUG_INFO = YES;
				ONLY_ACTIVE_ARCH = YES;
				SDKROOT = iphoneos;
				SWIFT_ACTIVE_COMPILATION_CONDITIONS = DEBUG;
				SWIFT_OPTIMIZATION_LEVEL = "-Onone";
			};
			name = Debug;
		};
		D986C9B3208CAAF70039A7F8 /* Release */ = {
			isa = XCBuildConfiguration;
			buildSettings = {
				ALWAYS_SEARCH_USER_PATHS = NO;
				CLANG_ANALYZER_NONNULL = YES;
				CLANG_ANALYZER_NUMBER_OBJECT_CONVERSION = YES_AGGRESSIVE;
				CLANG_CXX_LANGUAGE_STANDARD = "gnu++14";
				CLANG_CXX_LIBRARY = "libc++";
				CLANG_ENABLE_MODULES = YES;
				CLANG_ENABLE_OBJC_ARC = YES;
				CLANG_ENABLE_OBJC_WEAK = YES;
				CLANG_WARN_BLOCK_CAPTURE_AUTORELEASING = YES;
				CLANG_WARN_BOOL_CONVERSION = YES;
				CLANG_WARN_COMMA = YES;
				CLANG_WARN_CONSTANT_CONVERSION = YES;
				CLANG_WARN_DEPRECATED_OBJC_IMPLEMENTATIONS = YES;
				CLANG_WARN_DIRECT_OBJC_ISA_USAGE = YES_ERROR;
				CLANG_WARN_DOCUMENTATION_COMMENTS = YES;
				CLANG_WARN_EMPTY_BODY = YES;
				CLANG_WARN_ENUM_CONVERSION = YES;
				CLANG_WARN_INFINITE_RECURSION = YES;
				CLANG_WARN_INT_CONVERSION = YES;
				CLANG_WARN_NON_LITERAL_NULL_CONVERSION = YES;
				CLANG_WARN_OBJC_IMPLICIT_RETAIN_SELF = YES;
				CLANG_WARN_OBJC_LITERAL_CONVERSION = YES;
				CLANG_WARN_OBJC_ROOT_CLASS = YES_ERROR;
				CLANG_WARN_RANGE_LOOP_ANALYSIS = YES;
				CLANG_WARN_STRICT_PROTOTYPES = YES;
				CLANG_WARN_SUSPICIOUS_MOVE = YES;
				CLANG_WARN_UNGUARDED_AVAILABILITY = YES_AGGRESSIVE;
				CLANG_WARN_UNREACHABLE_CODE = YES;
				CLANG_WARN__DUPLICATE_METHOD_MATCH = YES;
				CODE_SIGN_IDENTITY = "iPhone Developer";
				COPY_PHASE_STRIP = NO;
				DEBUG_INFORMATION_FORMAT = "dwarf-with-dsym";
				ENABLE_NS_ASSERTIONS = NO;
				ENABLE_STRICT_OBJC_MSGSEND = YES;
				GCC_C_LANGUAGE_STANDARD = gnu11;
				GCC_NO_COMMON_BLOCKS = YES;
				GCC_WARN_64_TO_32_BIT_CONVERSION = YES;
				GCC_WARN_ABOUT_RETURN_TYPE = YES_ERROR;
				GCC_WARN_UNDECLARED_SELECTOR = YES;
				GCC_WARN_UNINITIALIZED_AUTOS = YES_AGGRESSIVE;
				GCC_WARN_UNUSED_FUNCTION = YES;
				GCC_WARN_UNUSED_VARIABLE = YES;
				IPHONEOS_DEPLOYMENT_TARGET = 11.3;
				MTL_ENABLE_DEBUG_INFO = NO;
				SDKROOT = iphoneos;
				SWIFT_COMPILATION_MODE = wholemodule;
				SWIFT_OPTIMIZATION_LEVEL = "-O";
				VALIDATE_PRODUCT = YES;
			};
			name = Release;
		};
		D986C9CB208CAB0B0039A7F8 /* Debug */ = {
			isa = XCBuildConfiguration;
			baseConfigurationReference = 8CA133BD68EFC067B1C3350F /* Pods-MusicshotApp.debug.xcconfig */;
			buildSettings = {
				ALWAYS_EMBED_SWIFT_STANDARD_LIBRARIES = YES;
				ASSETCATALOG_COMPILER_APPICON_NAME = AppIcon;
				CODE_SIGN_STYLE = Automatic;
				DEBUG_INFORMATION_FORMAT = "dwarf-with-dsym";
				DEVELOPMENT_TEAM = B2TD54U4MA;
				FRAMEWORK_SEARCH_PATHS = (
					"$(inherited)",
					"$(PROJECT_DIR)/Carthage/Build/iOS",
				);
				INFOPLIST_FILE = MusicshotApp/Info.plist;
				LD_RUNPATH_SEARCH_PATHS = (
					"$(inherited)",
					"@executable_path/Frameworks",
				);
				PRODUCT_BUNDLE_IDENTIFIER = "jp.sora0077.musicshot-dev";
				PRODUCT_NAME = "$(TARGET_NAME)";
				SWIFT_VERSION = 4.0;
				TARGETED_DEVICE_FAMILY = "1,2";
			};
			name = Debug;
		};
		D986C9CC208CAB0B0039A7F8 /* Release */ = {
			isa = XCBuildConfiguration;
			baseConfigurationReference = 6F58B092F81E851069D8DC67 /* Pods-MusicshotApp.release.xcconfig */;
			buildSettings = {
				ALWAYS_EMBED_SWIFT_STANDARD_LIBRARIES = YES;
				ASSETCATALOG_COMPILER_APPICON_NAME = AppIcon;
				CODE_SIGN_STYLE = Automatic;
				DEVELOPMENT_TEAM = B2TD54U4MA;
				FRAMEWORK_SEARCH_PATHS = (
					"$(inherited)",
					"$(PROJECT_DIR)/Carthage/Build/iOS",
				);
				INFOPLIST_FILE = MusicshotApp/Info.plist;
				LD_RUNPATH_SEARCH_PATHS = (
					"$(inherited)",
					"@executable_path/Frameworks",
				);
				PRODUCT_BUNDLE_IDENTIFIER = "jp.sora0077.musicshot-dev";
				PRODUCT_NAME = "$(TARGET_NAME)";
				SWIFT_VERSION = 4.0;
				TARGETED_DEVICE_FAMILY = "1,2";
			};
			name = Release;
		};
		D986C9D8208CAB300039A7F8 /* Debug */ = {
			isa = XCBuildConfiguration;
			baseConfigurationReference = 982FA390633A859C50A514A9 /* Pods-MusicshotCore.debug.xcconfig */;
			buildSettings = {
				CODE_SIGN_IDENTITY = "";
				CODE_SIGN_STYLE = Automatic;
				CURRENT_PROJECT_VERSION = 1;
				DEFINES_MODULE = YES;
				DYLIB_COMPATIBILITY_VERSION = 1;
				DYLIB_CURRENT_VERSION = 1;
				DYLIB_INSTALL_NAME_BASE = "@rpath";
				FRAMEWORK_SEARCH_PATHS = (
					"$(inherited)",
					"$(PROJECT_DIR)/Carthage/Build/iOS",
				);
				INFOPLIST_FILE = MusicshotCore/Info.plist;
				INSTALL_PATH = "$(LOCAL_LIBRARY_DIR)/Frameworks";
				LD_RUNPATH_SEARCH_PATHS = (
					"$(inherited)",
					"@executable_path/Frameworks",
					"@loader_path/Frameworks",
				);
				PRODUCT_BUNDLE_IDENTIFIER = jp.sora0077.MusicshotCore;
				PRODUCT_NAME = "$(TARGET_NAME:c99extidentifier)";
				SKIP_INSTALL = YES;
				SWIFT_VERSION = 4.0;
				TARGETED_DEVICE_FAMILY = "1,2";
				VERSIONING_SYSTEM = "apple-generic";
				VERSION_INFO_PREFIX = "";
			};
			name = Debug;
		};
		D986C9D9208CAB300039A7F8 /* Release */ = {
			isa = XCBuildConfiguration;
			baseConfigurationReference = 405C2A6CCF0753E99E87C87F /* Pods-MusicshotCore.release.xcconfig */;
			buildSettings = {
				CODE_SIGN_IDENTITY = "";
				CODE_SIGN_STYLE = Automatic;
				CURRENT_PROJECT_VERSION = 1;
				DEFINES_MODULE = YES;
				DYLIB_COMPATIBILITY_VERSION = 1;
				DYLIB_CURRENT_VERSION = 1;
				DYLIB_INSTALL_NAME_BASE = "@rpath";
				FRAMEWORK_SEARCH_PATHS = (
					"$(inherited)",
					"$(PROJECT_DIR)/Carthage/Build/iOS",
				);
				INFOPLIST_FILE = MusicshotCore/Info.plist;
				INSTALL_PATH = "$(LOCAL_LIBRARY_DIR)/Frameworks";
				LD_RUNPATH_SEARCH_PATHS = (
					"$(inherited)",
					"@executable_path/Frameworks",
					"@loader_path/Frameworks",
				);
				PRODUCT_BUNDLE_IDENTIFIER = jp.sora0077.MusicshotCore;
				PRODUCT_NAME = "$(TARGET_NAME:c99extidentifier)";
				SKIP_INSTALL = YES;
				SWIFT_VERSION = 4.0;
				TARGETED_DEVICE_FAMILY = "1,2";
				VERSIONING_SYSTEM = "apple-generic";
				VERSION_INFO_PREFIX = "";
			};
			name = Release;
		};
		D986C9E5208CAB410039A7F8 /* Debug */ = {
			isa = XCBuildConfiguration;
			buildSettings = {
				CODE_SIGN_IDENTITY = "";
				CODE_SIGN_STYLE = Automatic;
				CURRENT_PROJECT_VERSION = 1;
				DEFINES_MODULE = YES;
				DYLIB_COMPATIBILITY_VERSION = 1;
				DYLIB_CURRENT_VERSION = 1;
				DYLIB_INSTALL_NAME_BASE = "@rpath";
				FRAMEWORK_SEARCH_PATHS = (
					"$(inherited)",
					"$(PROJECT_DIR)/Carthage/Build/iOS",
				);
				INFOPLIST_FILE = MusicshotPlayer/Info.plist;
				INSTALL_PATH = "$(LOCAL_LIBRARY_DIR)/Frameworks";
				LD_RUNPATH_SEARCH_PATHS = (
					"$(inherited)",
					"@executable_path/Frameworks",
					"@loader_path/Frameworks",
				);
				PRODUCT_BUNDLE_IDENTIFIER = jp.sora0077.MusicshotPlayer;
				PRODUCT_NAME = "$(TARGET_NAME:c99extidentifier)";
				SKIP_INSTALL = YES;
				SWIFT_VERSION = 4.0;
				TARGETED_DEVICE_FAMILY = "1,2";
				VERSIONING_SYSTEM = "apple-generic";
				VERSION_INFO_PREFIX = "";
			};
			name = Debug;
		};
		D986C9E6208CAB410039A7F8 /* Release */ = {
			isa = XCBuildConfiguration;
			buildSettings = {
				CODE_SIGN_IDENTITY = "";
				CODE_SIGN_STYLE = Automatic;
				CURRENT_PROJECT_VERSION = 1;
				DEFINES_MODULE = YES;
				DYLIB_COMPATIBILITY_VERSION = 1;
				DYLIB_CURRENT_VERSION = 1;
				DYLIB_INSTALL_NAME_BASE = "@rpath";
				FRAMEWORK_SEARCH_PATHS = (
					"$(inherited)",
					"$(PROJECT_DIR)/Carthage/Build/iOS",
				);
				INFOPLIST_FILE = MusicshotPlayer/Info.plist;
				INSTALL_PATH = "$(LOCAL_LIBRARY_DIR)/Frameworks";
				LD_RUNPATH_SEARCH_PATHS = (
					"$(inherited)",
					"@executable_path/Frameworks",
					"@loader_path/Frameworks",
				);
				PRODUCT_BUNDLE_IDENTIFIER = jp.sora0077.MusicshotPlayer;
				PRODUCT_NAME = "$(TARGET_NAME:c99extidentifier)";
				SKIP_INSTALL = YES;
				SWIFT_VERSION = 4.0;
				TARGETED_DEVICE_FAMILY = "1,2";
				VERSIONING_SYSTEM = "apple-generic";
				VERSION_INFO_PREFIX = "";
			};
			name = Release;
		};
		D986C9F2208CAB510039A7F8 /* Debug */ = {
			isa = XCBuildConfiguration;
			buildSettings = {
				CODE_SIGN_IDENTITY = "";
				CODE_SIGN_STYLE = Automatic;
				CURRENT_PROJECT_VERSION = 1;
				DEFINES_MODULE = YES;
				DYLIB_COMPATIBILITY_VERSION = 1;
				DYLIB_CURRENT_VERSION = 1;
				DYLIB_INSTALL_NAME_BASE = "@rpath";
				INFOPLIST_FILE = MusicshotUI/Info.plist;
				INSTALL_PATH = "$(LOCAL_LIBRARY_DIR)/Frameworks";
				LD_RUNPATH_SEARCH_PATHS = (
					"$(inherited)",
					"@executable_path/Frameworks",
					"@loader_path/Frameworks",
				);
				PRODUCT_BUNDLE_IDENTIFIER = jp.sora0077.MusicshotUI;
				PRODUCT_NAME = "$(TARGET_NAME:c99extidentifier)";
				SKIP_INSTALL = YES;
				SWIFT_VERSION = 4.0;
				TARGETED_DEVICE_FAMILY = "1,2";
				VERSIONING_SYSTEM = "apple-generic";
				VERSION_INFO_PREFIX = "";
			};
			name = Debug;
		};
		D986C9F3208CAB510039A7F8 /* Release */ = {
			isa = XCBuildConfiguration;
			buildSettings = {
				CODE_SIGN_IDENTITY = "";
				CODE_SIGN_STYLE = Automatic;
				CURRENT_PROJECT_VERSION = 1;
				DEFINES_MODULE = YES;
				DYLIB_COMPATIBILITY_VERSION = 1;
				DYLIB_CURRENT_VERSION = 1;
				DYLIB_INSTALL_NAME_BASE = "@rpath";
				INFOPLIST_FILE = MusicshotUI/Info.plist;
				INSTALL_PATH = "$(LOCAL_LIBRARY_DIR)/Frameworks";
				LD_RUNPATH_SEARCH_PATHS = (
					"$(inherited)",
					"@executable_path/Frameworks",
					"@loader_path/Frameworks",
				);
				PRODUCT_BUNDLE_IDENTIFIER = jp.sora0077.MusicshotUI;
				PRODUCT_NAME = "$(TARGET_NAME:c99extidentifier)";
				SKIP_INSTALL = YES;
				SWIFT_VERSION = 4.0;
				TARGETED_DEVICE_FAMILY = "1,2";
				VERSIONING_SYSTEM = "apple-generic";
				VERSION_INFO_PREFIX = "";
			};
			name = Release;
		};
		D986C9FF208CAB600039A7F8 /* Debug */ = {
			isa = XCBuildConfiguration;
			baseConfigurationReference = 0CA5745CB38E93FE00625711 /* Pods-Musicshot-MusicshotUtility.debug.xcconfig */;
			buildSettings = {
				CODE_SIGN_IDENTITY = "";
				CODE_SIGN_STYLE = Automatic;
				CURRENT_PROJECT_VERSION = 1;
				DEFINES_MODULE = YES;
				DYLIB_COMPATIBILITY_VERSION = 1;
				DYLIB_CURRENT_VERSION = 1;
				DYLIB_INSTALL_NAME_BASE = "@rpath";
				FRAMEWORK_SEARCH_PATHS = (
					"$(inherited)",
					"$(PROJECT_DIR)/Carthage/Build/iOS",
				);
				INFOPLIST_FILE = MusicshotUtility/Info.plist;
				INSTALL_PATH = "$(LOCAL_LIBRARY_DIR)/Frameworks";
				LD_RUNPATH_SEARCH_PATHS = (
					"$(inherited)",
					"@executable_path/Frameworks",
					"@loader_path/Frameworks",
				);
				PRODUCT_BUNDLE_IDENTIFIER = jp.sora0077.MusicshotUtility;
				PRODUCT_NAME = "$(TARGET_NAME:c99extidentifier)";
				SKIP_INSTALL = YES;
				SWIFT_VERSION = 4.0;
				TARGETED_DEVICE_FAMILY = "1,2";
				VERSIONING_SYSTEM = "apple-generic";
				VERSION_INFO_PREFIX = "";
			};
			name = Debug;
		};
		D986CA00208CAB600039A7F8 /* Release */ = {
			isa = XCBuildConfiguration;
			baseConfigurationReference = BB54AA6D89E407E1CC7A4EA2 /* Pods-Musicshot-MusicshotUtility.release.xcconfig */;
			buildSettings = {
				CODE_SIGN_IDENTITY = "";
				CODE_SIGN_STYLE = Automatic;
				CURRENT_PROJECT_VERSION = 1;
				DEFINES_MODULE = YES;
				DYLIB_COMPATIBILITY_VERSION = 1;
				DYLIB_CURRENT_VERSION = 1;
				DYLIB_INSTALL_NAME_BASE = "@rpath";
				FRAMEWORK_SEARCH_PATHS = (
					"$(inherited)",
					"$(PROJECT_DIR)/Carthage/Build/iOS",
				);
				INFOPLIST_FILE = MusicshotUtility/Info.plist;
				INSTALL_PATH = "$(LOCAL_LIBRARY_DIR)/Frameworks";
				LD_RUNPATH_SEARCH_PATHS = (
					"$(inherited)",
					"@executable_path/Frameworks",
					"@loader_path/Frameworks",
				);
				PRODUCT_BUNDLE_IDENTIFIER = jp.sora0077.MusicshotUtility;
				PRODUCT_NAME = "$(TARGET_NAME:c99extidentifier)";
				SKIP_INSTALL = YES;
				SWIFT_VERSION = 4.0;
				TARGETED_DEVICE_FAMILY = "1,2";
				VERSIONING_SYSTEM = "apple-generic";
				VERSION_INFO_PREFIX = "";
			};
			name = Release;
		};
/* End XCBuildConfiguration section */

/* Begin XCConfigurationList section */
		D986C99D208CAAF70039A7F8 /* Build configuration list for PBXProject "musicshot" */ = {
			isa = XCConfigurationList;
			buildConfigurations = (
				D986C9B2208CAAF70039A7F8 /* Debug */,
				D986C9B3208CAAF70039A7F8 /* Release */,
			);
			defaultConfigurationIsVisible = 0;
			defaultConfigurationName = Release;
		};
		D986C9CA208CAB0B0039A7F8 /* Build configuration list for PBXNativeTarget "MusicshotApp" */ = {
			isa = XCConfigurationList;
			buildConfigurations = (
				D986C9CB208CAB0B0039A7F8 /* Debug */,
				D986C9CC208CAB0B0039A7F8 /* Release */,
			);
			defaultConfigurationIsVisible = 0;
			defaultConfigurationName = Release;
		};
		D986C9D7208CAB300039A7F8 /* Build configuration list for PBXNativeTarget "MusicshotCore" */ = {
			isa = XCConfigurationList;
			buildConfigurations = (
				D986C9D8208CAB300039A7F8 /* Debug */,
				D986C9D9208CAB300039A7F8 /* Release */,
			);
			defaultConfigurationIsVisible = 0;
			defaultConfigurationName = Release;
		};
		D986C9E4208CAB410039A7F8 /* Build configuration list for PBXNativeTarget "MusicshotPlayer" */ = {
			isa = XCConfigurationList;
			buildConfigurations = (
				D986C9E5208CAB410039A7F8 /* Debug */,
				D986C9E6208CAB410039A7F8 /* Release */,
			);
			defaultConfigurationIsVisible = 0;
			defaultConfigurationName = Release;
		};
		D986C9F1208CAB510039A7F8 /* Build configuration list for PBXNativeTarget "MusicshotUI" */ = {
			isa = XCConfigurationList;
			buildConfigurations = (
				D986C9F2208CAB510039A7F8 /* Debug */,
				D986C9F3208CAB510039A7F8 /* Release */,
			);
			defaultConfigurationIsVisible = 0;
			defaultConfigurationName = Release;
		};
		D986C9FE208CAB600039A7F8 /* Build configuration list for PBXNativeTarget "MusicshotUtility" */ = {
			isa = XCConfigurationList;
			buildConfigurations = (
				D986C9FF208CAB600039A7F8 /* Debug */,
				D986CA00208CAB600039A7F8 /* Release */,
			);
			defaultConfigurationIsVisible = 0;
			defaultConfigurationName = Release;
		};
/* End XCConfigurationList section */
	};
	rootObject = D986C99A208CAAF70039A7F8 /* Project object */;
}
