// !$*UTF8*$!
{
	archiveVersion = 1;
	classes = {
	};
	objectVersion = 48;
	objects = {

/* Begin PBXBuildFile section */
		9D74EA169A918AE842C9EB24 /* Pods_Musicshot_MusicshotApp.framework in Frameworks */ = {isa = PBXBuildFile; fileRef = 37CBFFE10D9166B3CAAB3345 /* Pods_Musicshot_MusicshotApp.framework */; };
		D9093EBB20459D8A00F60136 /* AppDelegate.swift in Sources */ = {isa = PBXBuildFile; fileRef = D9093EBA20459D8A00F60136 /* AppDelegate.swift */; };
		D9093EC220459D8A00F60136 /* Assets.xcassets in Resources */ = {isa = PBXBuildFile; fileRef = D9093EC120459D8A00F60136 /* Assets.xcassets */; };
		D9093EC520459D8A00F60136 /* LaunchScreen.storyboard in Resources */ = {isa = PBXBuildFile; fileRef = D9093EC320459D8A00F60136 /* LaunchScreen.storyboard */; };
		D9093ECB20459D9F00F60136 /* libMusicshotCore.a in Frameworks */ = {isa = PBXBuildFile; fileRef = D9093EAB20459D7300F60136 /* libMusicshotCore.a */; };
		D9093ECE20459DC600F60136 /* MusicshotCore.swift in Sources */ = {isa = PBXBuildFile; fileRef = D9093ECD20459DC600F60136 /* MusicshotCore.swift */; };
		D9093ED82045B29600F60136 /* GoogleService-Info.plist in Resources */ = {isa = PBXBuildFile; fileRef = D9093ED72045B29600F60136 /* GoogleService-Info.plist */; };
		D918042B20557AF90052852D /* Nuke.framework in Frameworks */ = {isa = PBXBuildFile; fileRef = D918042A20557AF00052852D /* Nuke.framework */; };
		D918042C20557AF90052852D /* Nuke.framework in Embed Frameworks */ = {isa = PBXBuildFile; fileRef = D918042A20557AF00052852D /* Nuke.framework */; settings = {ATTRIBUTES = (CodeSignOnCopy, RemoveHeadersOnCopy, ); }; };
		D94CE91F204D976D00B8C71C /* StorefrontSelectViewController.swift in Sources */ = {isa = PBXBuildFile; fileRef = D94CE91E204D976D00B8C71C /* StorefrontSelectViewController.swift */; };
		D94CE9222050144700B8C71C /* Repository.swift in Sources */ = {isa = PBXBuildFile; fileRef = D94CE9212050144700B8C71C /* Repository.swift */; };
		D94CE925205181B900B8C71C /* ChartsViewController.swift in Sources */ = {isa = PBXBuildFile; fileRef = D94CE924205181B900B8C71C /* ChartsViewController.swift */; };
		D95E04042046F8ED00EACFB0 /* FoundationSupport.framework in Frameworks */ = {isa = PBXBuildFile; fileRef = D95E04012046F8CF00EACFB0 /* FoundationSupport.framework */; };
		D95E04052046F91C00EACFB0 /* FoundationSupport.framework in Frameworks */ = {isa = PBXBuildFile; fileRef = D95E04012046F8CF00EACFB0 /* FoundationSupport.framework */; };
		D95E04062046F91C00EACFB0 /* FoundationSupport.framework in Embed Frameworks */ = {isa = PBXBuildFile; fileRef = D95E04012046F8CF00EACFB0 /* FoundationSupport.framework */; settings = {ATTRIBUTES = (CodeSignOnCopy, RemoveHeadersOnCopy, ); }; };
		D95E04072046F91C00EACFB0 /* AutoLayoutSupport.framework in Frameworks */ = {isa = PBXBuildFile; fileRef = D95E04022046F8D000EACFB0 /* AutoLayoutSupport.framework */; };
		D95E04082046F91C00EACFB0 /* AutoLayoutSupport.framework in Embed Frameworks */ = {isa = PBXBuildFile; fileRef = D95E04022046F8D000EACFB0 /* AutoLayoutSupport.framework */; settings = {ATTRIBUTES = (CodeSignOnCopy, RemoveHeadersOnCopy, ); }; };
		D95E04092046F91C00EACFB0 /* UIKitSupport.framework in Frameworks */ = {isa = PBXBuildFile; fileRef = D95E04032046F8D000EACFB0 /* UIKitSupport.framework */; };
		D95E040A2046F91C00EACFB0 /* UIKitSupport.framework in Embed Frameworks */ = {isa = PBXBuildFile; fileRef = D95E04032046F8D000EACFB0 /* UIKitSupport.framework */; settings = {ATTRIBUTES = (CodeSignOnCopy, RemoveHeadersOnCopy, ); }; };
		D95E040F2046FFCB00EACFB0 /* AppleMusicKit.framework in Frameworks */ = {isa = PBXBuildFile; fileRef = D95E040E2046FFC000EACFB0 /* AppleMusicKit.framework */; };
		D95E04102046FFD100EACFB0 /* APIKit.framework in Frameworks */ = {isa = PBXBuildFile; fileRef = D95E040D2046FFBF00EACFB0 /* APIKit.framework */; };
		D95E04112046FFD300EACFB0 /* Result.framework in Frameworks */ = {isa = PBXBuildFile; fileRef = D95E040C2046FFBF00EACFB0 /* Result.framework */; };
		D95E04122046FFDF00EACFB0 /* APIKit.framework in Frameworks */ = {isa = PBXBuildFile; fileRef = D95E040D2046FFBF00EACFB0 /* APIKit.framework */; };
		D95E04132046FFDF00EACFB0 /* APIKit.framework in Embed Frameworks */ = {isa = PBXBuildFile; fileRef = D95E040D2046FFBF00EACFB0 /* APIKit.framework */; settings = {ATTRIBUTES = (CodeSignOnCopy, RemoveHeadersOnCopy, ); }; };
		D95E04142046FFDF00EACFB0 /* AppleMusicKit.framework in Frameworks */ = {isa = PBXBuildFile; fileRef = D95E040E2046FFC000EACFB0 /* AppleMusicKit.framework */; };
		D95E04152046FFDF00EACFB0 /* AppleMusicKit.framework in Embed Frameworks */ = {isa = PBXBuildFile; fileRef = D95E040E2046FFC000EACFB0 /* AppleMusicKit.framework */; settings = {ATTRIBUTES = (CodeSignOnCopy, RemoveHeadersOnCopy, ); }; };
		D95E04162046FFDF00EACFB0 /* Result.framework in Frameworks */ = {isa = PBXBuildFile; fileRef = D95E040C2046FFBF00EACFB0 /* Result.framework */; };
		D95E04172046FFDF00EACFB0 /* Result.framework in Embed Frameworks */ = {isa = PBXBuildFile; fileRef = D95E040C2046FFBF00EACFB0 /* Result.framework */; settings = {ATTRIBUTES = (CodeSignOnCopy, RemoveHeadersOnCopy, ); }; };
		D971E17D204A81DB00F8AF4C /* OAuth+GitHub.swift in Sources */ = {isa = PBXBuildFile; fileRef = D971E17C204A81DB00F8AF4C /* OAuth+GitHub.swift */; };
		D9722753204AC51A0096897F /* ReactiveX.swift in Sources */ = {isa = PBXBuildFile; fileRef = D9722752204AC51A0096897F /* ReactiveX.swift */; };
		D9722755204ACC7E0096897F /* String.swift in Sources */ = {isa = PBXBuildFile; fileRef = D9722754204ACC7E0096897F /* String.swift */; };
		D9AD0E732056C13F00FBC5AE /* SwiftDate.framework in Frameworks */ = {isa = PBXBuildFile; fileRef = D9AD0E722056C11600FBC5AE /* SwiftDate.framework */; };
		D9AD0E742056C13F00FBC5AE /* SwiftDate.framework in Embed Frameworks */ = {isa = PBXBuildFile; fileRef = D9AD0E722056C11600FBC5AE /* SwiftDate.framework */; settings = {ATTRIBUTES = (CodeSignOnCopy, RemoveHeadersOnCopy, ); }; };
		D9AD0E752056C14B00FBC5AE /* SwiftDate.framework in Frameworks */ = {isa = PBXBuildFile; fileRef = D9AD0E722056C11600FBC5AE /* SwiftDate.framework */; };
		D9AD9909204A57BC00C4160D /* Alamofire.framework in Frameworks */ = {isa = PBXBuildFile; fileRef = D9AD9906204A57B100C4160D /* Alamofire.framework */; };
		D9AD990A204A57C000C4160D /* RxSwift.framework in Frameworks */ = {isa = PBXBuildFile; fileRef = D9AD9908204A57B100C4160D /* RxSwift.framework */; };
		D9AD9912204A5DCF00C4160D /* Session.swift in Sources */ = {isa = PBXBuildFile; fileRef = D9AD9911204A5DCF00C4160D /* Session.swift */; };
		D9AD9914204A5FE000C4160D /* DeepLinkKit.framework in Frameworks */ = {isa = PBXBuildFile; fileRef = D9AD9913204A5FD800C4160D /* DeepLinkKit.framework */; };
		D9AD9915204A5FE700C4160D /* DeepLinkKit.framework in Frameworks */ = {isa = PBXBuildFile; fileRef = D9AD9913204A5FD800C4160D /* DeepLinkKit.framework */; };
		D9AD9916204A5FE700C4160D /* DeepLinkKit.framework in Embed Frameworks */ = {isa = PBXBuildFile; fileRef = D9AD9913204A5FD800C4160D /* DeepLinkKit.framework */; settings = {ATTRIBUTES = (CodeSignOnCopy, RemoveHeadersOnCopy, ); }; };
		D9AD9917204A60D200C4160D /* Alamofire.framework in Frameworks */ = {isa = PBXBuildFile; fileRef = D9AD9906204A57B100C4160D /* Alamofire.framework */; };
		D9AD9918204A60D200C4160D /* Alamofire.framework in Embed Frameworks */ = {isa = PBXBuildFile; fileRef = D9AD9906204A57B100C4160D /* Alamofire.framework */; settings = {ATTRIBUTES = (CodeSignOnCopy, RemoveHeadersOnCopy, ); }; };
		D9AD9919204A60E300C4160D /* RxCocoa.framework in Frameworks */ = {isa = PBXBuildFile; fileRef = D9AD9907204A57B100C4160D /* RxCocoa.framework */; };
		D9AD991A204A60E300C4160D /* RxCocoa.framework in Embed Frameworks */ = {isa = PBXBuildFile; fileRef = D9AD9907204A57B100C4160D /* RxCocoa.framework */; settings = {ATTRIBUTES = (CodeSignOnCopy, RemoveHeadersOnCopy, ); }; };
		D9AD991B204A60E300C4160D /* RxSwift.framework in Frameworks */ = {isa = PBXBuildFile; fileRef = D9AD9908204A57B100C4160D /* RxSwift.framework */; };
		D9AD991C204A60E300C4160D /* RxSwift.framework in Embed Frameworks */ = {isa = PBXBuildFile; fileRef = D9AD9908204A57B100C4160D /* RxSwift.framework */; settings = {ATTRIBUTES = (CodeSignOnCopy, RemoveHeadersOnCopy, ); }; };
		D9AF1B1C204AF58100FBA537 /* Compass.framework in Frameworks */ = {isa = PBXBuildFile; fileRef = D9AF1B1B204AF57400FBA537 /* Compass.framework */; };
		D9AF1B1D204AF58100FBA537 /* Compass.framework in Embed Frameworks */ = {isa = PBXBuildFile; fileRef = D9AF1B1B204AF57400FBA537 /* Compass.framework */; settings = {ATTRIBUTES = (CodeSignOnCopy, RemoveHeadersOnCopy, ); }; };
		D9AF1B20204AF68A00FBA537 /* Routers.swift in Sources */ = {isa = PBXBuildFile; fileRef = D9AF1B1F204AF68A00FBA537 /* Routers.swift */; };
		D9AF1B22204AFE2B00FBA537 /* OAuth.swift in Sources */ = {isa = PBXBuildFile; fileRef = D9AF1B21204AFE2B00FBA537 /* OAuth.swift */; };
		D9B62E4E204BED2C00DDE3B8 /* WindowKit.framework in Frameworks */ = {isa = PBXBuildFile; fileRef = D9B62E4D204BED2600DDE3B8 /* WindowKit.framework */; };
		D9B62E4F204BED2C00DDE3B8 /* WindowKit.framework in Embed Frameworks */ = {isa = PBXBuildFile; fileRef = D9B62E4D204BED2600DDE3B8 /* WindowKit.framework */; settings = {ATTRIBUTES = (CodeSignOnCopy, RemoveHeadersOnCopy, ); }; };
		D9B62E6F204BF70900DDE3B8 /* MusicshotUI.h in Headers */ = {isa = PBXBuildFile; fileRef = D9B62E6D204BF70900DDE3B8 /* MusicshotUI.h */; settings = {ATTRIBUTES = (Public, ); }; };
		D9B62E73204BF72100DDE3B8 /* MusicshotUI.framework in Frameworks */ = {isa = PBXBuildFile; fileRef = D9B62E6B204BF70900DDE3B8 /* MusicshotUI.framework */; };
		D9B62E74204BF72100DDE3B8 /* MusicshotUI.framework in Embed Frameworks */ = {isa = PBXBuildFile; fileRef = D9B62E6B204BF70900DDE3B8 /* MusicshotUI.framework */; settings = {ATTRIBUTES = (CodeSignOnCopy, RemoveHeadersOnCopy, ); }; };
		D9B62E78204BF7C300DDE3B8 /* FontAwesome.framework in Frameworks */ = {isa = PBXBuildFile; fileRef = D9B62E77204BF7BA00DDE3B8 /* FontAwesome.framework */; };
		D9B62E79204BF7C300DDE3B8 /* FontAwesome.framework in Embed Frameworks */ = {isa = PBXBuildFile; fileRef = D9B62E77204BF7BA00DDE3B8 /* FontAwesome.framework */; settings = {ATTRIBUTES = (CodeSignOnCopy, RemoveHeadersOnCopy, ); }; };
		D9B62E7A204BF7C900DDE3B8 /* FontAwesome.framework in Frameworks */ = {isa = PBXBuildFile; fileRef = D9B62E77204BF7BA00DDE3B8 /* FontAwesome.framework */; };
		D9B62E7E204C315200DDE3B8 /* MainViewController.swift in Sources */ = {isa = PBXBuildFile; fileRef = D9B62E7D204C315200DDE3B8 /* MainViewController.swift */; };
		D9CB00AE204B09C3006DDFC9 /* RealmSwift.framework in Frameworks */ = {isa = PBXBuildFile; fileRef = D9CB00AD204B09AB006DDFC9 /* RealmSwift.framework */; };
		D9CB00AF204B09C6006DDFC9 /* Realm.framework in Frameworks */ = {isa = PBXBuildFile; fileRef = D9CB00AC204B09A0006DDFC9 /* Realm.framework */; };
		D9CB00B0204B09CE006DDFC9 /* RealmSwift.framework in Frameworks */ = {isa = PBXBuildFile; fileRef = D9CB00AD204B09AB006DDFC9 /* RealmSwift.framework */; };
		D9CB00B1204B09CE006DDFC9 /* RealmSwift.framework in Embed Frameworks */ = {isa = PBXBuildFile; fileRef = D9CB00AD204B09AB006DDFC9 /* RealmSwift.framework */; settings = {ATTRIBUTES = (CodeSignOnCopy, RemoveHeadersOnCopy, ); }; };
		D9CB00B2204B09D2006DDFC9 /* Realm.framework in Frameworks */ = {isa = PBXBuildFile; fileRef = D9CB00AC204B09A0006DDFC9 /* Realm.framework */; };
		D9CB00B3204B09D2006DDFC9 /* Realm.framework in Embed Frameworks */ = {isa = PBXBuildFile; fileRef = D9CB00AC204B09A0006DDFC9 /* Realm.framework */; settings = {ATTRIBUTES = (CodeSignOnCopy, RemoveHeadersOnCopy, ); }; };
		D9CB00B5204B09E6006DDFC9 /* Entity.swift in Sources */ = {isa = PBXBuildFile; fileRef = D9CB00B4204B09E6006DDFC9 /* Entity.swift */; };
		D9CB00B7204B0A01006DDFC9 /* Entity+Storefront.swift in Sources */ = {isa = PBXBuildFile; fileRef = D9CB00B6204B0A01006DDFC9 /* Entity+Storefront.swift */; };
		D9D02A85204C4A9500DAAAD1 /* LoginViewController.swift in Sources */ = {isa = PBXBuildFile; fileRef = D9D02A84204C4A9500DAAAD1 /* LoginViewController.swift */; };
		D9D73C39204BD51B000F1E5A /* Entity+Song.swift in Sources */ = {isa = PBXBuildFile; fileRef = D9D73C38204BD51B000F1E5A /* Entity+Song.swift */; };
		D9D73C3B204BD6C0000F1E5A /* AppleMusicKit.swift in Sources */ = {isa = PBXBuildFile; fileRef = D9D73C3A204BD6C0000F1E5A /* AppleMusicKit.swift */; };
		D9D73C3D204BD74C000F1E5A /* Entity+Genre.swift in Sources */ = {isa = PBXBuildFile; fileRef = D9D73C3C204BD74C000F1E5A /* Entity+Genre.swift */; };
		D9D73C3F204BD94E000F1E5A /* Entity+Album.swift in Sources */ = {isa = PBXBuildFile; fileRef = D9D73C3E204BD94E000F1E5A /* Entity+Album.swift */; };
		D9D73C41204BDA88000F1E5A /* Entity+Artist.swift in Sources */ = {isa = PBXBuildFile; fileRef = D9D73C40204BDA88000F1E5A /* Entity+Artist.swift */; };
		D9D73C43204BDF31000F1E5A /* Entity+MusicVideo.swift in Sources */ = {isa = PBXBuildFile; fileRef = D9D73C42204BDF31000F1E5A /* Entity+MusicVideo.swift */; };
		D9DDBAD120556BA300D0793A /* Repository+Charts.swift in Sources */ = {isa = PBXBuildFile; fileRef = D9DDBAD020556BA300D0793A /* Repository+Charts.swift */; };
		D9F86695205365D3001C3555 /* Resource.swift in Sources */ = {isa = PBXBuildFile; fileRef = D9F86694205365D3001C3555 /* Resource.swift */; };
		D9FFAEBD2055A1AF001BD635 /* UIKit+Realm.swift in Sources */ = {isa = PBXBuildFile; fileRef = D9FFAEBC2055A1AF001BD635 /* UIKit+Realm.swift */; };
		D9FFAEBF2056A15E001BD635 /* Coeffects.swift in Sources */ = {isa = PBXBuildFile; fileRef = D9FFAEBE2056A15E001BD635 /* Coeffects.swift */; };
		FBAC5D44858D7D31D3AB3B07 /* Pods_Musicshot_MusicshotCore.framework in Frameworks */ = {isa = PBXBuildFile; fileRef = E83BF0171BBE854A068D5153 /* Pods_Musicshot_MusicshotCore.framework */; };
/* End PBXBuildFile section */

/* Begin PBXContainerItemProxy section */
		D9093ED32045B15A00F60136 /* PBXContainerItemProxy */ = {
			isa = PBXContainerItemProxy;
			containerPortal = D9093E822044608500F60136 /* Project object */;
			proxyType = 1;
			remoteGlobalIDString = D9093EAA20459D7300F60136;
			remoteInfo = MusicshotCore;
		};
		D9B62E75204BF72100DDE3B8 /* PBXContainerItemProxy */ = {
			isa = PBXContainerItemProxy;
			containerPortal = D9093E822044608500F60136 /* Project object */;
			proxyType = 1;
			remoteGlobalIDString = D9B62E6A204BF70900DDE3B8;
			remoteInfo = MusicshotUI;
		};
/* End PBXContainerItemProxy section */

/* Begin PBXCopyFilesBuildPhase section */
		D9093EA920459D7300F60136 /* CopyFiles */ = {
			isa = PBXCopyFilesBuildPhase;
			buildActionMask = 2147483647;
			dstPath = "include/$(PRODUCT_NAME)";
			dstSubfolderSpec = 16;
			files = (
			);
			runOnlyForDeploymentPostprocessing = 0;
		};
		D95E040B2046F91D00EACFB0 /* Embed Frameworks */ = {
			isa = PBXCopyFilesBuildPhase;
			buildActionMask = 2147483647;
			dstPath = "";
			dstSubfolderSpec = 10;
			files = (
				D9AD991C204A60E300C4160D /* RxSwift.framework in Embed Frameworks */,
				D9B62E74204BF72100DDE3B8 /* MusicshotUI.framework in Embed Frameworks */,
				D9AD991A204A60E300C4160D /* RxCocoa.framework in Embed Frameworks */,
				D9CB00B1204B09CE006DDFC9 /* RealmSwift.framework in Embed Frameworks */,
				D95E040A2046F91C00EACFB0 /* UIKitSupport.framework in Embed Frameworks */,
				D95E04062046F91C00EACFB0 /* FoundationSupport.framework in Embed Frameworks */,
				D95E04132046FFDF00EACFB0 /* APIKit.framework in Embed Frameworks */,
				D95E04172046FFDF00EACFB0 /* Result.framework in Embed Frameworks */,
				D9B62E4F204BED2C00DDE3B8 /* WindowKit.framework in Embed Frameworks */,
				D9B62E79204BF7C300DDE3B8 /* FontAwesome.framework in Embed Frameworks */,
				D9AD9916204A5FE700C4160D /* DeepLinkKit.framework in Embed Frameworks */,
				D918042C20557AF90052852D /* Nuke.framework in Embed Frameworks */,
				D9CB00B3204B09D2006DDFC9 /* Realm.framework in Embed Frameworks */,
				D95E04082046F91C00EACFB0 /* AutoLayoutSupport.framework in Embed Frameworks */,
				D9AF1B1D204AF58100FBA537 /* Compass.framework in Embed Frameworks */,
				D95E04152046FFDF00EACFB0 /* AppleMusicKit.framework in Embed Frameworks */,
				D9AD0E742056C13F00FBC5AE /* SwiftDate.framework in Embed Frameworks */,
				D9AD9918204A60D200C4160D /* Alamofire.framework in Embed Frameworks */,
			);
			name = "Embed Frameworks";
			runOnlyForDeploymentPostprocessing = 0;
		};
/* End PBXCopyFilesBuildPhase section */

/* Begin PBXFileReference section */
		37CBFFE10D9166B3CAAB3345 /* Pods_Musicshot_MusicshotApp.framework */ = {isa = PBXFileReference; explicitFileType = wrapper.framework; includeInIndex = 0; path = Pods_Musicshot_MusicshotApp.framework; sourceTree = BUILT_PRODUCTS_DIR; };
		3CD1C9C7BEEBB47C83498015 /* Pods-Musicshot-MusicshotCore.debug.xcconfig */ = {isa = PBXFileReference; includeInIndex = 1; lastKnownFileType = text.xcconfig; name = "Pods-Musicshot-MusicshotCore.debug.xcconfig"; path = "Pods/Target Support Files/Pods-Musicshot-MusicshotCore/Pods-Musicshot-MusicshotCore.debug.xcconfig"; sourceTree = "<group>"; };
		58F8D82100030A6F3B7E0996 /* Pods-Musicshot-MusicshotCore.release.xcconfig */ = {isa = PBXFileReference; includeInIndex = 1; lastKnownFileType = text.xcconfig; name = "Pods-Musicshot-MusicshotCore.release.xcconfig"; path = "Pods/Target Support Files/Pods-Musicshot-MusicshotCore/Pods-Musicshot-MusicshotCore.release.xcconfig"; sourceTree = "<group>"; };
		76F48FB3245787A92E654F33 /* Pods-Musicshot-MusicshotApp.debug.xcconfig */ = {isa = PBXFileReference; includeInIndex = 1; lastKnownFileType = text.xcconfig; name = "Pods-Musicshot-MusicshotApp.debug.xcconfig"; path = "Pods/Target Support Files/Pods-Musicshot-MusicshotApp/Pods-Musicshot-MusicshotApp.debug.xcconfig"; sourceTree = "<group>"; };
		812BC6707502A63A2FDA5083 /* Pods-Musicshot-MusicshotApp.release.xcconfig */ = {isa = PBXFileReference; includeInIndex = 1; lastKnownFileType = text.xcconfig; name = "Pods-Musicshot-MusicshotApp.release.xcconfig"; path = "Pods/Target Support Files/Pods-Musicshot-MusicshotApp/Pods-Musicshot-MusicshotApp.release.xcconfig"; sourceTree = "<group>"; };
		D9093EAB20459D7300F60136 /* libMusicshotCore.a */ = {isa = PBXFileReference; explicitFileType = archive.ar; includeInIndex = 0; path = libMusicshotCore.a; sourceTree = BUILT_PRODUCTS_DIR; };
		D9093EB820459D8A00F60136 /* MusicshotApp.app */ = {isa = PBXFileReference; explicitFileType = wrapper.application; includeInIndex = 0; path = MusicshotApp.app; sourceTree = BUILT_PRODUCTS_DIR; };
		D9093EBA20459D8A00F60136 /* AppDelegate.swift */ = {isa = PBXFileReference; lastKnownFileType = sourcecode.swift; path = AppDelegate.swift; sourceTree = "<group>"; };
		D9093EC120459D8A00F60136 /* Assets.xcassets */ = {isa = PBXFileReference; lastKnownFileType = folder.assetcatalog; path = Assets.xcassets; sourceTree = "<group>"; };
		D9093EC420459D8A00F60136 /* Base */ = {isa = PBXFileReference; lastKnownFileType = file.storyboard; name = Base; path = Base.lproj/LaunchScreen.storyboard; sourceTree = "<group>"; };
		D9093EC620459D8A00F60136 /* Info.plist */ = {isa = PBXFileReference; lastKnownFileType = text.plist.xml; path = Info.plist; sourceTree = "<group>"; };
		D9093ECD20459DC600F60136 /* MusicshotCore.swift */ = {isa = PBXFileReference; lastKnownFileType = sourcecode.swift; path = MusicshotCore.swift; sourceTree = "<group>"; };
		D9093ED72045B29600F60136 /* GoogleService-Info.plist */ = {isa = PBXFileReference; fileEncoding = 4; lastKnownFileType = text.plist.xml; path = "GoogleService-Info.plist"; sourceTree = "<group>"; };
		D918042A20557AF00052852D /* Nuke.framework */ = {isa = PBXFileReference; lastKnownFileType = wrapper.framework; name = Nuke.framework; path = Carthage/Build/iOS/Nuke.framework; sourceTree = "<group>"; };
		D94CE91E204D976D00B8C71C /* StorefrontSelectViewController.swift */ = {isa = PBXFileReference; lastKnownFileType = sourcecode.swift; path = StorefrontSelectViewController.swift; sourceTree = "<group>"; };
		D94CE9212050144700B8C71C /* Repository.swift */ = {isa = PBXFileReference; lastKnownFileType = sourcecode.swift; path = Repository.swift; sourceTree = "<group>"; };
		D94CE924205181B900B8C71C /* ChartsViewController.swift */ = {isa = PBXFileReference; lastKnownFileType = sourcecode.swift; path = ChartsViewController.swift; sourceTree = "<group>"; };
		D95E04012046F8CF00EACFB0 /* FoundationSupport.framework */ = {isa = PBXFileReference; lastKnownFileType = wrapper.framework; name = FoundationSupport.framework; path = Carthage/Build/iOS/FoundationSupport.framework; sourceTree = "<group>"; };
		D95E04022046F8D000EACFB0 /* AutoLayoutSupport.framework */ = {isa = PBXFileReference; lastKnownFileType = wrapper.framework; name = AutoLayoutSupport.framework; path = Carthage/Build/iOS/AutoLayoutSupport.framework; sourceTree = "<group>"; };
		D95E04032046F8D000EACFB0 /* UIKitSupport.framework */ = {isa = PBXFileReference; lastKnownFileType = wrapper.framework; name = UIKitSupport.framework; path = Carthage/Build/iOS/UIKitSupport.framework; sourceTree = "<group>"; };
		D95E040C2046FFBF00EACFB0 /* Result.framework */ = {isa = PBXFileReference; lastKnownFileType = wrapper.framework; name = Result.framework; path = Carthage/Build/iOS/Result.framework; sourceTree = "<group>"; };
		D95E040D2046FFBF00EACFB0 /* APIKit.framework */ = {isa = PBXFileReference; lastKnownFileType = wrapper.framework; name = APIKit.framework; path = Carthage/Build/iOS/APIKit.framework; sourceTree = "<group>"; };
		D95E040E2046FFC000EACFB0 /* AppleMusicKit.framework */ = {isa = PBXFileReference; lastKnownFileType = wrapper.framework; name = AppleMusicKit.framework; path = Carthage/Build/iOS/AppleMusicKit.framework; sourceTree = "<group>"; };
		D971E17C204A81DB00F8AF4C /* OAuth+GitHub.swift */ = {isa = PBXFileReference; lastKnownFileType = sourcecode.swift; path = "OAuth+GitHub.swift"; sourceTree = "<group>"; };
		D9722752204AC51A0096897F /* ReactiveX.swift */ = {isa = PBXFileReference; lastKnownFileType = sourcecode.swift; path = ReactiveX.swift; sourceTree = "<group>"; };
		D9722754204ACC7E0096897F /* String.swift */ = {isa = PBXFileReference; lastKnownFileType = sourcecode.swift; path = String.swift; sourceTree = "<group>"; };
		D9AD0E722056C11600FBC5AE /* SwiftDate.framework */ = {isa = PBXFileReference; lastKnownFileType = wrapper.framework; name = SwiftDate.framework; path = Carthage/Build/iOS/SwiftDate.framework; sourceTree = "<group>"; };
		D9AD9906204A57B100C4160D /* Alamofire.framework */ = {isa = PBXFileReference; lastKnownFileType = wrapper.framework; name = Alamofire.framework; path = Carthage/Build/iOS/Alamofire.framework; sourceTree = "<group>"; };
		D9AD9907204A57B100C4160D /* RxCocoa.framework */ = {isa = PBXFileReference; lastKnownFileType = wrapper.framework; name = RxCocoa.framework; path = Carthage/Build/iOS/RxCocoa.framework; sourceTree = "<group>"; };
		D9AD9908204A57B100C4160D /* RxSwift.framework */ = {isa = PBXFileReference; lastKnownFileType = wrapper.framework; name = RxSwift.framework; path = Carthage/Build/iOS/RxSwift.framework; sourceTree = "<group>"; };
		D9AD9911204A5DCF00C4160D /* Session.swift */ = {isa = PBXFileReference; lastKnownFileType = sourcecode.swift; path = Session.swift; sourceTree = "<group>"; };
		D9AD9913204A5FD800C4160D /* DeepLinkKit.framework */ = {isa = PBXFileReference; lastKnownFileType = wrapper.framework; name = DeepLinkKit.framework; path = Carthage/Build/iOS/DeepLinkKit.framework; sourceTree = "<group>"; };
		D9AF1B1B204AF57400FBA537 /* Compass.framework */ = {isa = PBXFileReference; lastKnownFileType = wrapper.framework; name = Compass.framework; path = Carthage/Build/iOS/Compass.framework; sourceTree = "<group>"; };
		D9AF1B1F204AF68A00FBA537 /* Routers.swift */ = {isa = PBXFileReference; lastKnownFileType = sourcecode.swift; path = Routers.swift; sourceTree = "<group>"; };
		D9AF1B21204AFE2B00FBA537 /* OAuth.swift */ = {isa = PBXFileReference; lastKnownFileType = sourcecode.swift; path = OAuth.swift; sourceTree = "<group>"; };
		D9B62E4D204BED2600DDE3B8 /* WindowKit.framework */ = {isa = PBXFileReference; lastKnownFileType = wrapper.framework; name = WindowKit.framework; path = Carthage/Build/iOS/WindowKit.framework; sourceTree = "<group>"; };
		D9B62E6B204BF70900DDE3B8 /* MusicshotUI.framework */ = {isa = PBXFileReference; explicitFileType = wrapper.framework; includeInIndex = 0; path = MusicshotUI.framework; sourceTree = BUILT_PRODUCTS_DIR; };
		D9B62E6D204BF70900DDE3B8 /* MusicshotUI.h */ = {isa = PBXFileReference; lastKnownFileType = sourcecode.c.h; path = MusicshotUI.h; sourceTree = "<group>"; };
		D9B62E6E204BF70900DDE3B8 /* Info.plist */ = {isa = PBXFileReference; lastKnownFileType = text.plist.xml; path = Info.plist; sourceTree = "<group>"; };
		D9B62E77204BF7BA00DDE3B8 /* FontAwesome.framework */ = {isa = PBXFileReference; lastKnownFileType = wrapper.framework; name = FontAwesome.framework; path = Carthage/Build/iOS/FontAwesome.framework; sourceTree = "<group>"; };
		D9B62E7D204C315200DDE3B8 /* MainViewController.swift */ = {isa = PBXFileReference; lastKnownFileType = sourcecode.swift; path = MainViewController.swift; sourceTree = "<group>"; };
		D9CB00AC204B09A0006DDFC9 /* Realm.framework */ = {isa = PBXFileReference; lastKnownFileType = wrapper.framework; name = Realm.framework; path = Carthage/Build/iOS/Realm.framework; sourceTree = "<group>"; };
		D9CB00AD204B09AB006DDFC9 /* RealmSwift.framework */ = {isa = PBXFileReference; lastKnownFileType = wrapper.framework; name = RealmSwift.framework; path = Carthage/Build/iOS/RealmSwift.framework; sourceTree = "<group>"; };
		D9CB00B4204B09E6006DDFC9 /* Entity.swift */ = {isa = PBXFileReference; lastKnownFileType = sourcecode.swift; path = Entity.swift; sourceTree = "<group>"; };
		D9CB00B6204B0A01006DDFC9 /* Entity+Storefront.swift */ = {isa = PBXFileReference; lastKnownFileType = sourcecode.swift; path = "Entity+Storefront.swift"; sourceTree = "<group>"; };
		D9D02A84204C4A9500DAAAD1 /* LoginViewController.swift */ = {isa = PBXFileReference; lastKnownFileType = sourcecode.swift; path = LoginViewController.swift; sourceTree = "<group>"; };
		D9D73C38204BD51B000F1E5A /* Entity+Song.swift */ = {isa = PBXFileReference; lastKnownFileType = sourcecode.swift; path = "Entity+Song.swift"; sourceTree = "<group>"; };
		D9D73C3A204BD6C0000F1E5A /* AppleMusicKit.swift */ = {isa = PBXFileReference; lastKnownFileType = sourcecode.swift; path = AppleMusicKit.swift; sourceTree = "<group>"; };
		D9D73C3C204BD74C000F1E5A /* Entity+Genre.swift */ = {isa = PBXFileReference; lastKnownFileType = sourcecode.swift; path = "Entity+Genre.swift"; sourceTree = "<group>"; };
		D9D73C3E204BD94E000F1E5A /* Entity+Album.swift */ = {isa = PBXFileReference; lastKnownFileType = sourcecode.swift; path = "Entity+Album.swift"; sourceTree = "<group>"; };
		D9D73C40204BDA88000F1E5A /* Entity+Artist.swift */ = {isa = PBXFileReference; lastKnownFileType = sourcecode.swift; path = "Entity+Artist.swift"; sourceTree = "<group>"; };
		D9D73C42204BDF31000F1E5A /* Entity+MusicVideo.swift */ = {isa = PBXFileReference; lastKnownFileType = sourcecode.swift; path = "Entity+MusicVideo.swift"; sourceTree = "<group>"; };
		D9DDBAD020556BA300D0793A /* Repository+Charts.swift */ = {isa = PBXFileReference; lastKnownFileType = sourcecode.swift; path = "Repository+Charts.swift"; sourceTree = "<group>"; };
		D9F86694205365D3001C3555 /* Resource.swift */ = {isa = PBXFileReference; lastKnownFileType = sourcecode.swift; path = Resource.swift; sourceTree = "<group>"; };
		D9FFAEBC2055A1AF001BD635 /* UIKit+Realm.swift */ = {isa = PBXFileReference; lastKnownFileType = sourcecode.swift; path = "UIKit+Realm.swift"; sourceTree = "<group>"; };
		D9FFAEBE2056A15E001BD635 /* Coeffects.swift */ = {isa = PBXFileReference; lastKnownFileType = sourcecode.swift; path = Coeffects.swift; sourceTree = "<group>"; };
		E83BF0171BBE854A068D5153 /* Pods_Musicshot_MusicshotCore.framework */ = {isa = PBXFileReference; explicitFileType = wrapper.framework; includeInIndex = 0; path = Pods_Musicshot_MusicshotCore.framework; sourceTree = BUILT_PRODUCTS_DIR; };
/* End PBXFileReference section */

/* Begin PBXFrameworksBuildPhase section */
		D9093EA820459D7300F60136 /* Frameworks */ = {
			isa = PBXFrameworksBuildPhase;
			buildActionMask = 2147483647;
			files = (
				D9AD0E752056C14B00FBC5AE /* SwiftDate.framework in Frameworks */,
				D9CB00AF204B09C6006DDFC9 /* Realm.framework in Frameworks */,
				D9CB00AE204B09C3006DDFC9 /* RealmSwift.framework in Frameworks */,
				FBAC5D44858D7D31D3AB3B07 /* Pods_Musicshot_MusicshotCore.framework in Frameworks */,
				D9AD9914204A5FE000C4160D /* DeepLinkKit.framework in Frameworks */,
				D9AD9909204A57BC00C4160D /* Alamofire.framework in Frameworks */,
				D9AD990A204A57C000C4160D /* RxSwift.framework in Frameworks */,
				D95E04102046FFD100EACFB0 /* APIKit.framework in Frameworks */,
				D95E04112046FFD300EACFB0 /* Result.framework in Frameworks */,
				D95E04042046F8ED00EACFB0 /* FoundationSupport.framework in Frameworks */,
				D95E040F2046FFCB00EACFB0 /* AppleMusicKit.framework in Frameworks */,
			);
			runOnlyForDeploymentPostprocessing = 0;
		};
		D9093EB520459D8A00F60136 /* Frameworks */ = {
			isa = PBXFrameworksBuildPhase;
			buildActionMask = 2147483647;
			files = (
				D95E04122046FFDF00EACFB0 /* APIKit.framework in Frameworks */,
				D9093ECB20459D9F00F60136 /* libMusicshotCore.a in Frameworks */,
				D9CB00B0204B09CE006DDFC9 /* RealmSwift.framework in Frameworks */,
				D9AD9915204A5FE700C4160D /* DeepLinkKit.framework in Frameworks */,
				D9B62E73204BF72100DDE3B8 /* MusicshotUI.framework in Frameworks */,
				D9B62E78204BF7C300DDE3B8 /* FontAwesome.framework in Frameworks */,
				D9AD0E732056C13F00FBC5AE /* SwiftDate.framework in Frameworks */,
				D95E04052046F91C00EACFB0 /* FoundationSupport.framework in Frameworks */,
				D95E04162046FFDF00EACFB0 /* Result.framework in Frameworks */,
				D9AD9917204A60D200C4160D /* Alamofire.framework in Frameworks */,
				9D74EA169A918AE842C9EB24 /* Pods_Musicshot_MusicshotApp.framework in Frameworks */,
				D95E04142046FFDF00EACFB0 /* AppleMusicKit.framework in Frameworks */,
				D9CB00B2204B09D2006DDFC9 /* Realm.framework in Frameworks */,
				D9AD991B204A60E300C4160D /* RxSwift.framework in Frameworks */,
				D95E04072046F91C00EACFB0 /* AutoLayoutSupport.framework in Frameworks */,
				D9AF1B1C204AF58100FBA537 /* Compass.framework in Frameworks */,
				D9AD9919204A60E300C4160D /* RxCocoa.framework in Frameworks */,
				D95E04092046F91C00EACFB0 /* UIKitSupport.framework in Frameworks */,
				D918042B20557AF90052852D /* Nuke.framework in Frameworks */,
				D9B62E4E204BED2C00DDE3B8 /* WindowKit.framework in Frameworks */,
			);
			runOnlyForDeploymentPostprocessing = 0;
		};
		D9B62E67204BF70900DDE3B8 /* Frameworks */ = {
			isa = PBXFrameworksBuildPhase;
			buildActionMask = 2147483647;
			files = (
				D9B62E7A204BF7C900DDE3B8 /* FontAwesome.framework in Frameworks */,
			);
			runOnlyForDeploymentPostprocessing = 0;
		};
/* End PBXFrameworksBuildPhase section */

/* Begin PBXGroup section */
		D1F866744C326CBE3A3B6CD4 /* Pods */ = {
			isa = PBXGroup;
			children = (
				76F48FB3245787A92E654F33 /* Pods-Musicshot-MusicshotApp.debug.xcconfig */,
				812BC6707502A63A2FDA5083 /* Pods-Musicshot-MusicshotApp.release.xcconfig */,
				3CD1C9C7BEEBB47C83498015 /* Pods-Musicshot-MusicshotCore.debug.xcconfig */,
				58F8D82100030A6F3B7E0996 /* Pods-Musicshot-MusicshotCore.release.xcconfig */,
			);
			name = Pods;
			sourceTree = "<group>";
		};
		D9093E812044608500F60136 = {
			isa = PBXGroup;
			children = (
				D9093EAC20459D7300F60136 /* MusicshotCore */,
				D9093EB920459D8A00F60136 /* MusicshotApp */,
				D9B62E6C204BF70900DDE3B8 /* MusicshotUI */,
				D9093E8C2044608600F60136 /* Products */,
				D1F866744C326CBE3A3B6CD4 /* Pods */,
				FF6A1FC1D776EB372BFDEDDD /* Frameworks */,
			);
			sourceTree = "<group>";
		};
		D9093E8C2044608600F60136 /* Products */ = {
			isa = PBXGroup;
			children = (
				D9093EAB20459D7300F60136 /* libMusicshotCore.a */,
				D9093EB820459D8A00F60136 /* MusicshotApp.app */,
				D9B62E6B204BF70900DDE3B8 /* MusicshotUI.framework */,
			);
			name = Products;
			sourceTree = "<group>";
		};
		D9093EAC20459D7300F60136 /* MusicshotCore */ = {
			isa = PBXGroup;
			children = (
				D9093ECC20459DB400F60136 /* Sources */,
			);
			path = MusicshotCore;
			sourceTree = "<group>";
		};
		D9093EB920459D8A00F60136 /* MusicshotApp */ = {
			isa = PBXGroup;
			children = (
				D9E0121A204C5EB500337E8A /* Sources */,
				D9093ED72045B29600F60136 /* GoogleService-Info.plist */,
				D9093EC120459D8A00F60136 /* Assets.xcassets */,
				D9093EC320459D8A00F60136 /* LaunchScreen.storyboard */,
				D9093EC620459D8A00F60136 /* Info.plist */,
			);
			path = MusicshotApp;
			sourceTree = "<group>";
		};
		D9093ECC20459DB400F60136 /* Sources */ = {
			isa = PBXGroup;
			children = (
				D9AD990E204A57E000C4160D /* Network */,
				D971E17B204A81C800F8AF4C /* OAuth */,
				D9CB00AB204B0870006DDFC9 /* Entity */,
				D9F86693205364B8001C3555 /* Resource */,
				D94CE9202050142E00B8C71C /* Repository */,
				D9722751204AC50C0096897F /* Utils */,
				D9093ECD20459DC600F60136 /* MusicshotCore.swift */,
				D9FFAEBE2056A15E001BD635 /* Coeffects.swift */,
			);
			path = Sources;
			sourceTree = "<group>";
		};
		D94CE91D204D973F00B8C71C /* StorefrontSelectView */ = {
			isa = PBXGroup;
			children = (
				D94CE91E204D976D00B8C71C /* StorefrontSelectViewController.swift */,
			);
			path = StorefrontSelectView;
			sourceTree = "<group>";
		};
		D94CE9202050142E00B8C71C /* Repository */ = {
			isa = PBXGroup;
			children = (
				D94CE9212050144700B8C71C /* Repository.swift */,
				D9DDBAD020556BA300D0793A /* Repository+Charts.swift */,
			);
			path = Repository;
			sourceTree = "<group>";
		};
		D94CE9232051819100B8C71C /* ChartsView */ = {
			isa = PBXGroup;
			children = (
				D94CE924205181B900B8C71C /* ChartsViewController.swift */,
			);
			path = ChartsView;
			sourceTree = "<group>";
		};
		D971E17B204A81C800F8AF4C /* OAuth */ = {
			isa = PBXGroup;
			children = (
				D9AF1B21204AFE2B00FBA537 /* OAuth.swift */,
				D971E17C204A81DB00F8AF4C /* OAuth+GitHub.swift */,
			);
			path = OAuth;
			sourceTree = "<group>";
		};
		D9722751204AC50C0096897F /* Utils */ = {
			isa = PBXGroup;
			children = (
				D9722752204AC51A0096897F /* ReactiveX.swift */,
				D9722754204ACC7E0096897F /* String.swift */,
			);
			path = Utils;
			sourceTree = "<group>";
		};
		D9AD990E204A57E000C4160D /* Network */ = {
			isa = PBXGroup;
			children = (
				D9AD9911204A5DCF00C4160D /* Session.swift */,
				D9D73C3A204BD6C0000F1E5A /* AppleMusicKit.swift */,
			);
			path = Network;
			sourceTree = "<group>";
		};
		D9AF1B1E204AF65C00FBA537 /* Routing */ = {
			isa = PBXGroup;
			children = (
				D9AF1B1F204AF68A00FBA537 /* Routers.swift */,
			);
			path = Routing;
			sourceTree = "<group>";
		};
		D9B62E6C204BF70900DDE3B8 /* MusicshotUI */ = {
			isa = PBXGroup;
			children = (
				D9B62E6D204BF70900DDE3B8 /* MusicshotUI.h */,
				D9B62E6E204BF70900DDE3B8 /* Info.plist */,
			);
			path = MusicshotUI;
			sourceTree = "<group>";
		};
		D9B62E7B204C313A00DDE3B8 /* Views */ = {
			isa = PBXGroup;
			children = (
				D9D02A83204C4A4B00DAAAD1 /* LoginView */,
				D9B62E7C204C314300DDE3B8 /* MainView */,
				D94CE91D204D973F00B8C71C /* StorefrontSelectView */,
				D94CE9232051819100B8C71C /* ChartsView */,
			);
			path = Views;
			sourceTree = "<group>";
		};
		D9B62E7C204C314300DDE3B8 /* MainView */ = {
			isa = PBXGroup;
			children = (
				D9B62E7D204C315200DDE3B8 /* MainViewController.swift */,
			);
			path = MainView;
			sourceTree = "<group>";
		};
		D9CB00AB204B0870006DDFC9 /* Entity */ = {
			isa = PBXGroup;
			children = (
				D9CB00B4204B09E6006DDFC9 /* Entity.swift */,
				D9CB00B6204B0A01006DDFC9 /* Entity+Storefront.swift */,
				D9D73C38204BD51B000F1E5A /* Entity+Song.swift */,
				D9D73C42204BDF31000F1E5A /* Entity+MusicVideo.swift */,
				D9D73C3E204BD94E000F1E5A /* Entity+Album.swift */,
				D9D73C40204BDA88000F1E5A /* Entity+Artist.swift */,
				D9D73C3C204BD74C000F1E5A /* Entity+Genre.swift */,
			);
			path = Entity;
			sourceTree = "<group>";
		};
		D9D02A83204C4A4B00DAAAD1 /* LoginView */ = {
			isa = PBXGroup;
			children = (
				D9D02A84204C4A9500DAAAD1 /* LoginViewController.swift */,
			);
			path = LoginView;
			sourceTree = "<group>";
		};
		D9E0121A204C5EB500337E8A /* Sources */ = {
			isa = PBXGroup;
			children = (
				D9093EBA20459D8A00F60136 /* AppDelegate.swift */,
				D9AF1B1E204AF65C00FBA537 /* Routing */,
				D9B62E7B204C313A00DDE3B8 /* Views */,
				D9FFAEBB2055A198001BD635 /* Utils */,
			);
			path = Sources;
			sourceTree = "<group>";
		};
		D9F86693205364B8001C3555 /* Resource */ = {
			isa = PBXGroup;
			children = (
				D9F86694205365D3001C3555 /* Resource.swift */,
			);
			path = Resource;
			sourceTree = "<group>";
		};
		D9FFAEBB2055A198001BD635 /* Utils */ = {
			isa = PBXGroup;
			children = (
				D9FFAEBC2055A1AF001BD635 /* UIKit+Realm.swift */,
			);
			path = Utils;
			sourceTree = "<group>";
		};
		FF6A1FC1D776EB372BFDEDDD /* Frameworks */ = {
			isa = PBXGroup;
			children = (
				D9AD0E722056C11600FBC5AE /* SwiftDate.framework */,
				D918042A20557AF00052852D /* Nuke.framework */,
				D9B62E77204BF7BA00DDE3B8 /* FontAwesome.framework */,
				D9B62E4D204BED2600DDE3B8 /* WindowKit.framework */,
				D9CB00AD204B09AB006DDFC9 /* RealmSwift.framework */,
				D9CB00AC204B09A0006DDFC9 /* Realm.framework */,
				D9AF1B1B204AF57400FBA537 /* Compass.framework */,
				D9AD9913204A5FD800C4160D /* DeepLinkKit.framework */,
				D9AD9906204A57B100C4160D /* Alamofire.framework */,
				D9AD9907204A57B100C4160D /* RxCocoa.framework */,
				D9AD9908204A57B100C4160D /* RxSwift.framework */,
				D95E040D2046FFBF00EACFB0 /* APIKit.framework */,
				D95E040E2046FFC000EACFB0 /* AppleMusicKit.framework */,
				D95E040C2046FFBF00EACFB0 /* Result.framework */,
				D95E04012046F8CF00EACFB0 /* FoundationSupport.framework */,
				D95E04022046F8D000EACFB0 /* AutoLayoutSupport.framework */,
				D95E04032046F8D000EACFB0 /* UIKitSupport.framework */,
				37CBFFE10D9166B3CAAB3345 /* Pods_Musicshot_MusicshotApp.framework */,
				E83BF0171BBE854A068D5153 /* Pods_Musicshot_MusicshotCore.framework */,
			);
			name = Frameworks;
			sourceTree = "<group>";
		};
/* End PBXGroup section */

/* Begin PBXHeadersBuildPhase section */
		D9B62E68204BF70900DDE3B8 /* Headers */ = {
			isa = PBXHeadersBuildPhase;
			buildActionMask = 2147483647;
			files = (
				D9B62E6F204BF70900DDE3B8 /* MusicshotUI.h in Headers */,
			);
			runOnlyForDeploymentPostprocessing = 0;
		};
/* End PBXHeadersBuildPhase section */

/* Begin PBXNativeTarget section */
		D9093EAA20459D7300F60136 /* MusicshotCore */ = {
			isa = PBXNativeTarget;
			buildConfigurationList = D9093EB120459D7300F60136 /* Build configuration list for PBXNativeTarget "MusicshotCore" */;
			buildPhases = (
				CA182B5A447044D17C743876 /* [CP] Check Pods Manifest.lock */,
				D9093EA720459D7300F60136 /* Sources */,
				D9093EA820459D7300F60136 /* Frameworks */,
				D9093EA920459D7300F60136 /* CopyFiles */,
				450543AEFC772E7D4E3D5BDC /* [CP] Copy Pods Resources */,
			);
			buildRules = (
			);
			dependencies = (
			);
			name = MusicshotCore;
			productName = MusicshotCore;
			productReference = D9093EAB20459D7300F60136 /* libMusicshotCore.a */;
			productType = "com.apple.product-type.library.static";
		};
		D9093EB720459D8A00F60136 /* MusicshotApp */ = {
			isa = PBXNativeTarget;
			buildConfigurationList = D9093EC720459D8A00F60136 /* Build configuration list for PBXNativeTarget "MusicshotApp" */;
			buildPhases = (
				80E70409D2808DCE4174344C /* [CP] Check Pods Manifest.lock */,
				D9093EB420459D8A00F60136 /* Sources */,
				D9093EB520459D8A00F60136 /* Frameworks */,
				D9093EB620459D8A00F60136 /* Resources */,
				0109A6A850E244BC2F2B7017 /* [CP] Embed Pods Frameworks */,
				A722294E806B364307BC076F /* [CP] Copy Pods Resources */,
				D95E040B2046F91D00EACFB0 /* Embed Frameworks */,
			);
			buildRules = (
			);
			dependencies = (
				D9093ED42045B15A00F60136 /* PBXTargetDependency */,
				D9B62E76204BF72100DDE3B8 /* PBXTargetDependency */,
			);
			name = MusicshotApp;
			productName = MusicshotApp;
			productReference = D9093EB820459D8A00F60136 /* MusicshotApp.app */;
			productType = "com.apple.product-type.application";
		};
		D9B62E6A204BF70900DDE3B8 /* MusicshotUI */ = {
			isa = PBXNativeTarget;
			buildConfigurationList = D9B62E70204BF70900DDE3B8 /* Build configuration list for PBXNativeTarget "MusicshotUI" */;
			buildPhases = (
				D9B62E66204BF70900DDE3B8 /* Sources */,
				D9B62E67204BF70900DDE3B8 /* Frameworks */,
				D9B62E68204BF70900DDE3B8 /* Headers */,
				D9B62E69204BF70900DDE3B8 /* Resources */,
			);
			buildRules = (
			);
			dependencies = (
			);
			name = MusicshotUI;
			productName = MusicshotUI;
			productReference = D9B62E6B204BF70900DDE3B8 /* MusicshotUI.framework */;
			productType = "com.apple.product-type.framework";
		};
/* End PBXNativeTarget section */

/* Begin PBXProject section */
		D9093E822044608500F60136 /* Project object */ = {
			isa = PBXProject;
			attributes = {
				LastSwiftUpdateCheck = 0920;
				LastUpgradeCheck = 0920;
				ORGANIZATIONNAME = "林達也";
				TargetAttributes = {
					D9093EAA20459D7300F60136 = {
						CreatedOnToolsVersion = 9.2;
						LastSwiftMigration = 0920;
						ProvisioningStyle = Automatic;
					};
					D9093EB720459D8A00F60136 = {
						CreatedOnToolsVersion = 9.2;
						ProvisioningStyle = Automatic;
					};
					D9B62E6A204BF70900DDE3B8 = {
						CreatedOnToolsVersion = 9.2;
						ProvisioningStyle = Automatic;
					};
				};
			};
			buildConfigurationList = D9093E852044608500F60136 /* Build configuration list for PBXProject "musicshot" */;
			compatibilityVersion = "Xcode 8.0";
			developmentRegion = en;
			hasScannedForEncodings = 0;
			knownRegions = (
				en,
				Base,
			);
			mainGroup = D9093E812044608500F60136;
			productRefGroup = D9093E8C2044608600F60136 /* Products */;
			projectDirPath = "";
			projectRoot = "";
			targets = (
				D9093EB720459D8A00F60136 /* MusicshotApp */,
				D9093EAA20459D7300F60136 /* MusicshotCore */,
				D9B62E6A204BF70900DDE3B8 /* MusicshotUI */,
			);
		};
/* End PBXProject section */

/* Begin PBXResourcesBuildPhase section */
		D9093EB620459D8A00F60136 /* Resources */ = {
			isa = PBXResourcesBuildPhase;
			buildActionMask = 2147483647;
			files = (
				D9093EC520459D8A00F60136 /* LaunchScreen.storyboard in Resources */,
				D9093ED82045B29600F60136 /* GoogleService-Info.plist in Resources */,
				D9093EC220459D8A00F60136 /* Assets.xcassets in Resources */,
			);
			runOnlyForDeploymentPostprocessing = 0;
		};
		D9B62E69204BF70900DDE3B8 /* Resources */ = {
			isa = PBXResourcesBuildPhase;
			buildActionMask = 2147483647;
			files = (
			);
			runOnlyForDeploymentPostprocessing = 0;
		};
/* End PBXResourcesBuildPhase section */

/* Begin PBXShellScriptBuildPhase section */
		0109A6A850E244BC2F2B7017 /* [CP] Embed Pods Frameworks */ = {
			isa = PBXShellScriptBuildPhase;
			buildActionMask = 2147483647;
			files = (
			);
			inputPaths = (
				"${SRCROOT}/Pods/Target Support Files/Pods-Musicshot-MusicshotApp/Pods-Musicshot-MusicshotApp-frameworks.sh",
				"${BUILT_PRODUCTS_DIR}/BoringSSL/openssl.framework",
				"${BUILT_PRODUCTS_DIR}/GTMSessionFetcher/GTMSessionFetcher.framework",
				"${BUILT_PRODUCTS_DIR}/GoogleToolboxForMac/GoogleToolboxForMac.framework",
				"${BUILT_PRODUCTS_DIR}/Keys/Keys.framework",
				"${BUILT_PRODUCTS_DIR}/Protobuf/Protobuf.framework",
				"${BUILT_PRODUCTS_DIR}/gRPC/GRPCClient.framework",
				"${BUILT_PRODUCTS_DIR}/gRPC-Core/grpc.framework",
				"${BUILT_PRODUCTS_DIR}/gRPC-ProtoRPC/ProtoRPC.framework",
				"${BUILT_PRODUCTS_DIR}/gRPC-RxLibrary/RxLibrary.framework",
				"${BUILT_PRODUCTS_DIR}/leveldb-library/leveldb.framework",
				"${BUILT_PRODUCTS_DIR}/nanopb/nanopb.framework",
			);
			name = "[CP] Embed Pods Frameworks";
			outputPaths = (
				"${TARGET_BUILD_DIR}/${FRAMEWORKS_FOLDER_PATH}/openssl.framework",
				"${TARGET_BUILD_DIR}/${FRAMEWORKS_FOLDER_PATH}/GTMSessionFetcher.framework",
				"${TARGET_BUILD_DIR}/${FRAMEWORKS_FOLDER_PATH}/GoogleToolboxForMac.framework",
				"${TARGET_BUILD_DIR}/${FRAMEWORKS_FOLDER_PATH}/Keys.framework",
				"${TARGET_BUILD_DIR}/${FRAMEWORKS_FOLDER_PATH}/Protobuf.framework",
				"${TARGET_BUILD_DIR}/${FRAMEWORKS_FOLDER_PATH}/GRPCClient.framework",
				"${TARGET_BUILD_DIR}/${FRAMEWORKS_FOLDER_PATH}/grpc.framework",
				"${TARGET_BUILD_DIR}/${FRAMEWORKS_FOLDER_PATH}/ProtoRPC.framework",
				"${TARGET_BUILD_DIR}/${FRAMEWORKS_FOLDER_PATH}/RxLibrary.framework",
				"${TARGET_BUILD_DIR}/${FRAMEWORKS_FOLDER_PATH}/leveldb.framework",
				"${TARGET_BUILD_DIR}/${FRAMEWORKS_FOLDER_PATH}/nanopb.framework",
			);
			runOnlyForDeploymentPostprocessing = 0;
			shellPath = /bin/sh;
			shellScript = "\"${SRCROOT}/Pods/Target Support Files/Pods-Musicshot-MusicshotApp/Pods-Musicshot-MusicshotApp-frameworks.sh\"\n";
			showEnvVarsInLog = 0;
		};
		450543AEFC772E7D4E3D5BDC /* [CP] Copy Pods Resources */ = {
			isa = PBXShellScriptBuildPhase;
			buildActionMask = 2147483647;
			files = (
			);
			inputPaths = (
			);
			name = "[CP] Copy Pods Resources";
			outputPaths = (
			);
			runOnlyForDeploymentPostprocessing = 0;
			shellPath = /bin/sh;
			shellScript = "\"${SRCROOT}/Pods/Target Support Files/Pods-Musicshot-MusicshotCore/Pods-Musicshot-MusicshotCore-resources.sh\"\n";
			showEnvVarsInLog = 0;
		};
		80E70409D2808DCE4174344C /* [CP] Check Pods Manifest.lock */ = {
			isa = PBXShellScriptBuildPhase;
			buildActionMask = 2147483647;
			files = (
			);
			inputPaths = (
				"${PODS_PODFILE_DIR_PATH}/Podfile.lock",
				"${PODS_ROOT}/Manifest.lock",
			);
			name = "[CP] Check Pods Manifest.lock";
			outputPaths = (
				"$(DERIVED_FILE_DIR)/Pods-Musicshot-MusicshotApp-checkManifestLockResult.txt",
			);
			runOnlyForDeploymentPostprocessing = 0;
			shellPath = /bin/sh;
			shellScript = "diff \"${PODS_PODFILE_DIR_PATH}/Podfile.lock\" \"${PODS_ROOT}/Manifest.lock\" > /dev/null\nif [ $? != 0 ] ; then\n    # print error to STDERR\n    echo \"error: The sandbox is not in sync with the Podfile.lock. Run 'pod install' or update your CocoaPods installation.\" >&2\n    exit 1\nfi\n# This output is used by Xcode 'outputs' to avoid re-running this script phase.\necho \"SUCCESS\" > \"${SCRIPT_OUTPUT_FILE_0}\"\n";
			showEnvVarsInLog = 0;
		};
		A722294E806B364307BC076F /* [CP] Copy Pods Resources */ = {
			isa = PBXShellScriptBuildPhase;
			buildActionMask = 2147483647;
			files = (
			);
			inputPaths = (
			);
			name = "[CP] Copy Pods Resources";
			outputPaths = (
			);
			runOnlyForDeploymentPostprocessing = 0;
			shellPath = /bin/sh;
			shellScript = "\"${SRCROOT}/Pods/Target Support Files/Pods-Musicshot-MusicshotApp/Pods-Musicshot-MusicshotApp-resources.sh\"\n";
			showEnvVarsInLog = 0;
		};
		CA182B5A447044D17C743876 /* [CP] Check Pods Manifest.lock */ = {
			isa = PBXShellScriptBuildPhase;
			buildActionMask = 2147483647;
			files = (
			);
			inputPaths = (
				"${PODS_PODFILE_DIR_PATH}/Podfile.lock",
				"${PODS_ROOT}/Manifest.lock",
			);
			name = "[CP] Check Pods Manifest.lock";
			outputPaths = (
				"$(DERIVED_FILE_DIR)/Pods-Musicshot-MusicshotCore-checkManifestLockResult.txt",
			);
			runOnlyForDeploymentPostprocessing = 0;
			shellPath = /bin/sh;
			shellScript = "diff \"${PODS_PODFILE_DIR_PATH}/Podfile.lock\" \"${PODS_ROOT}/Manifest.lock\" > /dev/null\nif [ $? != 0 ] ; then\n    # print error to STDERR\n    echo \"error: The sandbox is not in sync with the Podfile.lock. Run 'pod install' or update your CocoaPods installation.\" >&2\n    exit 1\nfi\n# This output is used by Xcode 'outputs' to avoid re-running this script phase.\necho \"SUCCESS\" > \"${SCRIPT_OUTPUT_FILE_0}\"\n";
			showEnvVarsInLog = 0;
		};
/* End PBXShellScriptBuildPhase section */

/* Begin PBXSourcesBuildPhase section */
		D9093EA720459D7300F60136 /* Sources */ = {
			isa = PBXSourcesBuildPhase;
			buildActionMask = 2147483647;
			files = (
				D9D73C39204BD51B000F1E5A /* Entity+Song.swift in Sources */,
				D9F86695205365D3001C3555 /* Resource.swift in Sources */,
				D9CB00B7204B0A01006DDFC9 /* Entity+Storefront.swift in Sources */,
				D94CE9222050144700B8C71C /* Repository.swift in Sources */,
				D9093ECE20459DC600F60136 /* MusicshotCore.swift in Sources */,
				D9D73C41204BDA88000F1E5A /* Entity+Artist.swift in Sources */,
				D9FFAEBF2056A15E001BD635 /* Coeffects.swift in Sources */,
				D9722753204AC51A0096897F /* ReactiveX.swift in Sources */,
				D9CB00B5204B09E6006DDFC9 /* Entity.swift in Sources */,
				D9DDBAD120556BA300D0793A /* Repository+Charts.swift in Sources */,
				D9D73C3B204BD6C0000F1E5A /* AppleMusicKit.swift in Sources */,
				D9D73C3F204BD94E000F1E5A /* Entity+Album.swift in Sources */,
				D9722755204ACC7E0096897F /* String.swift in Sources */,
				D9D73C3D204BD74C000F1E5A /* Entity+Genre.swift in Sources */,
				D9AF1B22204AFE2B00FBA537 /* OAuth.swift in Sources */,
				D971E17D204A81DB00F8AF4C /* OAuth+GitHub.swift in Sources */,
				D9D73C43204BDF31000F1E5A /* Entity+MusicVideo.swift in Sources */,
				D9AD9912204A5DCF00C4160D /* Session.swift in Sources */,
			);
			runOnlyForDeploymentPostprocessing = 0;
		};
		D9093EB420459D8A00F60136 /* Sources */ = {
			isa = PBXSourcesBuildPhase;
			buildActionMask = 2147483647;
			files = (
				D9AF1B20204AF68A00FBA537 /* Routers.swift in Sources */,
				D9093EBB20459D8A00F60136 /* AppDelegate.swift in Sources */,
				D9D02A85204C4A9500DAAAD1 /* LoginViewController.swift in Sources */,
				D94CE91F204D976D00B8C71C /* StorefrontSelectViewController.swift in Sources */,
				D9FFAEBD2055A1AF001BD635 /* UIKit+Realm.swift in Sources */,
				D9B62E7E204C315200DDE3B8 /* MainViewController.swift in Sources */,
				D94CE925205181B900B8C71C /* ChartsViewController.swift in Sources */,
			);
			runOnlyForDeploymentPostprocessing = 0;
		};
		D9B62E66204BF70900DDE3B8 /* Sources */ = {
			isa = PBXSourcesBuildPhase;
			buildActionMask = 2147483647;
			files = (
			);
			runOnlyForDeploymentPostprocessing = 0;
		};
/* End PBXSourcesBuildPhase section */

/* Begin PBXTargetDependency section */
		D9093ED42045B15A00F60136 /* PBXTargetDependency */ = {
			isa = PBXTargetDependency;
			target = D9093EAA20459D7300F60136 /* MusicshotCore */;
			targetProxy = D9093ED32045B15A00F60136 /* PBXContainerItemProxy */;
		};
		D9B62E76204BF72100DDE3B8 /* PBXTargetDependency */ = {
			isa = PBXTargetDependency;
			target = D9B62E6A204BF70900DDE3B8 /* MusicshotUI */;
			targetProxy = D9B62E75204BF72100DDE3B8 /* PBXContainerItemProxy */;
		};
/* End PBXTargetDependency section */

/* Begin PBXVariantGroup section */
		D9093EC320459D8A00F60136 /* LaunchScreen.storyboard */ = {
			isa = PBXVariantGroup;
			children = (
				D9093EC420459D8A00F60136 /* Base */,
			);
			name = LaunchScreen.storyboard;
			sourceTree = "<group>";
		};
/* End PBXVariantGroup section */

/* Begin XCBuildConfiguration section */
		D9093E9D2044608600F60136 /* Debug */ = {
			isa = XCBuildConfiguration;
			buildSettings = {
				ALWAYS_SEARCH_USER_PATHS = NO;
				CLANG_ANALYZER_NONNULL = YES;
				CLANG_ANALYZER_NUMBER_OBJECT_CONVERSION = YES_AGGRESSIVE;
				CLANG_CXX_LANGUAGE_STANDARD = "gnu++14";
				CLANG_CXX_LIBRARY = "libc++";
				CLANG_ENABLE_MODULES = YES;
				CLANG_ENABLE_OBJC_ARC = YES;
				CLANG_WARN_BLOCK_CAPTURE_AUTORELEASING = YES;
				CLANG_WARN_BOOL_CONVERSION = YES;
				CLANG_WARN_COMMA = YES;
				CLANG_WARN_CONSTANT_CONVERSION = YES;
				CLANG_WARN_DIRECT_OBJC_ISA_USAGE = YES_ERROR;
				CLANG_WARN_DOCUMENTATION_COMMENTS = YES;
				CLANG_WARN_EMPTY_BODY = YES;
				CLANG_WARN_ENUM_CONVERSION = YES;
				CLANG_WARN_INFINITE_RECURSION = YES;
				CLANG_WARN_INT_CONVERSION = YES;
				CLANG_WARN_NON_LITERAL_NULL_CONVERSION = YES;
				CLANG_WARN_OBJC_LITERAL_CONVERSION = YES;
				CLANG_WARN_OBJC_ROOT_CLASS = YES_ERROR;
				CLANG_WARN_RANGE_LOOP_ANALYSIS = YES;
				CLANG_WARN_STRICT_PROTOTYPES = YES;
				CLANG_WARN_SUSPICIOUS_MOVE = YES;
				CLANG_WARN_UNGUARDED_AVAILABILITY = YES_AGGRESSIVE;
				CLANG_WARN_UNREACHABLE_CODE = YES;
				CLANG_WARN__DUPLICATE_METHOD_MATCH = YES;
				CODE_SIGN_IDENTITY = "iPhone Developer";
				COPY_PHASE_STRIP = NO;
				CURRENT_PROJECT_VERSION = 1;
				DEBUG_INFORMATION_FORMAT = dwarf;
				ENABLE_STRICT_OBJC_MSGSEND = YES;
				ENABLE_TESTABILITY = YES;
				GCC_C_LANGUAGE_STANDARD = gnu11;
				GCC_DYNAMIC_NO_PIC = NO;
				GCC_NO_COMMON_BLOCKS = YES;
				GCC_OPTIMIZATION_LEVEL = 0;
				GCC_PREPROCESSOR_DEFINITIONS = (
					"DEBUG=1",
					"$(inherited)",
				);
				GCC_WARN_64_TO_32_BIT_CONVERSION = YES;
				GCC_WARN_ABOUT_RETURN_TYPE = YES_ERROR;
				GCC_WARN_UNDECLARED_SELECTOR = YES;
				GCC_WARN_UNINITIALIZED_AUTOS = YES_AGGRESSIVE;
				GCC_WARN_UNUSED_FUNCTION = YES;
				GCC_WARN_UNUSED_VARIABLE = YES;
				IPHONEOS_DEPLOYMENT_TARGET = 11.2;
				MTL_ENABLE_DEBUG_INFO = YES;
				ONLY_ACTIVE_ARCH = YES;
				SDKROOT = iphoneos;
				SWIFT_ACTIVE_COMPILATION_CONDITIONS = DEBUG;
				SWIFT_OPTIMIZATION_LEVEL = "-Onone";
				VERSIONING_SYSTEM = "apple-generic";
				VERSION_INFO_PREFIX = "";
			};
			name = Debug;
		};
		D9093E9E2044608600F60136 /* Release */ = {
			isa = XCBuildConfiguration;
			buildSettings = {
				ALWAYS_SEARCH_USER_PATHS = NO;
				CLANG_ANALYZER_NONNULL = YES;
				CLANG_ANALYZER_NUMBER_OBJECT_CONVERSION = YES_AGGRESSIVE;
				CLANG_CXX_LANGUAGE_STANDARD = "gnu++14";
				CLANG_CXX_LIBRARY = "libc++";
				CLANG_ENABLE_MODULES = YES;
				CLANG_ENABLE_OBJC_ARC = YES;
				CLANG_WARN_BLOCK_CAPTURE_AUTORELEASING = YES;
				CLANG_WARN_BOOL_CONVERSION = YES;
				CLANG_WARN_COMMA = YES;
				CLANG_WARN_CONSTANT_CONVERSION = YES;
				CLANG_WARN_DIRECT_OBJC_ISA_USAGE = YES_ERROR;
				CLANG_WARN_DOCUMENTATION_COMMENTS = YES;
				CLANG_WARN_EMPTY_BODY = YES;
				CLANG_WARN_ENUM_CONVERSION = YES;
				CLANG_WARN_INFINITE_RECURSION = YES;
				CLANG_WARN_INT_CONVERSION = YES;
				CLANG_WARN_NON_LITERAL_NULL_CONVERSION = YES;
				CLANG_WARN_OBJC_LITERAL_CONVERSION = YES;
				CLANG_WARN_OBJC_ROOT_CLASS = YES_ERROR;
				CLANG_WARN_RANGE_LOOP_ANALYSIS = YES;
				CLANG_WARN_STRICT_PROTOTYPES = YES;
				CLANG_WARN_SUSPICIOUS_MOVE = YES;
				CLANG_WARN_UNGUARDED_AVAILABILITY = YES_AGGRESSIVE;
				CLANG_WARN_UNREACHABLE_CODE = YES;
				CLANG_WARN__DUPLICATE_METHOD_MATCH = YES;
				CODE_SIGN_IDENTITY = "iPhone Developer";
				COPY_PHASE_STRIP = NO;
				CURRENT_PROJECT_VERSION = 1;
				DEBUG_INFORMATION_FORMAT = "dwarf-with-dsym";
				ENABLE_NS_ASSERTIONS = NO;
				ENABLE_STRICT_OBJC_MSGSEND = YES;
				GCC_C_LANGUAGE_STANDARD = gnu11;
				GCC_NO_COMMON_BLOCKS = YES;
				GCC_WARN_64_TO_32_BIT_CONVERSION = YES;
				GCC_WARN_ABOUT_RETURN_TYPE = YES_ERROR;
				GCC_WARN_UNDECLARED_SELECTOR = YES;
				GCC_WARN_UNINITIALIZED_AUTOS = YES_AGGRESSIVE;
				GCC_WARN_UNUSED_FUNCTION = YES;
				GCC_WARN_UNUSED_VARIABLE = YES;
				IPHONEOS_DEPLOYMENT_TARGET = 11.2;
				MTL_ENABLE_DEBUG_INFO = NO;
				SDKROOT = iphoneos;
				SWIFT_OPTIMIZATION_LEVEL = "-Owholemodule";
				VALIDATE_PRODUCT = YES;
				VERSIONING_SYSTEM = "apple-generic";
				VERSION_INFO_PREFIX = "";
			};
			name = Release;
		};
		D9093EB220459D7300F60136 /* Debug */ = {
			isa = XCBuildConfiguration;
			baseConfigurationReference = 3CD1C9C7BEEBB47C83498015 /* Pods-Musicshot-MusicshotCore.debug.xcconfig */;
			buildSettings = {
				CLANG_ENABLE_MODULES = YES;
				CODE_SIGN_STYLE = Automatic;
				FRAMEWORK_SEARCH_PATHS = (
					"$(inherited)",
					"$(PROJECT_DIR)/Carthage/Build/iOS",
				);
				LD_RUNPATH_SEARCH_PATHS = "$(inherited) @executable_path/Frameworks @loader_path/Frameworks";
				OTHER_LDFLAGS = (
					"-ObjC",
					"$(inherited)",
				);
				PRODUCT_NAME = "$(TARGET_NAME)";
				SKIP_INSTALL = YES;
				SWIFT_OPTIMIZATION_LEVEL = "-Onone";
				SWIFT_VERSION = 4.0;
				TARGETED_DEVICE_FAMILY = "1,2";
			};
			name = Debug;
		};
		D9093EB320459D7300F60136 /* Release */ = {
			isa = XCBuildConfiguration;
			baseConfigurationReference = 58F8D82100030A6F3B7E0996 /* Pods-Musicshot-MusicshotCore.release.xcconfig */;
			buildSettings = {
				CLANG_ENABLE_MODULES = YES;
				CODE_SIGN_STYLE = Automatic;
				FRAMEWORK_SEARCH_PATHS = (
					"$(inherited)",
					"$(PROJECT_DIR)/Carthage/Build/iOS",
				);
				LD_RUNPATH_SEARCH_PATHS = "$(inherited) @executable_path/Frameworks @loader_path/Frameworks";
				OTHER_LDFLAGS = (
					"-ObjC",
					"$(inherited)",
				);
				PRODUCT_NAME = "$(TARGET_NAME)";
				SKIP_INSTALL = YES;
				SWIFT_VERSION = 4.0;
				TARGETED_DEVICE_FAMILY = "1,2";
			};
			name = Release;
		};
		D9093EC820459D8A00F60136 /* Debug */ = {
			isa = XCBuildConfiguration;
			baseConfigurationReference = 76F48FB3245787A92E654F33 /* Pods-Musicshot-MusicshotApp.debug.xcconfig */;
			buildSettings = {
				ASSETCATALOG_COMPILER_APPICON_NAME = AppIcon;
				CODE_SIGN_STYLE = Automatic;
				DEVELOPMENT_TEAM = B2TD54U4MA;
				FRAMEWORK_SEARCH_PATHS = (
					"$(inherited)",
					"$(PROJECT_DIR)/Carthage/Build/iOS",
				);
				INFOPLIST_FILE = MusicshotApp/Info.plist;
				LD_RUNPATH_SEARCH_PATHS = "$(inherited) @executable_path/Frameworks";
				PRODUCT_BUNDLE_IDENTIFIER = "jp.sora0077.musicshot-dev";
				PRODUCT_NAME = "$(TARGET_NAME)";
				SWIFT_VERSION = 4.0;
				TARGETED_DEVICE_FAMILY = "1,2";
			};
			name = Debug;
		};
		D9093EC920459D8A00F60136 /* Release */ = {
			isa = XCBuildConfiguration;
			baseConfigurationReference = 812BC6707502A63A2FDA5083 /* Pods-Musicshot-MusicshotApp.release.xcconfig */;
			buildSettings = {
				ASSETCATALOG_COMPILER_APPICON_NAME = AppIcon;
				CODE_SIGN_STYLE = Automatic;
				DEVELOPMENT_TEAM = B2TD54U4MA;
				FRAMEWORK_SEARCH_PATHS = (
					"$(inherited)",
					"$(PROJECT_DIR)/Carthage/Build/iOS",
				);
				INFOPLIST_FILE = MusicshotApp/Info.plist;
				LD_RUNPATH_SEARCH_PATHS = "$(inherited) @executable_path/Frameworks";
				PRODUCT_BUNDLE_IDENTIFIER = "jp.sora0077.musicshot-dev";
				PRODUCT_NAME = "$(TARGET_NAME)";
				SWIFT_VERSION = 4.0;
				TARGETED_DEVICE_FAMILY = "1,2";
			};
			name = Release;
		};
		D9B62E71204BF70900DDE3B8 /* Debug */ = {
			isa = XCBuildConfiguration;
			buildSettings = {
				CODE_SIGN_IDENTITY = "";
				CODE_SIGN_STYLE = Automatic;
				DEFINES_MODULE = YES;
				DYLIB_COMPATIBILITY_VERSION = 1;
				DYLIB_CURRENT_VERSION = 1;
				DYLIB_INSTALL_NAME_BASE = "@rpath";
				FRAMEWORK_SEARCH_PATHS = (
					"$(inherited)",
					"$(PROJECT_DIR)/Carthage/Build/iOS",
				);
				INFOPLIST_FILE = MusicshotUI/Info.plist;
				INSTALL_PATH = "$(LOCAL_LIBRARY_DIR)/Frameworks";
				LD_RUNPATH_SEARCH_PATHS = "$(inherited) @executable_path/Frameworks @loader_path/Frameworks";
				PRODUCT_BUNDLE_IDENTIFIER = jp.sora0077.MusicshotUI;
				PRODUCT_NAME = "$(TARGET_NAME:c99extidentifier)";
				SKIP_INSTALL = YES;
				SWIFT_VERSION = 4.0;
				TARGETED_DEVICE_FAMILY = "1,2";
			};
			name = Debug;
		};
		D9B62E72204BF70900DDE3B8 /* Release */ = {
			isa = XCBuildConfiguration;
			buildSettings = {
				CODE_SIGN_IDENTITY = "";
				CODE_SIGN_STYLE = Automatic;
				DEFINES_MODULE = YES;
				DYLIB_COMPATIBILITY_VERSION = 1;
				DYLIB_CURRENT_VERSION = 1;
				DYLIB_INSTALL_NAME_BASE = "@rpath";
				FRAMEWORK_SEARCH_PATHS = (
					"$(inherited)",
					"$(PROJECT_DIR)/Carthage/Build/iOS",
				);
				INFOPLIST_FILE = MusicshotUI/Info.plist;
				INSTALL_PATH = "$(LOCAL_LIBRARY_DIR)/Frameworks";
				LD_RUNPATH_SEARCH_PATHS = "$(inherited) @executable_path/Frameworks @loader_path/Frameworks";
				PRODUCT_BUNDLE_IDENTIFIER = jp.sora0077.MusicshotUI;
				PRODUCT_NAME = "$(TARGET_NAME:c99extidentifier)";
				SKIP_INSTALL = YES;
				SWIFT_VERSION = 4.0;
				TARGETED_DEVICE_FAMILY = "1,2";
			};
			name = Release;
		};
/* End XCBuildConfiguration section */

/* Begin XCConfigurationList section */
		D9093E852044608500F60136 /* Build configuration list for PBXProject "musicshot" */ = {
			isa = XCConfigurationList;
			buildConfigurations = (
				D9093E9D2044608600F60136 /* Debug */,
				D9093E9E2044608600F60136 /* Release */,
			);
			defaultConfigurationIsVisible = 0;
			defaultConfigurationName = Release;
		};
		D9093EB120459D7300F60136 /* Build configuration list for PBXNativeTarget "MusicshotCore" */ = {
			isa = XCConfigurationList;
			buildConfigurations = (
				D9093EB220459D7300F60136 /* Debug */,
				D9093EB320459D7300F60136 /* Release */,
			);
			defaultConfigurationIsVisible = 0;
			defaultConfigurationName = Release;
		};
		D9093EC720459D8A00F60136 /* Build configuration list for PBXNativeTarget "MusicshotApp" */ = {
			isa = XCConfigurationList;
			buildConfigurations = (
				D9093EC820459D8A00F60136 /* Debug */,
				D9093EC920459D8A00F60136 /* Release */,
			);
			defaultConfigurationIsVisible = 0;
			defaultConfigurationName = Release;
		};
		D9B62E70204BF70900DDE3B8 /* Build configuration list for PBXNativeTarget "MusicshotUI" */ = {
			isa = XCConfigurationList;
			buildConfigurations = (
				D9B62E71204BF70900DDE3B8 /* Debug */,
				D9B62E72204BF70900DDE3B8 /* Release */,
			);
			defaultConfigurationIsVisible = 0;
			defaultConfigurationName = Release;
		};
/* End XCConfigurationList section */
	};
	rootObject = D9093E822044608500F60136 /* Project object */;
}
